// !$*UTF8*$!
{
	archiveVersion = 1;
	classes = {
	};
	objectVersion = 48;
	objects = {

/* Begin PBXBuildFile section */
		560313E5207F9EB300C37C68 /* orthographicCamera.cpp in Sources */ = {isa = PBXBuildFile; fileRef = 560313E3207F9EB300C37C68 /* orthographicCamera.cpp */; };
		560313E6207F9EB300C37C68 /* orthographicCamera.cpp in Sources */ = {isa = PBXBuildFile; fileRef = 560313E3207F9EB300C37C68 /* orthographicCamera.cpp */; };
		560313E7207F9EB300C37C68 /* orthographicCamera.cpp in Sources */ = {isa = PBXBuildFile; fileRef = 560313E3207F9EB300C37C68 /* orthographicCamera.cpp */; };
		560313E8207F9EB300C37C68 /* orthographicCamera.hpp in Headers */ = {isa = PBXBuildFile; fileRef = 560313E4207F9EB300C37C68 /* orthographicCamera.hpp */; };
		560627CA20633B5F005085CD /* framebufferOGL.cpp in Sources */ = {isa = PBXBuildFile; fileRef = 560627C820633B5F005085CD /* framebufferOGL.cpp */; };
		560627CB20633B5F005085CD /* framebufferOGL.cpp in Sources */ = {isa = PBXBuildFile; fileRef = 560627C820633B5F005085CD /* framebufferOGL.cpp */; };
		560627CC20633B5F005085CD /* framebufferOGL.hpp in Headers */ = {isa = PBXBuildFile; fileRef = 560627C920633B5F005085CD /* framebufferOGL.hpp */; };
		560627CF20633B69005085CD /* renderbufferOGL.cpp in Sources */ = {isa = PBXBuildFile; fileRef = 560627CD20633B69005085CD /* renderbufferOGL.cpp */; };
		560627D020633B69005085CD /* renderbufferOGL.cpp in Sources */ = {isa = PBXBuildFile; fileRef = 560627CD20633B69005085CD /* renderbufferOGL.cpp */; };
		560627D120633B69005085CD /* renderbufferOGL.hpp in Headers */ = {isa = PBXBuildFile; fileRef = 560627CE20633B69005085CD /* renderbufferOGL.hpp */; };
		561F2EFC204F041D00D7E875 /* material.hpp in Headers */ = {isa = PBXBuildFile; fileRef = 561F2EF9204F041D00D7E875 /* material.hpp */; };
		56267871204AC01000A203F2 /* OpenGLES.framework in Frameworks */ = {isa = PBXBuildFile; fileRef = 56267870204AC01000A203F2 /* OpenGLES.framework */; };
		56267873204AC01B00A203F2 /* OpenGL.framework in Frameworks */ = {isa = PBXBuildFile; fileRef = 56267872204AC01A00A203F2 /* OpenGL.framework */; };
		5629671D204F317900685BAE /* deferredRenderOGL.cpp in Sources */ = {isa = PBXBuildFile; fileRef = 5629671B204F317900685BAE /* deferredRenderOGL.cpp */; };
		5629671E204F317900685BAE /* deferredRenderOGL.cpp in Sources */ = {isa = PBXBuildFile; fileRef = 5629671B204F317900685BAE /* deferredRenderOGL.cpp */; };
		5629671F204F317900685BAE /* deferredRenderOGL.hpp in Headers */ = {isa = PBXBuildFile; fileRef = 5629671C204F317900685BAE /* deferredRenderOGL.hpp */; };
		56296728204F3CCD00685BAE /* deferredShaderOGL.cpp in Sources */ = {isa = PBXBuildFile; fileRef = 56296726204F3CCD00685BAE /* deferredShaderOGL.cpp */; };
		56296729204F3CCD00685BAE /* deferredShaderOGL.cpp in Sources */ = {isa = PBXBuildFile; fileRef = 56296726204F3CCD00685BAE /* deferredShaderOGL.cpp */; };
		5629672A204F3CCD00685BAE /* deferredShaderOGL.hpp in Headers */ = {isa = PBXBuildFile; fileRef = 56296727204F3CCD00685BAE /* deferredShaderOGL.hpp */; };
		5632E392205EF83000A323A4 /* lightSourceDrawerShaderOGL.cpp in Sources */ = {isa = PBXBuildFile; fileRef = 5632E390205EF83000A323A4 /* lightSourceDrawerShaderOGL.cpp */; };
		5632E393205EF83000A323A4 /* lightSourceDrawerShaderOGL.cpp in Sources */ = {isa = PBXBuildFile; fileRef = 5632E390205EF83000A323A4 /* lightSourceDrawerShaderOGL.cpp */; };
		5632E394205EF83000A323A4 /* lightSourceDrawerShaderOGL.hpp in Headers */ = {isa = PBXBuildFile; fileRef = 5632E391205EF83000A323A4 /* lightSourceDrawerShaderOGL.hpp */; };
		5633FA8F204B6988003449EE /* resource.cpp in Sources */ = {isa = PBXBuildFile; fileRef = 5633FA8E204B6988003449EE /* resource.cpp */; };
		5633FA90204B6988003449EE /* resource.cpp in Sources */ = {isa = PBXBuildFile; fileRef = 5633FA8E204B6988003449EE /* resource.cpp */; };
		5633FA97204B6F97003449EE /* geometry.hpp in Headers */ = {isa = PBXBuildFile; fileRef = 5633FA94204B6F97003449EE /* geometry.hpp */; settings = {ATTRIBUTES = (Public, ); }; };
		5633FA9B204B6FCB003449EE /* geometryOGL.hpp in Headers */ = {isa = PBXBuildFile; fileRef = 5633FA99204B6FCA003449EE /* geometryOGL.hpp */; settings = {ATTRIBUTES = (Public, ); }; };
		5633FA9C204B6FCB003449EE /* geometryOGL.cpp in Sources */ = {isa = PBXBuildFile; fileRef = 5633FA9A204B6FCA003449EE /* geometryOGL.cpp */; };
		5633FA9D204B6FCB003449EE /* geometryOGL.cpp in Sources */ = {isa = PBXBuildFile; fileRef = 5633FA9A204B6FCA003449EE /* geometryOGL.cpp */; };
		5633FAAA204C565B003449EE /* drawable.hpp in Headers */ = {isa = PBXBuildFile; fileRef = 5633FAA7204C565B003449EE /* drawable.hpp */; settings = {ATTRIBUTES = (Public, ); }; };
		5633FAB2204C64D7003449EE /* drawableOGL.hpp in Headers */ = {isa = PBXBuildFile; fileRef = 5633FAB0204C64D7003449EE /* drawableOGL.hpp */; settings = {ATTRIBUTES = (Public, ); }; };
		5633FAB3204C64D7003449EE /* drawableOGL.cpp in Sources */ = {isa = PBXBuildFile; fileRef = 5633FAB1204C64D7003449EE /* drawableOGL.cpp */; };
		5633FAB4204C64D7003449EE /* drawableOGL.cpp in Sources */ = {isa = PBXBuildFile; fileRef = 5633FAB1204C64D7003449EE /* drawableOGL.cpp */; };
		5633FAB6204C661A003449EE /* umbrellaHeader.hpp in Headers */ = {isa = PBXBuildFile; fileRef = 5633FAB5204C661A003449EE /* umbrellaHeader.hpp */; settings = {ATTRIBUTES = (Public, ); }; };
		5633FAB9204C6625003449EE /* utils.hpp in Headers */ = {isa = PBXBuildFile; fileRef = 5633FAB8204C6625003449EE /* utils.hpp */; settings = {ATTRIBUTES = (Public, ); }; };
		563B99642065A7BA00B54626 /* render.cpp in Sources */ = {isa = PBXBuildFile; fileRef = 563B99632065A7BA00B54626 /* render.cpp */; };
		563B99652065A7BA00B54626 /* render.cpp in Sources */ = {isa = PBXBuildFile; fileRef = 563B99632065A7BA00B54626 /* render.cpp */; };
		563B99692065B66900B54626 /* forwardRender.cpp in Sources */ = {isa = PBXBuildFile; fileRef = 563B99682065B66900B54626 /* forwardRender.cpp */; };
		563B996A2065B66900B54626 /* forwardRender.cpp in Sources */ = {isa = PBXBuildFile; fileRef = 563B99682065B66900B54626 /* forwardRender.cpp */; };
		563B996C2065BF3000B54626 /* lightSourcesRender.cpp in Sources */ = {isa = PBXBuildFile; fileRef = 563B996B2065BF3000B54626 /* lightSourcesRender.cpp */; };
		563B996D2065BF3000B54626 /* lightSourcesRender.cpp in Sources */ = {isa = PBXBuildFile; fileRef = 563B996B2065BF3000B54626 /* lightSourcesRender.cpp */; };
		5640FED4204AE77600512938 /* shaderOGL.hpp in Headers */ = {isa = PBXBuildFile; fileRef = 5640FED2204AE77600512938 /* shaderOGL.hpp */; settings = {ATTRIBUTES = (Public, ); }; };
		5640FED5204AE77600512938 /* shaderOGL.cpp in Sources */ = {isa = PBXBuildFile; fileRef = 5640FED3204AE77600512938 /* shaderOGL.cpp */; };
		5640FED6204AE77600512938 /* shaderOGL.cpp in Sources */ = {isa = PBXBuildFile; fileRef = 5640FED3204AE77600512938 /* shaderOGL.cpp */; };
		565AAAC82069B5F3002B6C6B /* materialOGL.cpp in Sources */ = {isa = PBXBuildFile; fileRef = 565AAAC62069B5F3002B6C6B /* materialOGL.cpp */; };
		565AAAC92069B5F3002B6C6B /* materialOGL.cpp in Sources */ = {isa = PBXBuildFile; fileRef = 565AAAC62069B5F3002B6C6B /* materialOGL.cpp */; };
		565AAACA2069B5F3002B6C6B /* materialOGL.hpp in Headers */ = {isa = PBXBuildFile; fileRef = 565AAAC72069B5F3002B6C6B /* materialOGL.hpp */; };
		5668DD93205FCAE900D0EEA6 /* pointLightOGL.hpp in Headers */ = {isa = PBXBuildFile; fileRef = 5668DD90205FCAE900D0EEA6 /* pointLightOGL.hpp */; };
		566BCF2C204EAF6500E90246 /* scene.cpp in Sources */ = {isa = PBXBuildFile; fileRef = 566BCF2B204EAF6500E90246 /* scene.cpp */; };
		566BCF2D204EAF6500E90246 /* scene.cpp in Sources */ = {isa = PBXBuildFile; fileRef = 566BCF2B204EAF6500E90246 /* scene.cpp */; };
		5671682D204ADFAE0028EFAA /* resourceCoordinator.cpp in Sources */ = {isa = PBXBuildFile; fileRef = 56716806204ADFAE0028EFAA /* resourceCoordinator.cpp */; };
		5671682E204ADFAE0028EFAA /* resourceCoordinator.cpp in Sources */ = {isa = PBXBuildFile; fileRef = 56716806204ADFAE0028EFAA /* resourceCoordinator.cpp */; };
		56716830204ADFAE0028EFAA /* resourceCoordinator.hpp in Headers */ = {isa = PBXBuildFile; fileRef = 56716808204ADFAE0028EFAA /* resourceCoordinator.hpp */; settings = {ATTRIBUTES = (Public, ); }; };
		56716831204ADFAE0028EFAA /* resource.hpp in Headers */ = {isa = PBXBuildFile; fileRef = 56716809204ADFAE0028EFAA /* resource.hpp */; settings = {ATTRIBUTES = (Public, ); }; };
		56716837204ADFAE0028EFAA /* shader.hpp in Headers */ = {isa = PBXBuildFile; fileRef = 56716810204ADFAE0028EFAA /* shader.hpp */; settings = {ATTRIBUTES = (Public, ); }; };
		56716838204ADFAE0028EFAA /* render.hpp in Headers */ = {isa = PBXBuildFile; fileRef = 56716811204ADFAE0028EFAA /* render.hpp */; settings = {ATTRIBUTES = (Public, ); }; };
		5671683B204ADFAE0028EFAA /* positionedObject.hpp in Headers */ = {isa = PBXBuildFile; fileRef = 56716814204ADFAE0028EFAA /* positionedObject.hpp */; settings = {ATTRIBUTES = (Public, ); }; };
		5671683C204ADFAE0028EFAA /* perspectiveCamera.hpp in Headers */ = {isa = PBXBuildFile; fileRef = 56716816204ADFAE0028EFAA /* perspectiveCamera.hpp */; settings = {ATTRIBUTES = (Public, ); }; };
		5671683F204ADFAE0028EFAA /* perspectiveCamera.cpp in Sources */ = {isa = PBXBuildFile; fileRef = 56716818204ADFAE0028EFAA /* perspectiveCamera.cpp */; };
		56716840204ADFAE0028EFAA /* perspectiveCamera.cpp in Sources */ = {isa = PBXBuildFile; fileRef = 56716818204ADFAE0028EFAA /* perspectiveCamera.cpp */; };
		56716841204ADFAE0028EFAA /* camera.hpp in Headers */ = {isa = PBXBuildFile; fileRef = 56716819204ADFAE0028EFAA /* camera.hpp */; settings = {ATTRIBUTES = (Public, ); }; };
		5671684A204ADFAE0028EFAA /* light.hpp in Headers */ = {isa = PBXBuildFile; fileRef = 56716820204ADFAE0028EFAA /* light.hpp */; settings = {ATTRIBUTES = (Public, ); }; };
		5671684B204ADFAE0028EFAA /* directionalLight.hpp in Headers */ = {isa = PBXBuildFile; fileRef = 56716821204ADFAE0028EFAA /* directionalLight.hpp */; settings = {ATTRIBUTES = (Public, ); }; };
		5671684C204ADFAE0028EFAA /* pointLight.hpp in Headers */ = {isa = PBXBuildFile; fileRef = 56716822204ADFAE0028EFAA /* pointLight.hpp */; settings = {ATTRIBUTES = (Public, ); }; };
		5671684D204ADFAE0028EFAA /* spotLight.hpp in Headers */ = {isa = PBXBuildFile; fileRef = 56716823204ADFAE0028EFAA /* spotLight.hpp */; settings = {ATTRIBUTES = (Public, ); }; };
		5671684E204ADFAE0028EFAA /* scene.hpp in Headers */ = {isa = PBXBuildFile; fileRef = 56716824204ADFAE0028EFAA /* scene.hpp */; settings = {ATTRIBUTES = (Public, ); }; };
		5671684F204ADFAE0028EFAA /* ngin.cpp in Sources */ = {isa = PBXBuildFile; fileRef = 56716826204ADFAE0028EFAA /* ngin.cpp */; };
		56716850204ADFAE0028EFAA /* ngin.cpp in Sources */ = {isa = PBXBuildFile; fileRef = 56716826204ADFAE0028EFAA /* ngin.cpp */; };
		56716851204ADFAE0028EFAA /* nginOGL.cpp in Sources */ = {isa = PBXBuildFile; fileRef = 56716828204ADFAE0028EFAA /* nginOGL.cpp */; };
		56716852204ADFAE0028EFAA /* nginOGL.cpp in Sources */ = {isa = PBXBuildFile; fileRef = 56716828204ADFAE0028EFAA /* nginOGL.cpp */; };
		56716853204ADFAE0028EFAA /* nginOGL.hpp in Headers */ = {isa = PBXBuildFile; fileRef = 56716829204ADFAE0028EFAA /* nginOGL.hpp */; settings = {ATTRIBUTES = (Public, ); }; };
		56716854204ADFAE0028EFAA /* ngin.hpp in Headers */ = {isa = PBXBuildFile; fileRef = 5671682A204ADFAE0028EFAA /* ngin.hpp */; settings = {ATTRIBUTES = (Public, ); }; };
		5673025320504AFC0066993D /* deferredLightingShaderOGL.cpp in Sources */ = {isa = PBXBuildFile; fileRef = 5673025120504AFC0066993D /* deferredLightingShaderOGL.cpp */; };
		5673025420504AFC0066993D /* deferredLightingShaderOGL.cpp in Sources */ = {isa = PBXBuildFile; fileRef = 5673025120504AFC0066993D /* deferredLightingShaderOGL.cpp */; };
		5673025520504AFC0066993D /* deferredLightingShaderOGL.hpp in Headers */ = {isa = PBXBuildFile; fileRef = 5673025220504AFC0066993D /* deferredLightingShaderOGL.hpp */; };
		56736CB2206453F500CE636A /* postprocessDrawer.hpp in Headers */ = {isa = PBXBuildFile; fileRef = 56736CAF206453F500CE636A /* postprocessDrawer.hpp */; };
		56736CBC2064572400CE636A /* postprocessDrawerOGL.cpp in Sources */ = {isa = PBXBuildFile; fileRef = 56736CBA2064572400CE636A /* postprocessDrawerOGL.cpp */; };
		56736CBD2064572400CE636A /* postprocessDrawerOGL.cpp in Sources */ = {isa = PBXBuildFile; fileRef = 56736CBA2064572400CE636A /* postprocessDrawerOGL.cpp */; };
		56736CBE2064572400CE636A /* postprocessDrawerOGL.hpp in Headers */ = {isa = PBXBuildFile; fileRef = 56736CBB2064572400CE636A /* postprocessDrawerOGL.hpp */; };
		56736CC62064745D00CE636A /* hdr_fshader.glsl in Headers */ = {isa = PBXBuildFile; fileRef = 56736CC32064745D00CE636A /* hdr_fshader.glsl */; };
		5674534120540C6F000E7EBD /* textureOGL.cpp in Sources */ = {isa = PBXBuildFile; fileRef = 5674533F20540C6F000E7EBD /* textureOGL.cpp */; };
		5674534220540C6F000E7EBD /* textureOGL.cpp in Sources */ = {isa = PBXBuildFile; fileRef = 5674533F20540C6F000E7EBD /* textureOGL.cpp */; };
		5674534320540C6F000E7EBD /* textureOGL.hpp in Headers */ = {isa = PBXBuildFile; fileRef = 5674534020540C6F000E7EBD /* textureOGL.hpp */; };
		567453492054B391000E7EBD /* deferredRender.cpp in Sources */ = {isa = PBXBuildFile; fileRef = 567453482054B391000E7EBD /* deferredRender.cpp */; };
		5674534A2054B391000E7EBD /* deferredRender.cpp in Sources */ = {isa = PBXBuildFile; fileRef = 567453482054B391000E7EBD /* deferredRender.cpp */; };
		5676D569204E16AA005E4AFA /* forwardShader.hpp in Headers */ = {isa = PBXBuildFile; fileRef = 5676D568204E16AA005E4AFA /* forwardShader.hpp */; };
		5676D56C204E1869005E4AFA /* forwardShaderOGL.cpp in Sources */ = {isa = PBXBuildFile; fileRef = 5676D56A204E1869005E4AFA /* forwardShaderOGL.cpp */; };
		5676D56D204E1869005E4AFA /* forwardShaderOGL.cpp in Sources */ = {isa = PBXBuildFile; fileRef = 5676D56A204E1869005E4AFA /* forwardShaderOGL.cpp */; };
		5676D56E204E1869005E4AFA /* forwardShaderOGL.hpp in Headers */ = {isa = PBXBuildFile; fileRef = 5676D56B204E1869005E4AFA /* forwardShaderOGL.hpp */; };
		5676F297205222CB002EAB31 /* utilsOGL.cpp in Sources */ = {isa = PBXBuildFile; fileRef = 5676F295205222CB002EAB31 /* utilsOGL.cpp */; };
		5676F298205222CB002EAB31 /* utilsOGL.cpp in Sources */ = {isa = PBXBuildFile; fileRef = 5676F295205222CB002EAB31 /* utilsOGL.cpp */; };
		5676F299205222CB002EAB31 /* utilsOGL.hpp in Headers */ = {isa = PBXBuildFile; fileRef = 5676F296205222CB002EAB31 /* utilsOGL.hpp */; };
		5676F29C20522AD1002EAB31 /* proxyOGL.cpp in Sources */ = {isa = PBXBuildFile; fileRef = 5676F29B20522AD1002EAB31 /* proxyOGL.cpp */; };
		5676F29D20522AD1002EAB31 /* proxyOGL.cpp in Sources */ = {isa = PBXBuildFile; fileRef = 5676F29B20522AD1002EAB31 /* proxyOGL.cpp */; };
		569A899D204FFF6200A9A292 /* reusableGeometry.hpp in Headers */ = {isa = PBXBuildFile; fileRef = 569A899C204FFF6200A9A292 /* reusableGeometry.hpp */; };
		56AB0EDA2058552300B8E964 /* geometry.cpp in Sources */ = {isa = PBXBuildFile; fileRef = 56AB0ED92058552300B8E964 /* geometry.cpp */; };
		56AB0EDB2058552300B8E964 /* geometry.cpp in Sources */ = {isa = PBXBuildFile; fileRef = 56AB0ED92058552300B8E964 /* geometry.cpp */; };
		56D29AA4207B8DED0080CB3B /* renderbufferOGL.cpp in Sources */ = {isa = PBXBuildFile; fileRef = 560627CD20633B69005085CD /* renderbufferOGL.cpp */; };
		56D29AA5207B8DED0080CB3B /* geometryOGL.cpp in Sources */ = {isa = PBXBuildFile; fileRef = 5633FA9A204B6FCA003449EE /* geometryOGL.cpp */; };
		56D29AA6207B8DED0080CB3B /* forwardRender.cpp in Sources */ = {isa = PBXBuildFile; fileRef = 563B99682065B66900B54626 /* forwardRender.cpp */; };
		56D29AA7207B8DED0080CB3B /* proxyOGL.cpp in Sources */ = {isa = PBXBuildFile; fileRef = 5676F29B20522AD1002EAB31 /* proxyOGL.cpp */; };
		56D29AA8207B8DED0080CB3B /* textureOGL.cpp in Sources */ = {isa = PBXBuildFile; fileRef = 5674533F20540C6F000E7EBD /* textureOGL.cpp */; };
		56D29AA9207B8DED0080CB3B /* deferredRenderOGL.cpp in Sources */ = {isa = PBXBuildFile; fileRef = 5629671B204F317900685BAE /* deferredRenderOGL.cpp */; };
		56D29AAA207B8DED0080CB3B /* nginOGL.cpp in Sources */ = {isa = PBXBuildFile; fileRef = 56716828204ADFAE0028EFAA /* nginOGL.cpp */; };
		56D29AAB207B8DED0080CB3B /* lightSourceDrawerShaderOGL.cpp in Sources */ = {isa = PBXBuildFile; fileRef = 5632E390205EF83000A323A4 /* lightSourceDrawerShaderOGL.cpp */; };
		56D29AAC207B8DED0080CB3B /* resource.cpp in Sources */ = {isa = PBXBuildFile; fileRef = 5633FA8E204B6988003449EE /* resource.cpp */; };
		56D29AAD207B8DED0080CB3B /* deferredShaderOGL.cpp in Sources */ = {isa = PBXBuildFile; fileRef = 56296726204F3CCD00685BAE /* deferredShaderOGL.cpp */; };
		56D29AAE207B8DED0080CB3B /* lightSourcesRender.cpp in Sources */ = {isa = PBXBuildFile; fileRef = 563B996B2065BF3000B54626 /* lightSourcesRender.cpp */; };
		56D29AAF207B8DED0080CB3B /* resourceCoordinator.cpp in Sources */ = {isa = PBXBuildFile; fileRef = 56716806204ADFAE0028EFAA /* resourceCoordinator.cpp */; };
		56D29AB0207B8DED0080CB3B /* loader.cpp in Sources */ = {isa = PBXBuildFile; fileRef = 56DF0F3920571B6D00713420 /* loader.cpp */; };
		56D29AB1207B8DED0080CB3B /* deferredRender.cpp in Sources */ = {isa = PBXBuildFile; fileRef = 567453482054B391000E7EBD /* deferredRender.cpp */; };
		56D29AB2207B8DED0080CB3B /* perspectiveCamera.cpp in Sources */ = {isa = PBXBuildFile; fileRef = 56716818204ADFAE0028EFAA /* perspectiveCamera.cpp */; };
		56D29AB3207B8DED0080CB3B /* utilsOGL.cpp in Sources */ = {isa = PBXBuildFile; fileRef = 5676F295205222CB002EAB31 /* utilsOGL.cpp */; };
		56D29AB4207B8DED0080CB3B /* forwardShaderOGL.cpp in Sources */ = {isa = PBXBuildFile; fileRef = 5676D56A204E1869005E4AFA /* forwardShaderOGL.cpp */; };
		56D29AB5207B8DED0080CB3B /* framebufferOGL.cpp in Sources */ = {isa = PBXBuildFile; fileRef = 560627C820633B5F005085CD /* framebufferOGL.cpp */; };
		56D29AB6207B8DED0080CB3B /* render.cpp in Sources */ = {isa = PBXBuildFile; fileRef = 563B99632065A7BA00B54626 /* render.cpp */; };
		56D29AB7207B8DED0080CB3B /* geometry.cpp in Sources */ = {isa = PBXBuildFile; fileRef = 56AB0ED92058552300B8E964 /* geometry.cpp */; };
		56D29AB8207B8DED0080CB3B /* ngin.cpp in Sources */ = {isa = PBXBuildFile; fileRef = 56716826204ADFAE0028EFAA /* ngin.cpp */; };
		56D29AB9207B8DED0080CB3B /* deferredLightingShaderOGL.cpp in Sources */ = {isa = PBXBuildFile; fileRef = 5673025120504AFC0066993D /* deferredLightingShaderOGL.cpp */; };
		56D29ABA207B8DED0080CB3B /* drawableOGL.cpp in Sources */ = {isa = PBXBuildFile; fileRef = 5633FAB1204C64D7003449EE /* drawableOGL.cpp */; };
		56D29ABB207B8DED0080CB3B /* shaderOGL.cpp in Sources */ = {isa = PBXBuildFile; fileRef = 5640FED3204AE77600512938 /* shaderOGL.cpp */; };
		56D29ABC207B8DED0080CB3B /* scene.cpp in Sources */ = {isa = PBXBuildFile; fileRef = 566BCF2B204EAF6500E90246 /* scene.cpp */; };
		56D29ABD207B8DED0080CB3B /* materialOGL.cpp in Sources */ = {isa = PBXBuildFile; fileRef = 565AAAC62069B5F3002B6C6B /* materialOGL.cpp */; };
		56D29ABE207B8DED0080CB3B /* postprocessDrawerOGL.cpp in Sources */ = {isa = PBXBuildFile; fileRef = 56736CBA2064572400CE636A /* postprocessDrawerOGL.cpp */; };
		56D29AC3207B8DED0080CB3B /* OpenGLES.framework in Frameworks */ = {isa = PBXBuildFile; fileRef = 56267870204AC01000A203F2 /* OpenGLES.framework */; };
		56D29ACC207B8E120080CB3B /* libassimp.a in Frameworks */ = {isa = PBXBuildFile; fileRef = 56D29AC9207B8E120080CB3B /* libassimp.a */; };
		56D29ACD207B8E120080CB3B /* libzlibstatic.a in Frameworks */ = {isa = PBXBuildFile; fileRef = 56D29ACA207B8E120080CB3B /* libzlibstatic.a */; };
		56D29ACE207B8E120080CB3B /* libIrrXML.a in Frameworks */ = {isa = PBXBuildFile; fileRef = 56D29ACB207B8E120080CB3B /* libIrrXML.a */; };
		56D29AD2207B8E2B0080CB3B /* libassimp.a in Frameworks */ = {isa = PBXBuildFile; fileRef = 56D29ACF207B8E2B0080CB3B /* libassimp.a */; };
		56D29AD3207B8E2B0080CB3B /* libIrrXML.a in Frameworks */ = {isa = PBXBuildFile; fileRef = 56D29AD0207B8E2B0080CB3B /* libIrrXML.a */; };
		56D29AD4207B8E2B0080CB3B /* libzlibstatic.a in Frameworks */ = {isa = PBXBuildFile; fileRef = 56D29AD1207B8E2B0080CB3B /* libzlibstatic.a */; };
		56DF0F3B20571B6D00713420 /* loader.cpp in Sources */ = {isa = PBXBuildFile; fileRef = 56DF0F3920571B6D00713420 /* loader.cpp */; };
		56DF0F3C20571B6D00713420 /* loader.cpp in Sources */ = {isa = PBXBuildFile; fileRef = 56DF0F3920571B6D00713420 /* loader.cpp */; };
		56DF0F3D20571B6D00713420 /* loader.hpp in Headers */ = {isa = PBXBuildFile; fileRef = 56DF0F3A20571B6D00713420 /* loader.hpp */; };
		56DF0F452057233900713420 /* loaderOGL.hpp in Headers */ = {isa = PBXBuildFile; fileRef = 56DF0F422057233900713420 /* loaderOGL.hpp */; };
/* End PBXBuildFile section */

/* Begin PBXContainerItemProxy section */
		56E62A42207CC77700F2FC05 /* PBXContainerItemProxy */ = {
			isa = PBXContainerItemProxy;
			containerPortal = 56E62A3B207CC77700F2FC05 /* glMath.xcodeproj */;
			proxyType = 2;
			remoteGlobalIDString = 56443A85203E48A000A801A7;
			remoteInfo = vector_tests;
		};
		56E62A44207CC77700F2FC05 /* PBXContainerItemProxy */ = {
			isa = PBXContainerItemProxy;
			containerPortal = 56E62A3B207CC77700F2FC05 /* glMath.xcodeproj */;
			proxyType = 2;
			remoteGlobalIDString = 568BCA1F203F192800E02F23;
			remoteInfo = matrix_tests;
		};
		56E62A46207CC77700F2FC05 /* PBXContainerItemProxy */ = {
			isa = PBXContainerItemProxy;
			containerPortal = 56E62A3B207CC77700F2FC05 /* glMath.xcodeproj */;
			proxyType = 2;
			remoteGlobalIDString = 567B5F692070248B00855C50;
			remoteInfo = boundingbox_tests;
		};
		56E62A48207CC77700F2FC05 /* PBXContainerItemProxy */ = {
			isa = PBXContainerItemProxy;
			containerPortal = 56E62A3B207CC77700F2FC05 /* glMath.xcodeproj */;
			proxyType = 2;
			remoteGlobalIDString = 567B5F7620703AF700855C50;
			remoteInfo = plane_tests;
		};
/* End PBXContainerItemProxy section */

/* Begin PBXCopyFilesBuildPhase section */
		568A18A02049846C0017B5CF /* CopyFiles */ = {
			isa = PBXCopyFilesBuildPhase;
			buildActionMask = 2147483647;
			dstPath = "include/$(PRODUCT_NAME)";
			dstSubfolderSpec = 16;
			files = (
			);
			runOnlyForDeploymentPostprocessing = 0;
		};
		56D29AC4207B8DED0080CB3B /* CopyFiles */ = {
			isa = PBXCopyFilesBuildPhase;
			buildActionMask = 2147483647;
			dstPath = "include/$(PRODUCT_NAME)";
			dstSubfolderSpec = 16;
			files = (
			);
			runOnlyForDeploymentPostprocessing = 0;
		};
/* End PBXCopyFilesBuildPhase section */

/* Begin PBXFileReference section */
		560313E3207F9EB300C37C68 /* orthographicCamera.cpp */ = {isa = PBXFileReference; lastKnownFileType = sourcecode.cpp.cpp; path = orthographicCamera.cpp; sourceTree = "<group>"; };
		560313E4207F9EB300C37C68 /* orthographicCamera.hpp */ = {isa = PBXFileReference; lastKnownFileType = sourcecode.cpp.h; path = orthographicCamera.hpp; sourceTree = "<group>"; };
		560627C420632CCB005085CD /* framebuffer.hpp */ = {isa = PBXFileReference; lastKnownFileType = sourcecode.cpp.h; path = framebuffer.hpp; sourceTree = "<group>"; };
		560627C72063325B005085CD /* renderbuffer.hpp */ = {isa = PBXFileReference; lastKnownFileType = sourcecode.cpp.h; path = renderbuffer.hpp; sourceTree = "<group>"; };
		560627C820633B5F005085CD /* framebufferOGL.cpp */ = {isa = PBXFileReference; lastKnownFileType = sourcecode.cpp.cpp; path = framebufferOGL.cpp; sourceTree = "<group>"; };
		560627C920633B5F005085CD /* framebufferOGL.hpp */ = {isa = PBXFileReference; lastKnownFileType = sourcecode.cpp.h; path = framebufferOGL.hpp; sourceTree = "<group>"; };
		560627CD20633B69005085CD /* renderbufferOGL.cpp */ = {isa = PBXFileReference; lastKnownFileType = sourcecode.cpp.cpp; path = renderbufferOGL.cpp; sourceTree = "<group>"; };
		560627CE20633B69005085CD /* renderbufferOGL.hpp */ = {isa = PBXFileReference; lastKnownFileType = sourcecode.cpp.h; path = renderbufferOGL.hpp; sourceTree = "<group>"; };
		5616642D2061353000915042 /* phong_fshader.glsl */ = {isa = PBXFileReference; lastKnownFileType = text; path = phong_fshader.glsl; sourceTree = "<group>"; };
		5616642E2061353000915042 /* phong_vshader.glsl */ = {isa = PBXFileReference; lastKnownFileType = text; path = phong_vshader.glsl; sourceTree = "<group>"; };
		561664302061353000915042 /* light_source_drawer_fshader.glsl */ = {isa = PBXFileReference; lastKnownFileType = text; path = light_source_drawer_fshader.glsl; sourceTree = "<group>"; };
		561664312061353000915042 /* light_source_drawer_vshader.glsl */ = {isa = PBXFileReference; lastKnownFileType = text; path = light_source_drawer_vshader.glsl; sourceTree = "<group>"; };
		561664332061358D00915042 /* gouraud_vshader.glsl */ = {isa = PBXFileReference; lastKnownFileType = text; path = gouraud_vshader.glsl; sourceTree = "<group>"; };
		561664342061359A00915042 /* gouraud_fshader.glsl */ = {isa = PBXFileReference; lastKnownFileType = text; path = gouraud_fshader.glsl; sourceTree = "<group>"; };
		561EFE96206727F60097D9B7 /* gaussian_blur_fshader.glsl */ = {isa = PBXFileReference; lastKnownFileType = text; path = gaussian_blur_fshader.glsl; sourceTree = "<group>"; };
		561F2EF9204F041D00D7E875 /* material.hpp */ = {isa = PBXFileReference; lastKnownFileType = sourcecode.cpp.h; path = material.hpp; sourceTree = "<group>"; };
		562138212060212C00ABA354 /* spotLightOGL.hpp */ = {isa = PBXFileReference; lastKnownFileType = sourcecode.cpp.h; path = spotLightOGL.hpp; sourceTree = "<group>"; };
		56267870204AC01000A203F2 /* OpenGLES.framework */ = {isa = PBXFileReference; lastKnownFileType = wrapper.framework; name = OpenGLES.framework; path = Platforms/iPhoneOS.platform/Developer/SDKs/iPhoneOS11.2.sdk/System/Library/Frameworks/OpenGLES.framework; sourceTree = DEVELOPER_DIR; };
		56267872204AC01A00A203F2 /* OpenGL.framework */ = {isa = PBXFileReference; lastKnownFileType = wrapper.framework; name = OpenGL.framework; path = System/Library/Frameworks/OpenGL.framework; sourceTree = SDKROOT; };
		56296718204F312200685BAE /* deferredShader.hpp */ = {isa = PBXFileReference; lastKnownFileType = sourcecode.cpp.h; path = deferredShader.hpp; sourceTree = "<group>"; usesTabs = 1; };
		5629671B204F317900685BAE /* deferredRenderOGL.cpp */ = {isa = PBXFileReference; lastKnownFileType = sourcecode.cpp.cpp; path = deferredRenderOGL.cpp; sourceTree = "<group>"; };
		5629671C204F317900685BAE /* deferredRenderOGL.hpp */ = {isa = PBXFileReference; lastKnownFileType = sourcecode.cpp.h; path = deferredRenderOGL.hpp; sourceTree = "<group>"; };
		56296721204F31E300685BAE /* g_buf_vshader.glsl */ = {isa = PBXFileReference; lastKnownFileType = text; path = g_buf_vshader.glsl; sourceTree = "<group>"; };
		56296722204F31E300685BAE /* g_buf_fshader.glsl */ = {isa = PBXFileReference; lastKnownFileType = text; path = g_buf_fshader.glsl; sourceTree = "<group>"; };
		56296723204F328200685BAE /* forwardRender.hpp */ = {isa = PBXFileReference; lastKnownFileType = sourcecode.cpp.h; path = forwardRender.hpp; sourceTree = "<group>"; usesTabs = 1; };
		56296725204F37AD00685BAE /* deferredRender.hpp */ = {isa = PBXFileReference; lastKnownFileType = sourcecode.cpp.h; path = deferredRender.hpp; sourceTree = "<group>"; usesTabs = 1; };
		56296726204F3CCD00685BAE /* deferredShaderOGL.cpp */ = {isa = PBXFileReference; lastKnownFileType = sourcecode.cpp.cpp; path = deferredShaderOGL.cpp; sourceTree = "<group>"; usesTabs = 1; };
		56296727204F3CCD00685BAE /* deferredShaderOGL.hpp */ = {isa = PBXFileReference; lastKnownFileType = sourcecode.cpp.h; path = deferredShaderOGL.hpp; sourceTree = "<group>"; usesTabs = 1; };
		5632E38A205EE0DA00A323A4 /* functions.glsl */ = {isa = PBXFileReference; lastKnownFileType = text; path = functions.glsl; sourceTree = "<group>"; };
		5632E38F205EF6A800A323A4 /* lightSourceDrawerShader.hpp */ = {isa = PBXFileReference; lastKnownFileType = sourcecode.cpp.h; path = lightSourceDrawerShader.hpp; sourceTree = "<group>"; };
		5632E390205EF83000A323A4 /* lightSourceDrawerShaderOGL.cpp */ = {isa = PBXFileReference; lastKnownFileType = sourcecode.cpp.cpp; path = lightSourceDrawerShaderOGL.cpp; sourceTree = "<group>"; };
		5632E391205EF83000A323A4 /* lightSourceDrawerShaderOGL.hpp */ = {isa = PBXFileReference; lastKnownFileType = sourcecode.cpp.h; path = lightSourceDrawerShaderOGL.hpp; sourceTree = "<group>"; };
		5633FA8E204B6988003449EE /* resource.cpp */ = {isa = PBXFileReference; lastKnownFileType = sourcecode.cpp.cpp; path = resource.cpp; sourceTree = "<group>"; };
		5633FA94204B6F97003449EE /* geometry.hpp */ = {isa = PBXFileReference; lastKnownFileType = sourcecode.cpp.h; path = geometry.hpp; sourceTree = "<group>"; };
		5633FA99204B6FCA003449EE /* geometryOGL.hpp */ = {isa = PBXFileReference; fileEncoding = 4; lastKnownFileType = sourcecode.cpp.h; path = geometryOGL.hpp; sourceTree = "<group>"; };
		5633FA9A204B6FCA003449EE /* geometryOGL.cpp */ = {isa = PBXFileReference; fileEncoding = 4; lastKnownFileType = sourcecode.cpp.cpp; path = geometryOGL.cpp; sourceTree = "<group>"; };
		5633FAA7204C565B003449EE /* drawable.hpp */ = {isa = PBXFileReference; lastKnownFileType = sourcecode.cpp.h; path = drawable.hpp; sourceTree = "<group>"; };
		5633FAB0204C64D7003449EE /* drawableOGL.hpp */ = {isa = PBXFileReference; fileEncoding = 4; lastKnownFileType = sourcecode.cpp.h; path = drawableOGL.hpp; sourceTree = "<group>"; };
		5633FAB1204C64D7003449EE /* drawableOGL.cpp */ = {isa = PBXFileReference; fileEncoding = 4; lastKnownFileType = sourcecode.cpp.cpp; path = drawableOGL.cpp; sourceTree = "<group>"; };
		5633FAB5204C661A003449EE /* umbrellaHeader.hpp */ = {isa = PBXFileReference; fileEncoding = 4; lastKnownFileType = sourcecode.cpp.h; path = umbrellaHeader.hpp; sourceTree = "<group>"; };
		5633FAB8204C6625003449EE /* utils.hpp */ = {isa = PBXFileReference; fileEncoding = 4; lastKnownFileType = sourcecode.cpp.h; path = utils.hpp; sourceTree = "<group>"; };
		5636DE2520811E3100F4147C /* sm_directional_light_vshader.glsl */ = {isa = PBXFileReference; lastKnownFileType = text; path = sm_directional_light_vshader.glsl; sourceTree = "<group>"; };
		5636DE2620811E3100F4147C /* sm_directional_light_fshader.glsl */ = {isa = PBXFileReference; lastKnownFileType = text; path = sm_directional_light_fshader.glsl; sourceTree = "<group>"; };
		563B99632065A7BA00B54626 /* render.cpp */ = {isa = PBXFileReference; lastKnownFileType = sourcecode.cpp.cpp; path = render.cpp; sourceTree = "<group>"; };
		563B99682065B66900B54626 /* forwardRender.cpp */ = {isa = PBXFileReference; lastKnownFileType = sourcecode.cpp.cpp; path = forwardRender.cpp; sourceTree = "<group>"; };
		563B996B2065BF3000B54626 /* lightSourcesRender.cpp */ = {isa = PBXFileReference; lastKnownFileType = sourcecode.cpp.cpp; path = lightSourcesRender.cpp; sourceTree = "<group>"; };
		56407D7F2054034800EB1061 /* texture.hpp */ = {isa = PBXFileReference; lastKnownFileType = sourcecode.cpp.h; path = texture.hpp; sourceTree = "<group>"; };
		5640FED2204AE77600512938 /* shaderOGL.hpp */ = {isa = PBXFileReference; fileEncoding = 4; lastKnownFileType = sourcecode.cpp.h; path = shaderOGL.hpp; sourceTree = "<group>"; usesTabs = 1; };
		5640FED3204AE77600512938 /* shaderOGL.cpp */ = {isa = PBXFileReference; fileEncoding = 4; lastKnownFileType = sourcecode.cpp.cpp; path = shaderOGL.cpp; sourceTree = "<group>"; usesTabs = 1; };
		5642559D2068865200AF650F /* pass_trough_vshader.glsl */ = {isa = PBXFileReference; lastKnownFileType = text; path = pass_trough_vshader.glsl; sourceTree = "<group>"; };
		565231B0206B9598001766F3 /* scale_fshader.glsl */ = {isa = PBXFileReference; lastKnownFileType = text; path = scale_fshader.glsl; sourceTree = "<group>"; };
		565AAAC62069B5F3002B6C6B /* materialOGL.cpp */ = {isa = PBXFileReference; lastKnownFileType = sourcecode.cpp.cpp; path = materialOGL.cpp; sourceTree = "<group>"; };
		565AAAC72069B5F3002B6C6B /* materialOGL.hpp */ = {isa = PBXFileReference; lastKnownFileType = sourcecode.cpp.h; path = materialOGL.hpp; sourceTree = "<group>"; };
		5668DD90205FCAE900D0EEA6 /* pointLightOGL.hpp */ = {isa = PBXFileReference; lastKnownFileType = sourcecode.cpp.h; path = pointLightOGL.hpp; sourceTree = "<group>"; };
		566BCF2B204EAF6500E90246 /* scene.cpp */ = {isa = PBXFileReference; lastKnownFileType = sourcecode.cpp.cpp; path = scene.cpp; sourceTree = "<group>"; };
		566D1E1A205F4CAE00CE2F84 /* lightSourcesRender.hpp */ = {isa = PBXFileReference; lastKnownFileType = sourcecode.cpp.h; path = lightSourcesRender.hpp; sourceTree = "<group>"; };
		56716806204ADFAE0028EFAA /* resourceCoordinator.cpp */ = {isa = PBXFileReference; fileEncoding = 4; lastKnownFileType = sourcecode.cpp.cpp; path = resourceCoordinator.cpp; sourceTree = "<group>"; };
		56716808204ADFAE0028EFAA /* resourceCoordinator.hpp */ = {isa = PBXFileReference; fileEncoding = 4; lastKnownFileType = sourcecode.cpp.h; path = resourceCoordinator.hpp; sourceTree = "<group>"; };
		56716809204ADFAE0028EFAA /* resource.hpp */ = {isa = PBXFileReference; fileEncoding = 4; lastKnownFileType = sourcecode.cpp.h; path = resource.hpp; sourceTree = "<group>"; };
		56716810204ADFAE0028EFAA /* shader.hpp */ = {isa = PBXFileReference; fileEncoding = 4; lastKnownFileType = sourcecode.cpp.h; path = shader.hpp; sourceTree = "<group>"; usesTabs = 1; };
		56716811204ADFAE0028EFAA /* render.hpp */ = {isa = PBXFileReference; fileEncoding = 4; lastKnownFileType = sourcecode.cpp.h; path = render.hpp; sourceTree = "<group>"; usesTabs = 1; };
		56716814204ADFAE0028EFAA /* positionedObject.hpp */ = {isa = PBXFileReference; fileEncoding = 4; lastKnownFileType = sourcecode.cpp.h; path = positionedObject.hpp; sourceTree = "<group>"; };
		56716816204ADFAE0028EFAA /* perspectiveCamera.hpp */ = {isa = PBXFileReference; fileEncoding = 4; lastKnownFileType = sourcecode.cpp.h; path = perspectiveCamera.hpp; sourceTree = "<group>"; };
		56716818204ADFAE0028EFAA /* perspectiveCamera.cpp */ = {isa = PBXFileReference; fileEncoding = 4; lastKnownFileType = sourcecode.cpp.cpp; path = perspectiveCamera.cpp; sourceTree = "<group>"; };
		56716819204ADFAE0028EFAA /* camera.hpp */ = {isa = PBXFileReference; fileEncoding = 4; lastKnownFileType = sourcecode.cpp.h; path = camera.hpp; sourceTree = "<group>"; };
		56716820204ADFAE0028EFAA /* light.hpp */ = {isa = PBXFileReference; fileEncoding = 4; lastKnownFileType = sourcecode.cpp.h; path = light.hpp; sourceTree = "<group>"; };
		56716821204ADFAE0028EFAA /* directionalLight.hpp */ = {isa = PBXFileReference; fileEncoding = 4; lastKnownFileType = sourcecode.cpp.h; path = directionalLight.hpp; sourceTree = "<group>"; };
		56716822204ADFAE0028EFAA /* pointLight.hpp */ = {isa = PBXFileReference; fileEncoding = 4; lastKnownFileType = sourcecode.cpp.h; path = pointLight.hpp; sourceTree = "<group>"; };
		56716823204ADFAE0028EFAA /* spotLight.hpp */ = {isa = PBXFileReference; fileEncoding = 4; lastKnownFileType = sourcecode.cpp.h; path = spotLight.hpp; sourceTree = "<group>"; };
		56716824204ADFAE0028EFAA /* scene.hpp */ = {isa = PBXFileReference; fileEncoding = 4; lastKnownFileType = sourcecode.cpp.h; path = scene.hpp; sourceTree = "<group>"; };
		56716826204ADFAE0028EFAA /* ngin.cpp */ = {isa = PBXFileReference; fileEncoding = 4; lastKnownFileType = sourcecode.cpp.cpp; path = ngin.cpp; sourceTree = "<group>"; };
		56716828204ADFAE0028EFAA /* nginOGL.cpp */ = {isa = PBXFileReference; fileEncoding = 4; lastKnownFileType = sourcecode.cpp.cpp; path = nginOGL.cpp; sourceTree = "<group>"; };
		56716829204ADFAE0028EFAA /* nginOGL.hpp */ = {isa = PBXFileReference; fileEncoding = 4; lastKnownFileType = sourcecode.cpp.h; path = nginOGL.hpp; sourceTree = "<group>"; };
		5671682A204ADFAE0028EFAA /* ngin.hpp */ = {isa = PBXFileReference; fileEncoding = 4; lastKnownFileType = sourcecode.cpp.h; path = ngin.hpp; sourceTree = "<group>"; };
		5673024C20503A7D0066993D /* lighting_fshader.glsl */ = {isa = PBXFileReference; lastKnownFileType = text; path = lighting_fshader.glsl; sourceTree = "<group>"; };
		5673024F20503A7D0066993D /* lighting_vshader.glsl */ = {isa = PBXFileReference; lastKnownFileType = text; path = lighting_vshader.glsl; sourceTree = "<group>"; };
		56730250205046A80066993D /* deferredLightingShader.hpp */ = {isa = PBXFileReference; lastKnownFileType = sourcecode.cpp.h; path = deferredLightingShader.hpp; sourceTree = "<group>"; };
		5673025120504AFC0066993D /* deferredLightingShaderOGL.cpp */ = {isa = PBXFileReference; lastKnownFileType = sourcecode.cpp.cpp; path = deferredLightingShaderOGL.cpp; sourceTree = "<group>"; };
		5673025220504AFC0066993D /* deferredLightingShaderOGL.hpp */ = {isa = PBXFileReference; lastKnownFileType = sourcecode.cpp.h; path = deferredLightingShaderOGL.hpp; sourceTree = "<group>"; };
		56736CAF206453F500CE636A /* postprocessDrawer.hpp */ = {isa = PBXFileReference; lastKnownFileType = sourcecode.cpp.h; path = postprocessDrawer.hpp; sourceTree = "<group>"; };
		56736CBA2064572400CE636A /* postprocessDrawerOGL.cpp */ = {isa = PBXFileReference; lastKnownFileType = sourcecode.cpp.cpp; path = postprocessDrawerOGL.cpp; sourceTree = "<group>"; };
		56736CBB2064572400CE636A /* postprocessDrawerOGL.hpp */ = {isa = PBXFileReference; lastKnownFileType = sourcecode.cpp.h; path = postprocessDrawerOGL.hpp; sourceTree = "<group>"; };
		56736CC32064745D00CE636A /* hdr_fshader.glsl */ = {isa = PBXFileReference; lastKnownFileType = text; path = hdr_fshader.glsl; sourceTree = "<group>"; };
		5674533F20540C6F000E7EBD /* textureOGL.cpp */ = {isa = PBXFileReference; lastKnownFileType = sourcecode.cpp.cpp; path = textureOGL.cpp; sourceTree = "<group>"; };
		5674534020540C6F000E7EBD /* textureOGL.hpp */ = {isa = PBXFileReference; lastKnownFileType = sourcecode.cpp.h; path = textureOGL.hpp; sourceTree = "<group>"; };
		567453482054B391000E7EBD /* deferredRender.cpp */ = {isa = PBXFileReference; lastKnownFileType = sourcecode.cpp.cpp; path = deferredRender.cpp; sourceTree = "<group>"; };
		5676D568204E16AA005E4AFA /* forwardShader.hpp */ = {isa = PBXFileReference; lastKnownFileType = sourcecode.cpp.h; path = forwardShader.hpp; sourceTree = "<group>"; usesTabs = 1; };
		5676D56A204E1869005E4AFA /* forwardShaderOGL.cpp */ = {isa = PBXFileReference; lastKnownFileType = sourcecode.cpp.cpp; path = forwardShaderOGL.cpp; sourceTree = "<group>"; usesTabs = 1; };
		5676D56B204E1869005E4AFA /* forwardShaderOGL.hpp */ = {isa = PBXFileReference; lastKnownFileType = sourcecode.cpp.h; path = forwardShaderOGL.hpp; sourceTree = "<group>"; usesTabs = 1; };
		5676F295205222CB002EAB31 /* utilsOGL.cpp */ = {isa = PBXFileReference; lastKnownFileType = sourcecode.cpp.cpp; path = utilsOGL.cpp; sourceTree = "<group>"; };
		5676F296205222CB002EAB31 /* utilsOGL.hpp */ = {isa = PBXFileReference; lastKnownFileType = sourcecode.cpp.h; path = utilsOGL.hpp; sourceTree = "<group>"; };
		5676F29A20522919002EAB31 /* proxyOGL.hpp */ = {isa = PBXFileReference; lastKnownFileType = sourcecode.cpp.h; path = proxyOGL.hpp; sourceTree = "<group>"; };
		5676F29B20522AD1002EAB31 /* proxyOGL.cpp */ = {isa = PBXFileReference; lastKnownFileType = sourcecode.cpp.cpp; path = proxyOGL.cpp; sourceTree = "<group>"; };
		5677DF06206C049000AD3590 /* vignette_fshader.glsl */ = {isa = PBXFileReference; lastKnownFileType = text; path = vignette_fshader.glsl; sourceTree = "<group>"; };
		568A18A22049846C0017B5CF /* libngin_ios_arm64.a */ = {isa = PBXFileReference; explicitFileType = archive.ar; includeInIndex = 0; path = libngin_ios_arm64.a; sourceTree = BUILT_PRODUCTS_DIR; };
		568FA8702048A2E2005BD711 /* libngin_mac.a */ = {isa = PBXFileReference; explicitFileType = archive.ar; includeInIndex = 0; path = libngin_mac.a; sourceTree = BUILT_PRODUCTS_DIR; };
		569A899C204FFF6200A9A292 /* reusableGeometry.hpp */ = {isa = PBXFileReference; fileEncoding = 4; lastKnownFileType = sourcecode.cpp.h; path = reusableGeometry.hpp; sourceTree = "<group>"; };
		56A5ED85205580AD00BDA233 /* shaderHeaders.hpp */ = {isa = PBXFileReference; lastKnownFileType = sourcecode.cpp.h; path = shaderHeaders.hpp; sourceTree = "<group>"; };
		56AB0ED92058552300B8E964 /* geometry.cpp */ = {isa = PBXFileReference; lastKnownFileType = sourcecode.cpp.cpp; path = geometry.cpp; sourceTree = "<group>"; };
		56B12337207B7E5F001046CD /* libassimp.a */ = {isa = PBXFileReference; lastKnownFileType = archive.ar; name = libassimp.a; path = "third-party-libs/assimp_iOS/libassimp.a"; sourceTree = "<group>"; };
		56BD164F205757D8001B02C5 /* libassimp-fat.a */ = {isa = PBXFileReference; lastKnownFileType = archive.ar; name = "libassimp-fat.a"; path = "third-party-libs/assimp_iOS/lib/iOS/libassimp-fat.a"; sourceTree = "<group>"; };
		56BD1651205757DD001B02C5 /* libIrrXML 2.a */ = {isa = PBXFileReference; lastKnownFileType = archive.ar; name = "libIrrXML 2.a"; path = "third-party-libs/assimp_iOS/lib/libIrrXML 2.a"; sourceTree = "<group>"; };
		56BD1652205757DD001B02C5 /* libIrrXML.a */ = {isa = PBXFileReference; lastKnownFileType = archive.ar; name = libIrrXML.a; path = "third-party-libs/assimp_iOS/lib/libIrrXML.a"; sourceTree = "<group>"; };
		56BD1653205757DD001B02C5 /* libzlibstatic.a */ = {isa = PBXFileReference; lastKnownFileType = archive.ar; name = libzlibstatic.a; path = "third-party-libs/assimp_iOS/lib/libzlibstatic.a"; sourceTree = "<group>"; };
		56BD165720575801001B02C5 /* libIrrXML2.a */ = {isa = PBXFileReference; lastKnownFileType = archive.ar; name = libIrrXML2.a; path = "third-party-libs/assimp_iOS/lib/libIrrXML2.a"; sourceTree = "<group>"; };
		56BD165E205759D8001B02C5 /* libIrrXML.a */ = {isa = PBXFileReference; lastKnownFileType = archive.ar; name = libIrrXML.a; path = "third-party-libs/assimp_iOS/libIrrXML.a"; sourceTree = "<group>"; };
		56BD165F205759D8001B02C5 /* libzlibstatic.a */ = {isa = PBXFileReference; lastKnownFileType = archive.ar; name = libzlibstatic.a; path = "third-party-libs/assimp_iOS/libzlibstatic.a"; sourceTree = "<group>"; };
		56C3C6A920655EFE0003F630 /* config.hpp */ = {isa = PBXFileReference; lastKnownFileType = sourcecode.cpp.h; path = config.hpp; sourceTree = "<group>"; };
		56C3C6AD206584420003F630 /* bloom_merger_fshader.glsl */ = {isa = PBXFileReference; lastKnownFileType = text; path = bloom_merger_fshader.glsl; sourceTree = "<group>"; };
		56C9A15E2056C301008AD76B /* vertex.hpp */ = {isa = PBXFileReference; lastKnownFileType = sourcecode.cpp.h; path = vertex.hpp; sourceTree = "<group>"; };
		56D29AC8207B8DED0080CB3B /* libngin_ios_x86_64.a */ = {isa = PBXFileReference; explicitFileType = archive.ar; includeInIndex = 0; path = libngin_ios_x86_64.a; sourceTree = BUILT_PRODUCTS_DIR; };
		56D29AC9207B8E120080CB3B /* libassimp.a */ = {isa = PBXFileReference; lastKnownFileType = archive.ar; name = libassimp.a; path = "third-party-libs/assimp_iOS/x86_64/libassimp.a"; sourceTree = "<group>"; };
		56D29ACA207B8E120080CB3B /* libzlibstatic.a */ = {isa = PBXFileReference; lastKnownFileType = archive.ar; name = libzlibstatic.a; path = "third-party-libs/assimp_iOS/x86_64/libzlibstatic.a"; sourceTree = "<group>"; };
		56D29ACB207B8E120080CB3B /* libIrrXML.a */ = {isa = PBXFileReference; lastKnownFileType = archive.ar; name = libIrrXML.a; path = "third-party-libs/assimp_iOS/x86_64/libIrrXML.a"; sourceTree = "<group>"; };
		56D29ACF207B8E2B0080CB3B /* libassimp.a */ = {isa = PBXFileReference; lastKnownFileType = archive.ar; name = libassimp.a; path = "third-party-libs/assimp_iOS/arm64/libassimp.a"; sourceTree = "<group>"; };
		56D29AD0207B8E2B0080CB3B /* libIrrXML.a */ = {isa = PBXFileReference; lastKnownFileType = archive.ar; name = libIrrXML.a; path = "third-party-libs/assimp_iOS/arm64/libIrrXML.a"; sourceTree = "<group>"; };
		56D29AD1207B8E2B0080CB3B /* libzlibstatic.a */ = {isa = PBXFileReference; lastKnownFileType = archive.ar; name = libzlibstatic.a; path = "third-party-libs/assimp_iOS/arm64/libzlibstatic.a"; sourceTree = "<group>"; };
		56DF0F3920571B6D00713420 /* loader.cpp */ = {isa = PBXFileReference; lastKnownFileType = sourcecode.cpp.cpp; path = loader.cpp; sourceTree = "<group>"; };
		56DF0F3A20571B6D00713420 /* loader.hpp */ = {isa = PBXFileReference; lastKnownFileType = sourcecode.cpp.h; path = loader.hpp; sourceTree = "<group>"; };
		56DF0F422057233900713420 /* loaderOGL.hpp */ = {isa = PBXFileReference; lastKnownFileType = sourcecode.cpp.h; path = loaderOGL.hpp; sourceTree = "<group>"; };
		56E611B720574FFF0036FA07 /* libassimp-fat.a */ = {isa = PBXFileReference; lastKnownFileType = archive.ar; name = "libassimp-fat.a"; path = "third-party-libs/assimp_iOS/libassimp-fat.a"; sourceTree = "<group>"; };
		56E611BC2057520E0036FA07 /* libassimp.a */ = {isa = PBXFileReference; lastKnownFileType = archive.ar; name = libassimp.a; path = ../assimp/lib/iOS/x86_64/libassimp.a; sourceTree = "<group>"; };
		56E611BE2057522A0036FA07 /* libassimp-fat.a */ = {isa = PBXFileReference; lastKnownFileType = archive.ar; name = "libassimp-fat.a"; path = "../assimp/lib/iOS/libassimp-fat.a"; sourceTree = "<group>"; };
		56E62A3B207CC77700F2FC05 /* glMath.xcodeproj */ = {isa = PBXFileReference; lastKnownFileType = "wrapper.pb-project"; name = glMath.xcodeproj; path = glMath/glMath.xcodeproj; sourceTree = "<group>"; };
		56F5447B205ECC4F00431095 /* constantsDefinitions.glsl */ = {isa = PBXFileReference; lastKnownFileType = text; path = constantsDefinitions.glsl; sourceTree = "<group>"; };
		56FD82032066FB2E00B57BB6 /* bloom_splitter_fshader.glsl */ = {isa = PBXFileReference; lastKnownFileType = text; path = bloom_splitter_fshader.glsl; sourceTree = "<group>"; };
/* End PBXFileReference section */

/* Begin PBXFrameworksBuildPhase section */
		568A189F2049846C0017B5CF /* Frameworks */ = {
			isa = PBXFrameworksBuildPhase;
			buildActionMask = 2147483647;
			files = (
				56D29AD2207B8E2B0080CB3B /* libassimp.a in Frameworks */,
				56D29AD3207B8E2B0080CB3B /* libIrrXML.a in Frameworks */,
				56D29AD4207B8E2B0080CB3B /* libzlibstatic.a in Frameworks */,
				56267871204AC01000A203F2 /* OpenGLES.framework in Frameworks */,
			);
			runOnlyForDeploymentPostprocessing = 0;
		};
		568FA86D2048A2E2005BD711 /* Frameworks */ = {
			isa = PBXFrameworksBuildPhase;
			buildActionMask = 2147483647;
			files = (
				56267873204AC01B00A203F2 /* OpenGL.framework in Frameworks */,
			);
			runOnlyForDeploymentPostprocessing = 0;
		};
		56D29ABF207B8DED0080CB3B /* Frameworks */ = {
			isa = PBXFrameworksBuildPhase;
			buildActionMask = 2147483647;
			files = (
				56D29ACC207B8E120080CB3B /* libassimp.a in Frameworks */,
				56D29ACD207B8E120080CB3B /* libzlibstatic.a in Frameworks */,
				56D29ACE207B8E120080CB3B /* libIrrXML.a in Frameworks */,
				56D29AC3207B8DED0080CB3B /* OpenGLES.framework in Frameworks */,
			);
			runOnlyForDeploymentPostprocessing = 0;
		};
/* End PBXFrameworksBuildPhase section */

/* Begin PBXGroup section */
		5616642C2061353000915042 /* phong */ = {
			isa = PBXGroup;
			children = (
				5616642D2061353000915042 /* phong_fshader.glsl */,
				5616642E2061353000915042 /* phong_vshader.glsl */,
			);
			path = phong;
			sourceTree = "<group>";
		};
		5616642F2061353000915042 /* light_source_drawer */ = {
			isa = PBXGroup;
			children = (
				561664302061353000915042 /* light_source_drawer_fshader.glsl */,
				561664312061353000915042 /* light_source_drawer_vshader.glsl */,
			);
			path = light_source_drawer;
			sourceTree = "<group>";
		};
		561664322061355B00915042 /* gouraud */ = {
			isa = PBXGroup;
			children = (
				561664332061358D00915042 /* gouraud_vshader.glsl */,
				561664342061359A00915042 /* gouraud_fshader.glsl */,
			);
			path = gouraud;
			sourceTree = "<group>";
		};
		561EFE92206727DD0097D9B7 /* gaussian_blur */ = {
			isa = PBXGroup;
			children = (
				561EFE96206727F60097D9B7 /* gaussian_blur_fshader.glsl */,
			);
			path = gaussian_blur;
			sourceTree = "<group>";
		};
		5626786D204AC01000A203F2 /* Frameworks */ = {
			isa = PBXGroup;
			children = (
				56B12337207B7E5F001046CD /* libassimp.a */,
				56BD165E205759D8001B02C5 /* libIrrXML.a */,
				56D29ACB207B8E120080CB3B /* libIrrXML.a */,
				56BD165F205759D8001B02C5 /* libzlibstatic.a */,
				56D29AC9207B8E120080CB3B /* libassimp.a */,
				56D29ACA207B8E120080CB3B /* libzlibstatic.a */,
				56D29ACF207B8E2B0080CB3B /* libassimp.a */,
				56D29AD0207B8E2B0080CB3B /* libIrrXML.a */,
				56D29AD1207B8E2B0080CB3B /* libzlibstatic.a */,
				56BD165720575801001B02C5 /* libIrrXML2.a */,
				56BD1651205757DD001B02C5 /* libIrrXML 2.a */,
				56BD1652205757DD001B02C5 /* libIrrXML.a */,
				56BD1653205757DD001B02C5 /* libzlibstatic.a */,
				56E611BE2057522A0036FA07 /* libassimp-fat.a */,
				56BD164F205757D8001B02C5 /* libassimp-fat.a */,
				56E611BC2057520E0036FA07 /* libassimp.a */,
				56E611B720574FFF0036FA07 /* libassimp-fat.a */,
				56267872204AC01A00A203F2 /* OpenGL.framework */,
				56267870204AC01000A203F2 /* OpenGLES.framework */,
			);
			name = Frameworks;
			sourceTree = "<group>";
		};
		56296720204F31E300685BAE /* deferred_render */ = {
			isa = PBXGroup;
			children = (
				5673024F20503A7D0066993D /* lighting_vshader.glsl */,
				5673024C20503A7D0066993D /* lighting_fshader.glsl */,
				56296721204F31E300685BAE /* g_buf_vshader.glsl */,
				56296722204F31E300685BAE /* g_buf_fshader.glsl */,
			);
			path = deferred_render;
			sourceTree = "<group>";
		};
		5633FA98204B6FCA003449EE /* ogl */ = {
			isa = PBXGroup;
			children = (
				5633FAB1204C64D7003449EE /* drawableOGL.cpp */,
				5633FAB0204C64D7003449EE /* drawableOGL.hpp */,
				5633FA99204B6FCA003449EE /* geometryOGL.hpp */,
				5633FA9A204B6FCA003449EE /* geometryOGL.cpp */,
				5674533F20540C6F000E7EBD /* textureOGL.cpp */,
				5674534020540C6F000E7EBD /* textureOGL.hpp */,
				565AAAC62069B5F3002B6C6B /* materialOGL.cpp */,
				565AAAC72069B5F3002B6C6B /* materialOGL.hpp */,
			);
			path = ogl;
			sourceTree = "<group>";
		};
		5633FAB7204C6625003449EE /* utils */ = {
			isa = PBXGroup;
			children = (
				5676F292205222B7002EAB31 /* ogl */,
				5633FAB8204C6625003449EE /* utils.hpp */,
				56DF0F3920571B6D00713420 /* loader.cpp */,
				56DF0F3A20571B6D00713420 /* loader.hpp */,
			);
			path = utils;
			sourceTree = "<group>";
		};
		5633FABA204C9EB3003449EE /* shaders */ = {
			isa = PBXGroup;
			children = (
				5636DE2020811DF000F4147C /* shadow_mapping */,
				56736CC02064744B00CE636A /* postprocess */,
				56F5447B205ECC4F00431095 /* constantsDefinitions.glsl */,
				56A5ED85205580AD00BDA233 /* shaderHeaders.hpp */,
				5632E38A205EE0DA00A323A4 /* functions.glsl */,
				56296720204F31E300685BAE /* deferred_render */,
				5633FABB204C9EB3003449EE /* forward_render */,
			);
			path = shaders;
			sourceTree = "<group>";
		};
		5633FABB204C9EB3003449EE /* forward_render */ = {
			isa = PBXGroup;
			children = (
				561664322061355B00915042 /* gouraud */,
				5616642F2061353000915042 /* light_source_drawer */,
				5616642C2061353000915042 /* phong */,
			);
			path = forward_render;
			sourceTree = "<group>";
		};
		5636DE2020811DF000F4147C /* shadow_mapping */ = {
			isa = PBXGroup;
			children = (
				5636DE2620811E3100F4147C /* sm_directional_light_fshader.glsl */,
				5636DE2520811E3100F4147C /* sm_directional_light_vshader.glsl */,
			);
			path = shadow_mapping;
			sourceTree = "<group>";
		};
		5640FED1204AE77600512938 /* ogl */ = {
			isa = PBXGroup;
			children = (
				5640FED2204AE77600512938 /* shaderOGL.hpp */,
				5640FED3204AE77600512938 /* shaderOGL.cpp */,
				5676D56A204E1869005E4AFA /* forwardShaderOGL.cpp */,
				5676D56B204E1869005E4AFA /* forwardShaderOGL.hpp */,
				56296726204F3CCD00685BAE /* deferredShaderOGL.cpp */,
				56296727204F3CCD00685BAE /* deferredShaderOGL.hpp */,
				5673025120504AFC0066993D /* deferredLightingShaderOGL.cpp */,
				5673025220504AFC0066993D /* deferredLightingShaderOGL.hpp */,
				5632E390205EF83000A323A4 /* lightSourceDrawerShaderOGL.cpp */,
				5632E391205EF83000A323A4 /* lightSourceDrawerShaderOGL.hpp */,
			);
			path = ogl;
			sourceTree = "<group>";
		};
		5668DD8E205FCAD500D0EEA6 /* ogl */ = {
			isa = PBXGroup;
			children = (
				5668DD90205FCAE900D0EEA6 /* pointLightOGL.hpp */,
				562138212060212C00ABA354 /* spotLightOGL.hpp */,
			);
			path = ogl;
			sourceTree = "<group>";
		};
		56716803204ADFAE0028EFAA /* source_code */ = {
			isa = PBXGroup;
			children = (
				5633FABA204C9EB3003449EE /* shaders */,
				5633FAB5204C661A003449EE /* umbrellaHeader.hpp */,
				5633FAB7204C6625003449EE /* utils */,
				56716804204ADFAE0028EFAA /* resources */,
				5671680A204ADFAE0028EFAA /* rendering */,
				56716812204ADFAE0028EFAA /* scene */,
				56716825204ADFAE0028EFAA /* base */,
				56C3C6A920655EFE0003F630 /* config.hpp */,
			);
			path = source_code;
			sourceTree = "<group>";
		};
		56716804204ADFAE0028EFAA /* resources */ = {
			isa = PBXGroup;
			children = (
				56716806204ADFAE0028EFAA /* resourceCoordinator.cpp */,
				56716808204ADFAE0028EFAA /* resourceCoordinator.hpp */,
				56716809204ADFAE0028EFAA /* resource.hpp */,
				5633FA8E204B6988003449EE /* resource.cpp */,
			);
			path = resources;
			sourceTree = "<group>";
		};
		5671680A204ADFAE0028EFAA /* rendering */ = {
			isa = PBXGroup;
			children = (
				569A899C204FFF6200A9A292 /* reusableGeometry.hpp */,
				56736CAF206453F500CE636A /* postprocessDrawer.hpp */,
				5671680B204ADFAE0028EFAA /* ogl */,
				5671680E204ADFAE0028EFAA /* shaders */,
				56716811204ADFAE0028EFAA /* render.hpp */,
				563B99632065A7BA00B54626 /* render.cpp */,
				56296723204F328200685BAE /* forwardRender.hpp */,
				563B99682065B66900B54626 /* forwardRender.cpp */,
				56296725204F37AD00685BAE /* deferredRender.hpp */,
				567453482054B391000E7EBD /* deferredRender.cpp */,
				566D1E1A205F4CAE00CE2F84 /* lightSourcesRender.hpp */,
				563B996B2065BF3000B54626 /* lightSourcesRender.cpp */,
				560627C420632CCB005085CD /* framebuffer.hpp */,
				560627C72063325B005085CD /* renderbuffer.hpp */,
			);
			path = rendering;
			sourceTree = "<group>";
		};
		5671680B204ADFAE0028EFAA /* ogl */ = {
			isa = PBXGroup;
			children = (
				5629671B204F317900685BAE /* deferredRenderOGL.cpp */,
				5629671C204F317900685BAE /* deferredRenderOGL.hpp */,
				560627C820633B5F005085CD /* framebufferOGL.cpp */,
				560627C920633B5F005085CD /* framebufferOGL.hpp */,
				560627CD20633B69005085CD /* renderbufferOGL.cpp */,
				560627CE20633B69005085CD /* renderbufferOGL.hpp */,
				56736CBA2064572400CE636A /* postprocessDrawerOGL.cpp */,
				56736CBB2064572400CE636A /* postprocessDrawerOGL.hpp */,
			);
			path = ogl;
			sourceTree = "<group>";
		};
		5671680E204ADFAE0028EFAA /* shaders */ = {
			isa = PBXGroup;
			children = (
				5640FED1204AE77600512938 /* ogl */,
				56716810204ADFAE0028EFAA /* shader.hpp */,
				5676D568204E16AA005E4AFA /* forwardShader.hpp */,
				56296718204F312200685BAE /* deferredShader.hpp */,
				56730250205046A80066993D /* deferredLightingShader.hpp */,
				5632E38F205EF6A800A323A4 /* lightSourceDrawerShader.hpp */,
			);
			path = shaders;
			sourceTree = "<group>";
		};
		56716812204ADFAE0028EFAA /* scene */ = {
			isa = PBXGroup;
			children = (
				5633FAA7204C565B003449EE /* drawable.hpp */,
				5633FA98204B6FCA003449EE /* ogl */,
				56716814204ADFAE0028EFAA /* positionedObject.hpp */,
				566BCF2B204EAF6500E90246 /* scene.cpp */,
				56716824204ADFAE0028EFAA /* scene.hpp */,
				56716815204ADFAE0028EFAA /* camera */,
				5671681A204ADFAE0028EFAA /* lights */,
				5633FA94204B6F97003449EE /* geometry.hpp */,
				56AB0ED92058552300B8E964 /* geometry.cpp */,
				561F2EF9204F041D00D7E875 /* material.hpp */,
				56407D7F2054034800EB1061 /* texture.hpp */,
				56C9A15E2056C301008AD76B /* vertex.hpp */,
			);
			path = scene;
			sourceTree = "<group>";
		};
		56716815204ADFAE0028EFAA /* camera */ = {
			isa = PBXGroup;
			children = (
				56716819204ADFAE0028EFAA /* camera.hpp */,
				56716816204ADFAE0028EFAA /* perspectiveCamera.hpp */,
				56716818204ADFAE0028EFAA /* perspectiveCamera.cpp */,
				560313E3207F9EB300C37C68 /* orthographicCamera.cpp */,
				560313E4207F9EB300C37C68 /* orthographicCamera.hpp */,
			);
			path = camera;
			sourceTree = "<group>";
		};
		5671681A204ADFAE0028EFAA /* lights */ = {
			isa = PBXGroup;
			children = (
				5668DD8E205FCAD500D0EEA6 /* ogl */,
				5671681E204ADFAE0028EFAA /* general */,
				56716821204ADFAE0028EFAA /* directionalLight.hpp */,
				56716822204ADFAE0028EFAA /* pointLight.hpp */,
				56716823204ADFAE0028EFAA /* spotLight.hpp */,
			);
			path = lights;
			sourceTree = "<group>";
		};
		5671681E204ADFAE0028EFAA /* general */ = {
			isa = PBXGroup;
			children = (
				56716820204ADFAE0028EFAA /* light.hpp */,
			);
			path = general;
			sourceTree = "<group>";
		};
		56716825204ADFAE0028EFAA /* base */ = {
			isa = PBXGroup;
			children = (
				5671682A204ADFAE0028EFAA /* ngin.hpp */,
				56716826204ADFAE0028EFAA /* ngin.cpp */,
				56716827204ADFAE0028EFAA /* ogl */,
			);
			path = base;
			sourceTree = "<group>";
		};
		56716827204ADFAE0028EFAA /* ogl */ = {
			isa = PBXGroup;
			children = (
				56716828204ADFAE0028EFAA /* nginOGL.cpp */,
				56716829204ADFAE0028EFAA /* nginOGL.hpp */,
			);
			path = ogl;
			sourceTree = "<group>";
		};
		56736CC02064744B00CE636A /* postprocess */ = {
			isa = PBXGroup;
			children = (
				561EFE92206727DD0097D9B7 /* gaussian_blur */,
				56C3C6AC206582A60003F630 /* bloom */,
				56736CC12064745100CE636A /* hdr */,
				5642559D2068865200AF650F /* pass_trough_vshader.glsl */,
				565231B0206B9598001766F3 /* scale_fshader.glsl */,
				5677DF06206C049000AD3590 /* vignette_fshader.glsl */,
			);
			path = postprocess;
			sourceTree = "<group>";
		};
		56736CC12064745100CE636A /* hdr */ = {
			isa = PBXGroup;
			children = (
				56736CC32064745D00CE636A /* hdr_fshader.glsl */,
			);
			path = hdr;
			sourceTree = "<group>";
		};
		5676F292205222B7002EAB31 /* ogl */ = {
			isa = PBXGroup;
			children = (
				5676F295205222CB002EAB31 /* utilsOGL.cpp */,
				5676F296205222CB002EAB31 /* utilsOGL.hpp */,
				5676F29A20522919002EAB31 /* proxyOGL.hpp */,
				5676F29B20522AD1002EAB31 /* proxyOGL.cpp */,
				56DF0F422057233900713420 /* loaderOGL.hpp */,
			);
			path = ogl;
			sourceTree = "<group>";
		};
		568FA8672048A2E2005BD711 = {
			isa = PBXGroup;
			children = (
				56E62A3B207CC77700F2FC05 /* glMath.xcodeproj */,
				56716803204ADFAE0028EFAA /* source_code */,
				568FA8712048A2E2005BD711 /* Products */,
				5626786D204AC01000A203F2 /* Frameworks */,
			);
			sourceTree = "<group>";
		};
		568FA8712048A2E2005BD711 /* Products */ = {
			isa = PBXGroup;
			children = (
				568FA8702048A2E2005BD711 /* libngin_mac.a */,
				568A18A22049846C0017B5CF /* libngin_ios_arm64.a */,
				56D29AC8207B8DED0080CB3B /* libngin_ios_x86_64.a */,
			);
			name = Products;
			sourceTree = "<group>";
		};
		56C3C6AC206582A60003F630 /* bloom */ = {
			isa = PBXGroup;
			children = (
				56C3C6AD206584420003F630 /* bloom_merger_fshader.glsl */,
				56FD82032066FB2E00B57BB6 /* bloom_splitter_fshader.glsl */,
			);
			path = bloom;
			sourceTree = "<group>";
		};
		56E62A3C207CC77700F2FC05 /* Products */ = {
			isa = PBXGroup;
			children = (
				56E62A43207CC77700F2FC05 /* vector_tests */,
				56E62A45207CC77700F2FC05 /* matrix_tests */,
				56E62A47207CC77700F2FC05 /* boundingbox_tests */,
				56E62A49207CC77700F2FC05 /* plane_tests */,
			);
			name = Products;
			sourceTree = "<group>";
		};
/* End PBXGroup section */

/* Begin PBXHeadersBuildPhase section */
		568FA86E2048A2E2005BD711 /* Headers */ = {
			isa = PBXHeadersBuildPhase;
			buildActionMask = 2147483647;
			files = (
				5629672A204F3CCD00685BAE /* deferredShaderOGL.hpp in Headers */,
				5674534320540C6F000E7EBD /* textureOGL.hpp in Headers */,
				56736CBE2064572400CE636A /* postprocessDrawerOGL.hpp in Headers */,
				5671684B204ADFAE0028EFAA /* directionalLight.hpp in Headers */,
				5671684E204ADFAE0028EFAA /* scene.hpp in Headers */,
				5671683B204ADFAE0028EFAA /* positionedObject.hpp in Headers */,
				5673025520504AFC0066993D /* deferredLightingShaderOGL.hpp in Headers */,
				56716837204ADFAE0028EFAA /* shader.hpp in Headers */,
				56716831204ADFAE0028EFAA /* resource.hpp in Headers */,
				5671684A204ADFAE0028EFAA /* light.hpp in Headers */,
				5629671F204F317900685BAE /* deferredRenderOGL.hpp in Headers */,
				5671684C204ADFAE0028EFAA /* pointLight.hpp in Headers */,
				560313E8207F9EB300C37C68 /* orthographicCamera.hpp in Headers */,
				56716841204ADFAE0028EFAA /* camera.hpp in Headers */,
				56716854204ADFAE0028EFAA /* ngin.hpp in Headers */,
				56716838204ADFAE0028EFAA /* render.hpp in Headers */,
				5671683C204ADFAE0028EFAA /* perspectiveCamera.hpp in Headers */,
				5676D569204E16AA005E4AFA /* forwardShader.hpp in Headers */,
				5633FA9B204B6FCB003449EE /* geometryOGL.hpp in Headers */,
				5668DD93205FCAE900D0EEA6 /* pointLightOGL.hpp in Headers */,
				56736CB2206453F500CE636A /* postprocessDrawer.hpp in Headers */,
				5676F299205222CB002EAB31 /* utilsOGL.hpp in Headers */,
				560627D120633B69005085CD /* renderbufferOGL.hpp in Headers */,
				561F2EFC204F041D00D7E875 /* material.hpp in Headers */,
				5640FED4204AE77600512938 /* shaderOGL.hpp in Headers */,
				5632E394205EF83000A323A4 /* lightSourceDrawerShaderOGL.hpp in Headers */,
				5633FA97204B6F97003449EE /* geometry.hpp in Headers */,
				560627CC20633B5F005085CD /* framebufferOGL.hpp in Headers */,
				5676D56E204E1869005E4AFA /* forwardShaderOGL.hpp in Headers */,
				56736CC62064745D00CE636A /* hdr_fshader.glsl in Headers */,
				56DF0F452057233900713420 /* loaderOGL.hpp in Headers */,
				56DF0F3D20571B6D00713420 /* loader.hpp in Headers */,
				5633FAB2204C64D7003449EE /* drawableOGL.hpp in Headers */,
				5633FAB9204C6625003449EE /* utils.hpp in Headers */,
				5633FAB6204C661A003449EE /* umbrellaHeader.hpp in Headers */,
				5633FAAA204C565B003449EE /* drawable.hpp in Headers */,
				56716853204ADFAE0028EFAA /* nginOGL.hpp in Headers */,
				5671684D204ADFAE0028EFAA /* spotLight.hpp in Headers */,
				56716830204ADFAE0028EFAA /* resourceCoordinator.hpp in Headers */,
				565AAACA2069B5F3002B6C6B /* materialOGL.hpp in Headers */,
				569A899D204FFF6200A9A292 /* reusableGeometry.hpp in Headers */,
			);
			runOnlyForDeploymentPostprocessing = 0;
		};
/* End PBXHeadersBuildPhase section */

/* Begin PBXNativeTarget section */
		568A18A12049846C0017B5CF /* ngin_ios_arm64 */ = {
			isa = PBXNativeTarget;
			buildConfigurationList = 568A18A82049846D0017B5CF /* Build configuration list for PBXNativeTarget "ngin_ios_arm64" */;
			buildPhases = (
				568A189E2049846C0017B5CF /* Sources */,
				568A189F2049846C0017B5CF /* Frameworks */,
				568A18A02049846C0017B5CF /* CopyFiles */,
			);
			buildRules = (
			);
			dependencies = (
			);
			name = ngin_ios_arm64;
			productName = ngin_ios;
			productReference = 568A18A22049846C0017B5CF /* libngin_ios_arm64.a */;
			productType = "com.apple.product-type.library.static";
		};
		568FA86F2048A2E2005BD711 /* ngin_mac */ = {
			isa = PBXNativeTarget;
			buildConfigurationList = 568FA87B2048A2E2005BD711 /* Build configuration list for PBXNativeTarget "ngin_mac" */;
			buildPhases = (
				568FA86C2048A2E2005BD711 /* Sources */,
				568FA86D2048A2E2005BD711 /* Frameworks */,
				568FA86E2048A2E2005BD711 /* Headers */,
			);
			buildRules = (
			);
			dependencies = (
			);
			name = ngin_mac;
			productName = ngin;
			productReference = 568FA8702048A2E2005BD711 /* libngin_mac.a */;
			productType = "com.apple.product-type.library.static";
		};
		56D29AA2207B8DED0080CB3B /* ngin_ios_x86_64 */ = {
			isa = PBXNativeTarget;
			buildConfigurationList = 56D29AC5207B8DED0080CB3B /* Build configuration list for PBXNativeTarget "ngin_ios_x86_64" */;
			buildPhases = (
				56D29AA3207B8DED0080CB3B /* Sources */,
				56D29ABF207B8DED0080CB3B /* Frameworks */,
				56D29AC4207B8DED0080CB3B /* CopyFiles */,
			);
			buildRules = (
			);
			dependencies = (
			);
			name = ngin_ios_x86_64;
			productName = ngin_ios;
			productReference = 56D29AC8207B8DED0080CB3B /* libngin_ios_x86_64.a */;
			productType = "com.apple.product-type.library.static";
		};
/* End PBXNativeTarget section */

/* Begin PBXProject section */
		568FA8682048A2E2005BD711 /* Project object */ = {
			isa = PBXProject;
			attributes = {
				LastUpgradeCheck = 0920;
				ORGANIZATIONNAME = "Mateusz Stompór";
				TargetAttributes = {
					568A18A12049846C0017B5CF = {
						CreatedOnToolsVersion = 9.2;
						ProvisioningStyle = Automatic;
					};
					568FA86F2048A2E2005BD711 = {
						CreatedOnToolsVersion = 9.2;
						ProvisioningStyle = Automatic;
					};
					56D29AA2207B8DED0080CB3B = {
						ProvisioningStyle = Automatic;
					};
				};
			};
			buildConfigurationList = 568FA86B2048A2E2005BD711 /* Build configuration list for PBXProject "ngin" */;
			compatibilityVersion = "Xcode 8.0";
			developmentRegion = en;
			hasScannedForEncodings = 0;
			knownRegions = (
				en,
			);
			mainGroup = 568FA8672048A2E2005BD711;
			productRefGroup = 568FA8712048A2E2005BD711 /* Products */;
			projectDirPath = "";
			projectReferences = (
				{
					ProductGroup = 56E62A3C207CC77700F2FC05 /* Products */;
					ProjectRef = 56E62A3B207CC77700F2FC05 /* glMath.xcodeproj */;
				},
			);
			projectRoot = "";
			targets = (
				568FA86F2048A2E2005BD711 /* ngin_mac */,
				568A18A12049846C0017B5CF /* ngin_ios_arm64 */,
				56D29AA2207B8DED0080CB3B /* ngin_ios_x86_64 */,
			);
		};
/* End PBXProject section */

/* Begin PBXReferenceProxy section */
		56E62A43207CC77700F2FC05 /* vector_tests */ = {
			isa = PBXReferenceProxy;
			fileType = "compiled.mach-o.executable";
			path = vector_tests;
			remoteRef = 56E62A42207CC77700F2FC05 /* PBXContainerItemProxy */;
			sourceTree = BUILT_PRODUCTS_DIR;
		};
		56E62A45207CC77700F2FC05 /* matrix_tests */ = {
			isa = PBXReferenceProxy;
			fileType = "compiled.mach-o.executable";
			path = matrix_tests;
			remoteRef = 56E62A44207CC77700F2FC05 /* PBXContainerItemProxy */;
			sourceTree = BUILT_PRODUCTS_DIR;
		};
		56E62A47207CC77700F2FC05 /* boundingbox_tests */ = {
			isa = PBXReferenceProxy;
			fileType = "compiled.mach-o.executable";
			path = boundingbox_tests;
			remoteRef = 56E62A46207CC77700F2FC05 /* PBXContainerItemProxy */;
			sourceTree = BUILT_PRODUCTS_DIR;
		};
		56E62A49207CC77700F2FC05 /* plane_tests */ = {
			isa = PBXReferenceProxy;
			fileType = "compiled.mach-o.executable";
			path = plane_tests;
			remoteRef = 56E62A48207CC77700F2FC05 /* PBXContainerItemProxy */;
			sourceTree = BUILT_PRODUCTS_DIR;
		};
/* End PBXReferenceProxy section */

/* Begin PBXSourcesBuildPhase section */
		568A189E2049846C0017B5CF /* Sources */ = {
			isa = PBXSourcesBuildPhase;
			buildActionMask = 2147483647;
			files = (
				560627D020633B69005085CD /* renderbufferOGL.cpp in Sources */,
				5633FA9D204B6FCB003449EE /* geometryOGL.cpp in Sources */,
				563B996A2065B66900B54626 /* forwardRender.cpp in Sources */,
				5676F29D20522AD1002EAB31 /* proxyOGL.cpp in Sources */,
				5674534220540C6F000E7EBD /* textureOGL.cpp in Sources */,
				5629671E204F317900685BAE /* deferredRenderOGL.cpp in Sources */,
				56716852204ADFAE0028EFAA /* nginOGL.cpp in Sources */,
				5632E393205EF83000A323A4 /* lightSourceDrawerShaderOGL.cpp in Sources */,
				5633FA90204B6988003449EE /* resource.cpp in Sources */,
				56296729204F3CCD00685BAE /* deferredShaderOGL.cpp in Sources */,
				563B996D2065BF3000B54626 /* lightSourcesRender.cpp in Sources */,
				5671682E204ADFAE0028EFAA /* resourceCoordinator.cpp in Sources */,
				56DF0F3C20571B6D00713420 /* loader.cpp in Sources */,
				5674534A2054B391000E7EBD /* deferredRender.cpp in Sources */,
				56716840204ADFAE0028EFAA /* perspectiveCamera.cpp in Sources */,
				5676F298205222CB002EAB31 /* utilsOGL.cpp in Sources */,
				5676D56D204E1869005E4AFA /* forwardShaderOGL.cpp in Sources */,
				560627CB20633B5F005085CD /* framebufferOGL.cpp in Sources */,
				563B99652065A7BA00B54626 /* render.cpp in Sources */,
				56AB0EDB2058552300B8E964 /* geometry.cpp in Sources */,
				56716850204ADFAE0028EFAA /* ngin.cpp in Sources */,
				5673025420504AFC0066993D /* deferredLightingShaderOGL.cpp in Sources */,
				560313E6207F9EB300C37C68 /* orthographicCamera.cpp in Sources */,
				5633FAB4204C64D7003449EE /* drawableOGL.cpp in Sources */,
				5640FED6204AE77600512938 /* shaderOGL.cpp in Sources */,
				566BCF2D204EAF6500E90246 /* scene.cpp in Sources */,
				565AAAC92069B5F3002B6C6B /* materialOGL.cpp in Sources */,
				56736CBD2064572400CE636A /* postprocessDrawerOGL.cpp in Sources */,
			);
			runOnlyForDeploymentPostprocessing = 0;
		};
		568FA86C2048A2E2005BD711 /* Sources */ = {
			isa = PBXSourcesBuildPhase;
			buildActionMask = 2147483647;
			files = (
				560627CF20633B69005085CD /* renderbufferOGL.cpp in Sources */,
				5633FA9C204B6FCB003449EE /* geometryOGL.cpp in Sources */,
				563B99692065B66900B54626 /* forwardRender.cpp in Sources */,
				5676F29C20522AD1002EAB31 /* proxyOGL.cpp in Sources */,
				5674534120540C6F000E7EBD /* textureOGL.cpp in Sources */,
				5629671D204F317900685BAE /* deferredRenderOGL.cpp in Sources */,
				56716851204ADFAE0028EFAA /* nginOGL.cpp in Sources */,
				5632E392205EF83000A323A4 /* lightSourceDrawerShaderOGL.cpp in Sources */,
				5671682D204ADFAE0028EFAA /* resourceCoordinator.cpp in Sources */,
				56296728204F3CCD00685BAE /* deferredShaderOGL.cpp in Sources */,
				563B996C2065BF3000B54626 /* lightSourcesRender.cpp in Sources */,
				5633FA8F204B6988003449EE /* resource.cpp in Sources */,
				56DF0F3B20571B6D00713420 /* loader.cpp in Sources */,
				567453492054B391000E7EBD /* deferredRender.cpp in Sources */,
				5671683F204ADFAE0028EFAA /* perspectiveCamera.cpp in Sources */,
				5676F297205222CB002EAB31 /* utilsOGL.cpp in Sources */,
				5676D56C204E1869005E4AFA /* forwardShaderOGL.cpp in Sources */,
				560627CA20633B5F005085CD /* framebufferOGL.cpp in Sources */,
				563B99642065A7BA00B54626 /* render.cpp in Sources */,
				56AB0EDA2058552300B8E964 /* geometry.cpp in Sources */,
				5640FED5204AE77600512938 /* shaderOGL.cpp in Sources */,
				5673025320504AFC0066993D /* deferredLightingShaderOGL.cpp in Sources */,
				560313E5207F9EB300C37C68 /* orthographicCamera.cpp in Sources */,
				5671684F204ADFAE0028EFAA /* ngin.cpp in Sources */,
				5633FAB3204C64D7003449EE /* drawableOGL.cpp in Sources */,
				566BCF2C204EAF6500E90246 /* scene.cpp in Sources */,
				565AAAC82069B5F3002B6C6B /* materialOGL.cpp in Sources */,
				56736CBC2064572400CE636A /* postprocessDrawerOGL.cpp in Sources */,
			);
			runOnlyForDeploymentPostprocessing = 0;
		};
		56D29AA3207B8DED0080CB3B /* Sources */ = {
			isa = PBXSourcesBuildPhase;
			buildActionMask = 2147483647;
			files = (
				56D29AA4207B8DED0080CB3B /* renderbufferOGL.cpp in Sources */,
				56D29AA5207B8DED0080CB3B /* geometryOGL.cpp in Sources */,
				56D29AA6207B8DED0080CB3B /* forwardRender.cpp in Sources */,
				56D29AA7207B8DED0080CB3B /* proxyOGL.cpp in Sources */,
				56D29AA8207B8DED0080CB3B /* textureOGL.cpp in Sources */,
				56D29AA9207B8DED0080CB3B /* deferredRenderOGL.cpp in Sources */,
				56D29AAA207B8DED0080CB3B /* nginOGL.cpp in Sources */,
				56D29AAB207B8DED0080CB3B /* lightSourceDrawerShaderOGL.cpp in Sources */,
				56D29AAC207B8DED0080CB3B /* resource.cpp in Sources */,
				56D29AAD207B8DED0080CB3B /* deferredShaderOGL.cpp in Sources */,
				56D29AAE207B8DED0080CB3B /* lightSourcesRender.cpp in Sources */,
				56D29AAF207B8DED0080CB3B /* resourceCoordinator.cpp in Sources */,
				56D29AB0207B8DED0080CB3B /* loader.cpp in Sources */,
				56D29AB1207B8DED0080CB3B /* deferredRender.cpp in Sources */,
				56D29AB2207B8DED0080CB3B /* perspectiveCamera.cpp in Sources */,
				56D29AB3207B8DED0080CB3B /* utilsOGL.cpp in Sources */,
				56D29AB4207B8DED0080CB3B /* forwardShaderOGL.cpp in Sources */,
				56D29AB5207B8DED0080CB3B /* framebufferOGL.cpp in Sources */,
				56D29AB6207B8DED0080CB3B /* render.cpp in Sources */,
				56D29AB7207B8DED0080CB3B /* geometry.cpp in Sources */,
				56D29AB8207B8DED0080CB3B /* ngin.cpp in Sources */,
				56D29AB9207B8DED0080CB3B /* deferredLightingShaderOGL.cpp in Sources */,
				560313E7207F9EB300C37C68 /* orthographicCamera.cpp in Sources */,
				56D29ABA207B8DED0080CB3B /* drawableOGL.cpp in Sources */,
				56D29ABB207B8DED0080CB3B /* shaderOGL.cpp in Sources */,
				56D29ABC207B8DED0080CB3B /* scene.cpp in Sources */,
				56D29ABD207B8DED0080CB3B /* materialOGL.cpp in Sources */,
				56D29ABE207B8DED0080CB3B /* postprocessDrawerOGL.cpp in Sources */,
			);
			runOnlyForDeploymentPostprocessing = 0;
		};
/* End PBXSourcesBuildPhase section */

/* Begin XCBuildConfiguration section */
		568A18A92049846D0017B5CF /* Debug */ = {
			isa = XCBuildConfiguration;
			buildSettings = {
				CLANG_CXX_LANGUAGE_STANDARD = "c++17";
				CLANG_CXX_LIBRARY = "libc++";
				CODE_SIGN_IDENTITY = "iPhone Developer";
				CODE_SIGN_STYLE = Automatic;
				DEVELOPMENT_TEAM = R78NEXF6E2;
				ENABLE_BITCODE = YES;
				GCC_PREPROCESSOR_DEFINITIONS = (
					"ios_build=1",
					"DEBUG=1",
				);
				IPHONEOS_DEPLOYMENT_TARGET = 11.2;
				LIBRARY_SEARCH_PATHS = (
					"$(inherited)",
					"$(PROJECT_DIR)/third-party-libs/assimp_iOS",
					"$(PROJECT_DIR)/third-party-libs/assimp_iOS/arm64",
				);
				ONLY_ACTIVE_ARCH = YES;
				OTHER_CPLUSPLUSFLAGS = (
					"$(OTHER_CFLAGS)",
					"-I$(PROJECT_DIR)/third-party-libs/assimp_iOS/include",
				);
				OTHER_LDFLAGS = "-ObjC";
				PRODUCT_NAME = "$(TARGET_NAME)";
				SDKROOT = iphoneos;
				SKIP_INSTALL = NO;
				TARGETED_DEVICE_FAMILY = "1,2";
				USER_HEADER_SEARCH_PATHS = "";
				VALIDATE_PRODUCT = NO;
			};
			name = Debug;
		};
		568A18AA2049846D0017B5CF /* Release */ = {
			isa = XCBuildConfiguration;
			buildSettings = {
				CLANG_CXX_LANGUAGE_STANDARD = "c++17";
				CLANG_CXX_LIBRARY = "libc++";
				CODE_SIGN_IDENTITY = "iPhone Developer";
				CODE_SIGN_STYLE = Automatic;
				DEVELOPMENT_TEAM = R78NEXF6E2;
				ENABLE_BITCODE = YES;
				GCC_OPTIMIZATION_LEVEL = 3;
				GCC_PREPROCESSOR_DEFINITIONS = "ios_build=1";
				IPHONEOS_DEPLOYMENT_TARGET = 11.2;
				LIBRARY_SEARCH_PATHS = (
					"$(inherited)",
					"$(PROJECT_DIR)/third-party-libs/assimp_iOS",
					"$(PROJECT_DIR)/third-party-libs/assimp_iOS/arm64",
				);
				ONLY_ACTIVE_ARCH = YES;
				OTHER_CPLUSPLUSFLAGS = (
					"$(OTHER_CFLAGS)",
					"-I$(PROJECT_DIR)/third-party-libs/assimp_iOS/include",
				);
				OTHER_LDFLAGS = "-ObjC";
				PRODUCT_NAME = "$(TARGET_NAME)";
				SDKROOT = iphoneos;
				SKIP_INSTALL = NO;
				TARGETED_DEVICE_FAMILY = "1,2";
				USER_HEADER_SEARCH_PATHS = "";
				VALIDATE_PRODUCT = YES;
			};
			name = Release;
		};
		568FA8792048A2E2005BD711 /* Debug */ = {
			isa = XCBuildConfiguration;
			buildSettings = {
				ALWAYS_SEARCH_USER_PATHS = NO;
				CLANG_ANALYZER_NONNULL = YES;
				CLANG_ANALYZER_NUMBER_OBJECT_CONVERSION = YES_AGGRESSIVE;
				CLANG_CXX_LANGUAGE_STANDARD = "c++17";
				CLANG_CXX_LIBRARY = "libc++";
				CLANG_ENABLE_MODULES = YES;
				CLANG_ENABLE_OBJC_ARC = YES;
				CLANG_WARN_BLOCK_CAPTURE_AUTORELEASING = YES;
				CLANG_WARN_BOOL_CONVERSION = YES;
				CLANG_WARN_COMMA = YES;
				CLANG_WARN_CONSTANT_CONVERSION = YES;
				CLANG_WARN_DIRECT_OBJC_ISA_USAGE = YES_ERROR;
				CLANG_WARN_DOCUMENTATION_COMMENTS = YES;
				CLANG_WARN_EMPTY_BODY = YES;
				CLANG_WARN_ENUM_CONVERSION = YES;
				CLANG_WARN_INFINITE_RECURSION = YES;
				CLANG_WARN_INT_CONVERSION = YES;
				CLANG_WARN_NON_LITERAL_NULL_CONVERSION = YES;
				CLANG_WARN_OBJC_LITERAL_CONVERSION = YES;
				CLANG_WARN_OBJC_ROOT_CLASS = YES_ERROR;
				CLANG_WARN_RANGE_LOOP_ANALYSIS = YES;
				CLANG_WARN_STRICT_PROTOTYPES = YES;
				CLANG_WARN_SUSPICIOUS_MOVE = YES;
				CLANG_WARN_UNGUARDED_AVAILABILITY = YES_AGGRESSIVE;
				CLANG_WARN_UNREACHABLE_CODE = YES;
				CLANG_WARN__DUPLICATE_METHOD_MATCH = YES;
				CODE_SIGN_IDENTITY = "Mac Developer";
				COPY_PHASE_STRIP = NO;
				DEBUG_INFORMATION_FORMAT = dwarf;
				ENABLE_STRICT_OBJC_MSGSEND = YES;
				ENABLE_TESTABILITY = YES;
				GCC_C_LANGUAGE_STANDARD = gnu11;
				GCC_DYNAMIC_NO_PIC = NO;
				GCC_NO_COMMON_BLOCKS = YES;
				GCC_OPTIMIZATION_LEVEL = 0;
				GCC_PREPROCESSOR_DEFINITIONS = (
					"DEBUG=1",
					"$(inherited)",
				);
				GCC_WARN_64_TO_32_BIT_CONVERSION = YES;
				GCC_WARN_ABOUT_RETURN_TYPE = YES_ERROR;
				GCC_WARN_UNDECLARED_SELECTOR = YES;
				GCC_WARN_UNINITIALIZED_AUTOS = YES_AGGRESSIVE;
				GCC_WARN_UNUSED_FUNCTION = YES;
				GCC_WARN_UNUSED_VARIABLE = YES;
				MACOSX_DEPLOYMENT_TARGET = 10.13;
				MTL_ENABLE_DEBUG_INFO = YES;
				ONLY_ACTIVE_ARCH = YES;
				OTHER_CPLUSPLUSFLAGS = (
					"$(OTHER_CFLAGS)",
					"-I/usr/local/Cellar/assimp/4.1.0/include",
				);
				OTHER_LDFLAGS = (
					"-L/usr/local/Cellar/assimp/4.1.0/lib",
					"-lassimp",
				);
				SDKROOT = macosx;
				USER_HEADER_SEARCH_PATHS = "";
			};
			name = Debug;
		};
		568FA87A2048A2E2005BD711 /* Release */ = {
			isa = XCBuildConfiguration;
			buildSettings = {
				ALWAYS_SEARCH_USER_PATHS = NO;
				CLANG_ANALYZER_NONNULL = YES;
				CLANG_ANALYZER_NUMBER_OBJECT_CONVERSION = YES_AGGRESSIVE;
				CLANG_CXX_LANGUAGE_STANDARD = "c++17";
				CLANG_CXX_LIBRARY = "libc++";
				CLANG_ENABLE_MODULES = YES;
				CLANG_ENABLE_OBJC_ARC = YES;
				CLANG_WARN_BLOCK_CAPTURE_AUTORELEASING = YES;
				CLANG_WARN_BOOL_CONVERSION = YES;
				CLANG_WARN_COMMA = YES;
				CLANG_WARN_CONSTANT_CONVERSION = YES;
				CLANG_WARN_DIRECT_OBJC_ISA_USAGE = YES_ERROR;
				CLANG_WARN_DOCUMENTATION_COMMENTS = YES;
				CLANG_WARN_EMPTY_BODY = YES;
				CLANG_WARN_ENUM_CONVERSION = YES;
				CLANG_WARN_INFINITE_RECURSION = YES;
				CLANG_WARN_INT_CONVERSION = YES;
				CLANG_WARN_NON_LITERAL_NULL_CONVERSION = YES;
				CLANG_WARN_OBJC_LITERAL_CONVERSION = YES;
				CLANG_WARN_OBJC_ROOT_CLASS = YES_ERROR;
				CLANG_WARN_RANGE_LOOP_ANALYSIS = YES;
				CLANG_WARN_STRICT_PROTOTYPES = YES;
				CLANG_WARN_SUSPICIOUS_MOVE = YES;
				CLANG_WARN_UNGUARDED_AVAILABILITY = YES_AGGRESSIVE;
				CLANG_WARN_UNREACHABLE_CODE = YES;
				CLANG_WARN__DUPLICATE_METHOD_MATCH = YES;
				CODE_SIGN_IDENTITY = "Mac Developer";
				COPY_PHASE_STRIP = NO;
				DEBUG_INFORMATION_FORMAT = "dwarf-with-dsym";
				ENABLE_NS_ASSERTIONS = NO;
				ENABLE_STRICT_OBJC_MSGSEND = YES;
				GCC_C_LANGUAGE_STANDARD = gnu11;
				GCC_NO_COMMON_BLOCKS = YES;
				GCC_WARN_64_TO_32_BIT_CONVERSION = YES;
				GCC_WARN_ABOUT_RETURN_TYPE = YES_ERROR;
				GCC_WARN_UNDECLARED_SELECTOR = YES;
				GCC_WARN_UNINITIALIZED_AUTOS = YES_AGGRESSIVE;
				GCC_WARN_UNUSED_FUNCTION = YES;
				GCC_WARN_UNUSED_VARIABLE = YES;
				MACOSX_DEPLOYMENT_TARGET = 10.13;
				MTL_ENABLE_DEBUG_INFO = NO;
				OTHER_CPLUSPLUSFLAGS = (
					"$(OTHER_CFLAGS)",
					"-I/usr/local/Cellar/assimp/4.1.0/include",
				);
				OTHER_LDFLAGS = (
					"-L/usr/local/Cellar/assimp/4.1.0/lib",
					"-lassimp",
				);
				SDKROOT = macosx;
				USER_HEADER_SEARCH_PATHS = "";
			};
			name = Release;
		};
		568FA87C2048A2E2005BD711 /* Debug */ = {
			isa = XCBuildConfiguration;
			buildSettings = {
				CODE_SIGN_STYLE = Automatic;
				DEVELOPMENT_TEAM = R78NEXF6E2;
				EXECUTABLE_PREFIX = lib;
				GCC_ENABLE_CPP_EXCEPTIONS = YES;
				GCC_ENABLE_CPP_RTTI = YES;
				GCC_PREPROCESSOR_DEFINITIONS = (
					"mac_build=1",
					"DEBUG=1",
				);
				LIBRARY_SEARCH_PATHS = "";
				OTHER_CPLUSPLUSFLAGS = (
					"$(OTHER_CFLAGS)",
					"-I/usr/local/Cellar/assimp/4.1.0/include",
				);
				PRODUCT_NAME = "$(TARGET_NAME)";
			};
			name = Debug;
		};
		568FA87D2048A2E2005BD711 /* Release */ = {
			isa = XCBuildConfiguration;
			buildSettings = {
				CODE_SIGN_STYLE = Automatic;
				DEVELOPMENT_TEAM = R78NEXF6E2;
				EXECUTABLE_PREFIX = lib;
				GCC_ENABLE_CPP_EXCEPTIONS = YES;
				GCC_ENABLE_CPP_RTTI = YES;
				GCC_PREPROCESSOR_DEFINITIONS = "mac_build=1";
				LIBRARY_SEARCH_PATHS = "";
				OTHER_CPLUSPLUSFLAGS = (
					"$(OTHER_CFLAGS)",
					"-I/usr/local/Cellar/assimp/4.1.0/include",
				);
				PRODUCT_NAME = "$(TARGET_NAME)";
			};
			name = Release;
		};
		56D29AC6207B8DED0080CB3B /* Debug */ = {
			isa = XCBuildConfiguration;
			buildSettings = {
				CLANG_CXX_LANGUAGE_STANDARD = "c++17";
				CLANG_CXX_LIBRARY = "libc++";
				CODE_SIGN_IDENTITY = "iPhone Developer";
				CODE_SIGN_STYLE = Automatic;
				DEVELOPMENT_TEAM = R78NEXF6E2;
				ENABLE_BITCODE = YES;
				GCC_PREPROCESSOR_DEFINITIONS = (
					"ios_build=1",
					"DEBUG=1",
				);
				IPHONEOS_DEPLOYMENT_TARGET = 11.2;
				LIBRARY_SEARCH_PATHS = (
					"$(inherited)",
					"$(PROJECT_DIR)/third-party-libs/assimp_iOS",
					"$(PROJECT_DIR)/third-party-libs/assimp_iOS/x86_64",
				);
				ONLY_ACTIVE_ARCH = YES;
				OTHER_CPLUSPLUSFLAGS = (
					"$(OTHER_CFLAGS)",
					"-I$(PROJECT_DIR)/third-party-libs/assimp_iOS/include",
				);
				OTHER_LDFLAGS = "-ObjC";
				PRODUCT_NAME = "$(TARGET_NAME)";
				SDKROOT = iphoneos;
				SKIP_INSTALL = NO;
				TARGETED_DEVICE_FAMILY = "1,2";
				USER_HEADER_SEARCH_PATHS = "";
				VALIDATE_PRODUCT = NO;
			};
			name = Debug;
		};
		56D29AC7207B8DED0080CB3B /* Release */ = {
			isa = XCBuildConfiguration;
			buildSettings = {
				CLANG_CXX_LANGUAGE_STANDARD = "c++17";
				CLANG_CXX_LIBRARY = "libc++";
				CODE_SIGN_IDENTITY = "iPhone Developer";
				CODE_SIGN_STYLE = Automatic;
				DEVELOPMENT_TEAM = R78NEXF6E2;
				ENABLE_BITCODE = YES;
				GCC_OPTIMIZATION_LEVEL = 3;
				GCC_PREPROCESSOR_DEFINITIONS = "ios_build=1";
				IPHONEOS_DEPLOYMENT_TARGET = 11.2;
				LIBRARY_SEARCH_PATHS = (
					"$(inherited)",
					"$(PROJECT_DIR)/third-party-libs/assimp_iOS",
					"$(PROJECT_DIR)/third-party-libs/assimp_iOS/x86_64",
				);
				ONLY_ACTIVE_ARCH = YES;
				OTHER_CPLUSPLUSFLAGS = (
					"$(OTHER_CFLAGS)",
					"-I$(PROJECT_DIR)/third-party-libs/assimp_iOS/include",
				);
				OTHER_LDFLAGS = "-ObjC";
				PRODUCT_NAME = "$(TARGET_NAME)";
				SDKROOT = iphoneos;
				SKIP_INSTALL = NO;
				TARGETED_DEVICE_FAMILY = "1,2";
				USER_HEADER_SEARCH_PATHS = "";
				VALIDATE_PRODUCT = YES;
			};
			name = Release;
		};
/* End XCBuildConfiguration section */

/* Begin XCConfigurationList section */
		568A18A82049846D0017B5CF /* Build configuration list for PBXNativeTarget "ngin_ios_arm64" */ = {
			isa = XCConfigurationList;
			buildConfigurations = (
				568A18A92049846D0017B5CF /* Debug */,
				568A18AA2049846D0017B5CF /* Release */,
			);
			defaultConfigurationIsVisible = 0;
			defaultConfigurationName = Release;
		};
		568FA86B2048A2E2005BD711 /* Build configuration list for PBXProject "ngin" */ = {
			isa = XCConfigurationList;
			buildConfigurations = (
				568FA8792048A2E2005BD711 /* Debug */,
				568FA87A2048A2E2005BD711 /* Release */,
			);
			defaultConfigurationIsVisible = 0;
			defaultConfigurationName = Release;
		};
		568FA87B2048A2E2005BD711 /* Build configuration list for PBXNativeTarget "ngin_mac" */ = {
			isa = XCConfigurationList;
			buildConfigurations = (
				568FA87C2048A2E2005BD711 /* Debug */,
				568FA87D2048A2E2005BD711 /* Release */,
			);
			defaultConfigurationIsVisible = 0;
			defaultConfigurationName = Release;
		};
		56D29AC5207B8DED0080CB3B /* Build configuration list for PBXNativeTarget "ngin_ios_x86_64" */ = {
			isa = XCConfigurationList;
			buildConfigurations = (
				56D29AC6207B8DED0080CB3B /* Debug */,
				56D29AC7207B8DED0080CB3B /* Release */,
			);
			defaultConfigurationIsVisible = 0;
			defaultConfigurationName = Release;
		};
/* End XCConfigurationList section */
	};
	rootObject = 568FA8682048A2E2005BD711 /* Project object */;
}
