// !$*UTF8*$!
{
	archiveVersion = 1;
	classes = {
	};
	objectVersion = 48;
	objects = {

/* Begin PBXBuildFile section */
		56267873204AC01B00A203F2 /* OpenGL.framework in Frameworks */ = {isa = PBXBuildFile; fileRef = 56267872204AC01A00A203F2 /* OpenGL.framework */; };
		56F93A3F20E84DDC00C0FD9E /* resourceCoordinator.cpp in Sources */ = {isa = PBXBuildFile; fileRef = 56F939CD20E84DDC00C0FD9E /* resourceCoordinator.cpp */; };
		56F93A4020E84DDC00C0FD9E /* resource.cpp in Sources */ = {isa = PBXBuildFile; fileRef = 56F939CE20E84DDC00C0FD9E /* resource.cpp */; };
		56F93A4120E84DDC00C0FD9E /* resourceCoordinator.hpp in Headers */ = {isa = PBXBuildFile; fileRef = 56F939CF20E84DDC00C0FD9E /* resourceCoordinator.hpp */; settings = {ATTRIBUTES = (Public, ); }; };
		56F93A4220E84DDC00C0FD9E /* resource.hpp in Headers */ = {isa = PBXBuildFile; fileRef = 56F939D020E84DDC00C0FD9E /* resource.hpp */; settings = {ATTRIBUTES = (Public, ); }; };
		56F93A4320E84DDC00C0FD9E /* config.hpp in Headers */ = {isa = PBXBuildFile; fileRef = 56F939D120E84DDC00C0FD9E /* config.hpp */; settings = {ATTRIBUTES = (Public, ); }; };
		56F93A4420E84DDC00C0FD9E /* loader.hpp in Headers */ = {isa = PBXBuildFile; fileRef = 56F939D320E84DDC00C0FD9E /* loader.hpp */; settings = {ATTRIBUTES = (Public, ); }; };
		56F93A4520E84DDC00C0FD9E /* proxyOGL.cpp in Sources */ = {isa = PBXBuildFile; fileRef = 56F939D420E84DDC00C0FD9E /* proxyOGL.cpp */; };
		56F93A4620E84DDC00C0FD9E /* proxyOGL.hpp in Headers */ = {isa = PBXBuildFile; fileRef = 56F939D520E84DDC00C0FD9E /* proxyOGL.hpp */; settings = {ATTRIBUTES = (Public, ); }; };
		56F93A4720E84DDC00C0FD9E /* utils.hpp in Headers */ = {isa = PBXBuildFile; fileRef = 56F939D620E84DDC00C0FD9E /* utils.hpp */; settings = {ATTRIBUTES = (Public, ); }; };
		56F93A4820E84DDC00C0FD9E /* loader.cpp in Sources */ = {isa = PBXBuildFile; fileRef = 56F939D720E84DDC00C0FD9E /* loader.cpp */; };
		56F93A4920E84DDC00C0FD9E /* umbrellaHeader.hpp in Headers */ = {isa = PBXBuildFile; fileRef = 56F939D820E84DDC00C0FD9E /* umbrellaHeader.hpp */; settings = {ATTRIBUTES = (Public, ); }; };
		56F93A4A20E84DDC00C0FD9E /* shaderHeaders.hpp in Headers */ = {isa = PBXBuildFile; fileRef = 56F939EF20E84DDC00C0FD9E /* shaderHeaders.hpp */; settings = {ATTRIBUTES = (Public, ); }; };
		56F93A4B20E84DDC00C0FD9E /* render.cpp in Sources */ = {isa = PBXBuildFile; fileRef = 56F939FD20E84DDC00C0FD9E /* render.cpp */; };
		56F93A4C20E84DDC00C0FD9E /* reusableGeometry.hpp in Headers */ = {isa = PBXBuildFile; fileRef = 56F939FE20E84DDC00C0FD9E /* reusableGeometry.hpp */; settings = {ATTRIBUTES = (Public, ); }; };
		56F93A4D20E84DDC00C0FD9E /* modelRender.hpp in Headers */ = {isa = PBXBuildFile; fileRef = 56F939FF20E84DDC00C0FD9E /* modelRender.hpp */; settings = {ATTRIBUTES = (Public, ); }; };
		56F93A4E20E84DDC00C0FD9E /* framebuffer.cpp in Sources */ = {isa = PBXBuildFile; fileRef = 56F93A0120E84DDC00C0FD9E /* framebuffer.cpp */; };
		56F93A4F20E84DDC00C0FD9E /* renderbuffer.hpp in Headers */ = {isa = PBXBuildFile; fileRef = 56F93A0220E84DDC00C0FD9E /* renderbuffer.hpp */; settings = {ATTRIBUTES = (Public, ); }; };
		56F93A5020E84DDC00C0FD9E /* framebuffer.hpp in Headers */ = {isa = PBXBuildFile; fileRef = 56F93A0320E84DDC00C0FD9E /* framebuffer.hpp */; settings = {ATTRIBUTES = (Public, ); }; };
		56F93A5120E84DDC00C0FD9E /* renderbuffer.cpp in Sources */ = {isa = PBXBuildFile; fileRef = 56F93A0420E84DDC00C0FD9E /* renderbuffer.cpp */; };
		56F93A5220E84DDC00C0FD9E /* deferredRender.cpp in Sources */ = {isa = PBXBuildFile; fileRef = 56F93A0520E84DDC00C0FD9E /* deferredRender.cpp */; };
		56F93A5320E84DDC00C0FD9E /* forwardRender.hpp in Headers */ = {isa = PBXBuildFile; fileRef = 56F93A0620E84DDC00C0FD9E /* forwardRender.hpp */; settings = {ATTRIBUTES = (Public, ); }; };
		56F93A5420E84DDC00C0FD9E /* lightSourcesRender.cpp in Sources */ = {isa = PBXBuildFile; fileRef = 56F93A0720E84DDC00C0FD9E /* lightSourcesRender.cpp */; };
		56F93A5520E84DDC00C0FD9E /* shadowRender.hpp in Headers */ = {isa = PBXBuildFile; fileRef = 56F93A0820E84DDC00C0FD9E /* shadowRender.hpp */; settings = {ATTRIBUTES = (Public, ); }; };
		56F93A5620E84DDC00C0FD9E /* postprocessRender.hpp in Headers */ = {isa = PBXBuildFile; fileRef = 56F93A0A20E84DDC00C0FD9E /* postprocessRender.hpp */; settings = {ATTRIBUTES = (Public, ); }; };
		56F93A5720E84DDC00C0FD9E /* gaussianBlurPostprocessRender.hpp in Headers */ = {isa = PBXBuildFile; fileRef = 56F93A0B20E84DDC00C0FD9E /* gaussianBlurPostprocessRender.hpp */; settings = {ATTRIBUTES = (Public, ); }; };
		56F93A5820E84DDC00C0FD9E /* vignettePostprocessRender.cpp in Sources */ = {isa = PBXBuildFile; fileRef = 56F93A0C20E84DDC00C0FD9E /* vignettePostprocessRender.cpp */; };
		56F93A5920E84DDC00C0FD9E /* vignettePostprocessRender.hpp in Headers */ = {isa = PBXBuildFile; fileRef = 56F93A0D20E84DDC00C0FD9E /* vignettePostprocessRender.hpp */; settings = {ATTRIBUTES = (Public, ); }; };
		56F93A5A20E84DDC00C0FD9E /* postprocessRender.cpp in Sources */ = {isa = PBXBuildFile; fileRef = 56F93A0E20E84DDC00C0FD9E /* postprocessRender.cpp */; };
		56F93A5B20E84DDC00C0FD9E /* gaussianBlurPostprocessRender.cpp in Sources */ = {isa = PBXBuildFile; fileRef = 56F93A0F20E84DDC00C0FD9E /* gaussianBlurPostprocessRender.cpp */; };
		56F93A5C20E84DDC00C0FD9E /* deferredRender.hpp in Headers */ = {isa = PBXBuildFile; fileRef = 56F93A1020E84DDC00C0FD9E /* deferredRender.hpp */; settings = {ATTRIBUTES = (Public, ); }; };
		56F93A5D20E84DDC00C0FD9E /* forwardRender.cpp in Sources */ = {isa = PBXBuildFile; fileRef = 56F93A1120E84DDC00C0FD9E /* forwardRender.cpp */; };
		56F93A5E20E84DDC00C0FD9E /* lightSourcesRender.hpp in Headers */ = {isa = PBXBuildFile; fileRef = 56F93A1220E84DDC00C0FD9E /* lightSourcesRender.hpp */; settings = {ATTRIBUTES = (Public, ); }; };
		56F93A5F20E84DDC00C0FD9E /* shader.cpp in Sources */ = {isa = PBXBuildFile; fileRef = 56F93A1420E84DDC00C0FD9E /* shader.cpp */; };
		56F93A6020E84DDC00C0FD9E /* shader.hpp in Headers */ = {isa = PBXBuildFile; fileRef = 56F93A1520E84DDC00C0FD9E /* shader.hpp */; settings = {ATTRIBUTES = (Public, ); }; };
		56F93A6120E84DDC00C0FD9E /* shadowRender.cpp in Sources */ = {isa = PBXBuildFile; fileRef = 56F93A1620E84DDC00C0FD9E /* shadowRender.cpp */; };
		56F93A6220E84DDC00C0FD9E /* render.hpp in Headers */ = {isa = PBXBuildFile; fileRef = 56F93A1720E84DDC00C0FD9E /* render.hpp */; settings = {ATTRIBUTES = (Public, ); }; };
		56F93A6320E84DDC00C0FD9E /* modelRender.cpp in Sources */ = {isa = PBXBuildFile; fileRef = 56F93A1820E84DDC00C0FD9E /* modelRender.cpp */; };
		56F93A6420E84DDC00C0FD9E /* textureUtilities.cpp in Sources */ = {isa = PBXBuildFile; fileRef = 56F93A1A20E84DDC00C0FD9E /* textureUtilities.cpp */; };
		56F93A6520E84DDC00C0FD9E /* geometry.cpp in Sources */ = {isa = PBXBuildFile; fileRef = 56F93A1B20E84DDC00C0FD9E /* geometry.cpp */; };
		56F93A6620E84DDC00C0FD9E /* material.hpp in Headers */ = {isa = PBXBuildFile; fileRef = 56F93A1C20E84DDC00C0FD9E /* material.hpp */; settings = {ATTRIBUTES = (Public, ); }; };
		56F93A6720E84DDC00C0FD9E /* textureArray.cpp in Sources */ = {isa = PBXBuildFile; fileRef = 56F93A1D20E84DDC00C0FD9E /* textureArray.cpp */; };
		56F93A6820E84DDC00C0FD9E /* vertex.hpp in Headers */ = {isa = PBXBuildFile; fileRef = 56F93A1E20E84DDC00C0FD9E /* vertex.hpp */; settings = {ATTRIBUTES = (Public, ); }; };
		56F93A6920E84DDC00C0FD9E /* scene.cpp in Sources */ = {isa = PBXBuildFile; fileRef = 56F93A1F20E84DDC00C0FD9E /* scene.cpp */; };
		56F93A6A20E84DDC00C0FD9E /* perspectiveCamera.hpp in Headers */ = {isa = PBXBuildFile; fileRef = 56F93A2120E84DDC00C0FD9E /* perspectiveCamera.hpp */; settings = {ATTRIBUTES = (Public, ); }; };
		56F93A6B20E84DDC00C0FD9E /* orthographicCamera.cpp in Sources */ = {isa = PBXBuildFile; fileRef = 56F93A2220E84DDC00C0FD9E /* orthographicCamera.cpp */; };
		56F93A6C20E84DDC00C0FD9E /* orthographicCamera.hpp in Headers */ = {isa = PBXBuildFile; fileRef = 56F93A2320E84DDC00C0FD9E /* orthographicCamera.hpp */; settings = {ATTRIBUTES = (Public, ); }; };
		56F93A6D20E84DDC00C0FD9E /* perspectiveCamera.cpp in Sources */ = {isa = PBXBuildFile; fileRef = 56F93A2420E84DDC00C0FD9E /* perspectiveCamera.cpp */; };
		56F93A6E20E84DDC00C0FD9E /* camera.hpp in Headers */ = {isa = PBXBuildFile; fileRef = 56F93A2520E84DDC00C0FD9E /* camera.hpp */; settings = {ATTRIBUTES = (Public, ); }; };
		56F93A6F20E84DDC00C0FD9E /* cubemap.cpp in Sources */ = {isa = PBXBuildFile; fileRef = 56F93A2620E84DDC00C0FD9E /* cubemap.cpp */; };
		56F93A7020E84DDC00C0FD9E /* texture.cpp in Sources */ = {isa = PBXBuildFile; fileRef = 56F93A2720E84DDC00C0FD9E /* texture.cpp */; };
		56F93A7120E84DDC00C0FD9E /* cubemapArray.hpp in Headers */ = {isa = PBXBuildFile; fileRef = 56F93A2820E84DDC00C0FD9E /* cubemapArray.hpp */; settings = {ATTRIBUTES = (Public, ); }; };
		56F93A7220E84DDC00C0FD9E /* drawable.cpp in Sources */ = {isa = PBXBuildFile; fileRef = 56F93A2920E84DDC00C0FD9E /* drawable.cpp */; };
		56F93A7320E84DDC00C0FD9E /* cubemap.hpp in Headers */ = {isa = PBXBuildFile; fileRef = 56F93A2A20E84DDC00C0FD9E /* cubemap.hpp */; settings = {ATTRIBUTES = (Public, ); }; };
		56F93A7420E84DDC00C0FD9E /* cubemapArray.cpp in Sources */ = {isa = PBXBuildFile; fileRef = 56F93A2B20E84DDC00C0FD9E /* cubemapArray.cpp */; };
		56F93A7520E84DDC00C0FD9E /* texture.hpp in Headers */ = {isa = PBXBuildFile; fileRef = 56F93A2C20E84DDC00C0FD9E /* texture.hpp */; settings = {ATTRIBUTES = (Public, ); }; };
		56F93A7620E84DDC00C0FD9E /* drawable.hpp in Headers */ = {isa = PBXBuildFile; fileRef = 56F93A2D20E84DDC00C0FD9E /* drawable.hpp */; settings = {ATTRIBUTES = (Public, ); }; };
		56F93A7720E84DDC00C0FD9E /* textureUtilities.hpp in Headers */ = {isa = PBXBuildFile; fileRef = 56F93A2E20E84DDC00C0FD9E /* textureUtilities.hpp */; settings = {ATTRIBUTES = (Public, ); }; };
		56F93A7820E84DDC00C0FD9E /* geometry.hpp in Headers */ = {isa = PBXBuildFile; fileRef = 56F93A2F20E84DDC00C0FD9E /* geometry.hpp */; settings = {ATTRIBUTES = (Public, ); }; };
		56F93A7920E84DDC00C0FD9E /* material.cpp in Sources */ = {isa = PBXBuildFile; fileRef = 56F93A3020E84DDC00C0FD9E /* material.cpp */; };
		56F93A7A20E84DDC00C0FD9E /* textureArray.hpp in Headers */ = {isa = PBXBuildFile; fileRef = 56F93A3120E84DDC00C0FD9E /* textureArray.hpp */; settings = {ATTRIBUTES = (Public, ); }; };
		56F93A7B20E84DDC00C0FD9E /* directionalLight.cpp in Sources */ = {isa = PBXBuildFile; fileRef = 56F93A3320E84DDC00C0FD9E /* directionalLight.cpp */; };
		56F93A7C20E84DDC00C0FD9E /* pointLight.cpp in Sources */ = {isa = PBXBuildFile; fileRef = 56F93A3420E84DDC00C0FD9E /* pointLight.cpp */; };
		56F93A7D20E84DDC00C0FD9E /* spotLight.cpp in Sources */ = {isa = PBXBuildFile; fileRef = 56F93A3520E84DDC00C0FD9E /* spotLight.cpp */; };
		56F93A7E20E84DDC00C0FD9E /* light.cpp in Sources */ = {isa = PBXBuildFile; fileRef = 56F93A3620E84DDC00C0FD9E /* light.cpp */; };
		56F93A7F20E84DDC00C0FD9E /* light.hpp in Headers */ = {isa = PBXBuildFile; fileRef = 56F93A3720E84DDC00C0FD9E /* light.hpp */; settings = {ATTRIBUTES = (Public, ); }; };
		56F93A8020E84DDC00C0FD9E /* directionalLight.hpp in Headers */ = {isa = PBXBuildFile; fileRef = 56F93A3820E84DDC00C0FD9E /* directionalLight.hpp */; settings = {ATTRIBUTES = (Public, ); }; };
		56F93A8120E84DDC00C0FD9E /* pointLight.hpp in Headers */ = {isa = PBXBuildFile; fileRef = 56F93A3920E84DDC00C0FD9E /* pointLight.hpp */; settings = {ATTRIBUTES = (Public, ); }; };
		56F93A8220E84DDC00C0FD9E /* spotLight.hpp in Headers */ = {isa = PBXBuildFile; fileRef = 56F93A3A20E84DDC00C0FD9E /* spotLight.hpp */; settings = {ATTRIBUTES = (Public, ); }; };
		56F93A8320E84DDC00C0FD9E /* scene.hpp in Headers */ = {isa = PBXBuildFile; fileRef = 56F93A3B20E84DDC00C0FD9E /* scene.hpp */; settings = {ATTRIBUTES = (Public, ); }; };
		56F93A8420E84DDC00C0FD9E /* ngin.cpp in Sources */ = {isa = PBXBuildFile; fileRef = 56F93A3D20E84DDC00C0FD9E /* ngin.cpp */; };
		56F93A8520E84DDC00C0FD9E /* ngin.hpp in Headers */ = {isa = PBXBuildFile; fileRef = 56F93A3E20E84DDC00C0FD9E /* ngin.hpp */; settings = {ATTRIBUTES = (Public, ); }; };
/* End PBXBuildFile section */

/* Begin PBXContainerItemProxy section */
		5682C4B520D4739D00D65459 /* PBXContainerItemProxy */ = {
			isa = PBXContainerItemProxy;
			containerPortal = 5682C4B120D4739C00D65459 /* tree.xcodeproj */;
			proxyType = 2;
			remoteGlobalIDString = 5626102F209F67A500731C17;
			remoteInfo = tree;
		};
		5682C4BF20D473A500D65459 /* PBXContainerItemProxy */ = {
			isa = PBXContainerItemProxy;
			containerPortal = 5682C4B720D473A500D65459 /* glMath.xcodeproj */;
			proxyType = 2;
			remoteGlobalIDString = 56443A85203E48A000A801A7;
			remoteInfo = vector_tests;
		};
		5682C4C120D473A500D65459 /* PBXContainerItemProxy */ = {
			isa = PBXContainerItemProxy;
			containerPortal = 5682C4B720D473A500D65459 /* glMath.xcodeproj */;
			proxyType = 2;
			remoteGlobalIDString = 568BCA1F203F192800E02F23;
			remoteInfo = matrix_tests;
		};
		5682C4C320D473A500D65459 /* PBXContainerItemProxy */ = {
			isa = PBXContainerItemProxy;
			containerPortal = 5682C4B720D473A500D65459 /* glMath.xcodeproj */;
			proxyType = 2;
			remoteGlobalIDString = 567B5F692070248B00855C50;
			remoteInfo = boundingbox_tests;
		};
		5682C4C520D473A500D65459 /* PBXContainerItemProxy */ = {
			isa = PBXContainerItemProxy;
			containerPortal = 5682C4B720D473A500D65459 /* glMath.xcodeproj */;
			proxyType = 2;
			remoteGlobalIDString = 567B5F7620703AF700855C50;
			remoteInfo = plane_tests;
		};
		5682C4C720D473A500D65459 /* PBXContainerItemProxy */ = {
			isa = PBXContainerItemProxy;
			containerPortal = 5682C4B720D473A500D65459 /* glMath.xcodeproj */;
			proxyType = 2;
			remoteGlobalIDString = 56F423D32085780A003D6998;
			remoteInfo = frustum_tests;
		};
/* End PBXContainerItemProxy section */

/* Begin PBXFileReference section */
		56267870204AC01000A203F2 /* OpenGLES.framework */ = {isa = PBXFileReference; lastKnownFileType = wrapper.framework; name = OpenGLES.framework; path = Platforms/iPhoneOS.platform/Developer/SDKs/iPhoneOS11.2.sdk/System/Library/Frameworks/OpenGLES.framework; sourceTree = DEVELOPER_DIR; };
		56267872204AC01A00A203F2 /* OpenGL.framework */ = {isa = PBXFileReference; lastKnownFileType = wrapper.framework; name = OpenGL.framework; path = System/Library/Frameworks/OpenGL.framework; sourceTree = SDKROOT; };
		5682C4B120D4739C00D65459 /* tree.xcodeproj */ = {isa = PBXFileReference; lastKnownFileType = "wrapper.pb-project"; name = tree.xcodeproj; path = "third-party-libs/aTree/tree.xcodeproj"; sourceTree = "<group>"; };
		5682C4B720D473A500D65459 /* glMath.xcodeproj */ = {isa = PBXFileReference; lastKnownFileType = "wrapper.pb-project"; name = glMath.xcodeproj; path = "third-party-libs/glMath/glMath.xcodeproj"; sourceTree = "<group>"; };
		568FA8702048A2E2005BD711 /* libngin_mac.a */ = {isa = PBXFileReference; explicitFileType = archive.ar; includeInIndex = 0; path = libngin_mac.a; sourceTree = BUILT_PRODUCTS_DIR; };
		56B12337207B7E5F001046CD /* libassimp.a */ = {isa = PBXFileReference; lastKnownFileType = archive.ar; name = libassimp.a; path = "third-party-libs/assimp_iOS/libassimp.a"; sourceTree = "<group>"; };
		56BD164F205757D8001B02C5 /* libassimp-fat.a */ = {isa = PBXFileReference; lastKnownFileType = archive.ar; name = "libassimp-fat.a"; path = "third-party-libs/assimp_iOS/lib/iOS/libassimp-fat.a"; sourceTree = "<group>"; };
		56BD1651205757DD001B02C5 /* libIrrXML 2.a */ = {isa = PBXFileReference; lastKnownFileType = archive.ar; name = "libIrrXML 2.a"; path = "third-party-libs/assimp_iOS/lib/libIrrXML 2.a"; sourceTree = "<group>"; };
		56BD1652205757DD001B02C5 /* libIrrXML.a */ = {isa = PBXFileReference; lastKnownFileType = archive.ar; name = libIrrXML.a; path = "third-party-libs/assimp_iOS/lib/libIrrXML.a"; sourceTree = "<group>"; };
		56BD1653205757DD001B02C5 /* libzlibstatic.a */ = {isa = PBXFileReference; lastKnownFileType = archive.ar; name = libzlibstatic.a; path = "third-party-libs/assimp_iOS/lib/libzlibstatic.a"; sourceTree = "<group>"; };
		56BD165720575801001B02C5 /* libIrrXML2.a */ = {isa = PBXFileReference; lastKnownFileType = archive.ar; name = libIrrXML2.a; path = "third-party-libs/assimp_iOS/lib/libIrrXML2.a"; sourceTree = "<group>"; };
		56BD165E205759D8001B02C5 /* libIrrXML.a */ = {isa = PBXFileReference; lastKnownFileType = archive.ar; name = libIrrXML.a; path = "third-party-libs/assimp_iOS/libIrrXML.a"; sourceTree = "<group>"; };
		56BD165F205759D8001B02C5 /* libzlibstatic.a */ = {isa = PBXFileReference; lastKnownFileType = archive.ar; name = libzlibstatic.a; path = "third-party-libs/assimp_iOS/libzlibstatic.a"; sourceTree = "<group>"; };
		56D29AC9207B8E120080CB3B /* libassimp.a */ = {isa = PBXFileReference; lastKnownFileType = archive.ar; name = libassimp.a; path = "third-party-libs/assimp_iOS/x86_64/libassimp.a"; sourceTree = "<group>"; };
		56D29ACA207B8E120080CB3B /* libzlibstatic.a */ = {isa = PBXFileReference; lastKnownFileType = archive.ar; name = libzlibstatic.a; path = "third-party-libs/assimp_iOS/x86_64/libzlibstatic.a"; sourceTree = "<group>"; };
		56D29ACB207B8E120080CB3B /* libIrrXML.a */ = {isa = PBXFileReference; lastKnownFileType = archive.ar; name = libIrrXML.a; path = "third-party-libs/assimp_iOS/x86_64/libIrrXML.a"; sourceTree = "<group>"; };
		56D29ACF207B8E2B0080CB3B /* libassimp.a */ = {isa = PBXFileReference; lastKnownFileType = archive.ar; name = libassimp.a; path = "third-party-libs/assimp_iOS/arm64/libassimp.a"; sourceTree = "<group>"; };
		56D29AD0207B8E2B0080CB3B /* libIrrXML.a */ = {isa = PBXFileReference; lastKnownFileType = archive.ar; name = libIrrXML.a; path = "third-party-libs/assimp_iOS/arm64/libIrrXML.a"; sourceTree = "<group>"; };
		56D29AD1207B8E2B0080CB3B /* libzlibstatic.a */ = {isa = PBXFileReference; lastKnownFileType = archive.ar; name = libzlibstatic.a; path = "third-party-libs/assimp_iOS/arm64/libzlibstatic.a"; sourceTree = "<group>"; };
		56E611B720574FFF0036FA07 /* libassimp-fat.a */ = {isa = PBXFileReference; lastKnownFileType = archive.ar; name = "libassimp-fat.a"; path = "third-party-libs/assimp_iOS/libassimp-fat.a"; sourceTree = "<group>"; };
		56E611BC2057520E0036FA07 /* libassimp.a */ = {isa = PBXFileReference; lastKnownFileType = archive.ar; name = libassimp.a; path = ../assimp/lib/iOS/x86_64/libassimp.a; sourceTree = "<group>"; };
		56E611BE2057522A0036FA07 /* libassimp-fat.a */ = {isa = PBXFileReference; lastKnownFileType = archive.ar; name = "libassimp-fat.a"; path = "../assimp/lib/iOS/libassimp-fat.a"; sourceTree = "<group>"; };
		56F939CD20E84DDC00C0FD9E /* resourceCoordinator.cpp */ = {isa = PBXFileReference; fileEncoding = 4; lastKnownFileType = sourcecode.cpp.cpp; path = resourceCoordinator.cpp; sourceTree = "<group>"; };
		56F939CE20E84DDC00C0FD9E /* resource.cpp */ = {isa = PBXFileReference; fileEncoding = 4; lastKnownFileType = sourcecode.cpp.cpp; path = resource.cpp; sourceTree = "<group>"; };
		56F939CF20E84DDC00C0FD9E /* resourceCoordinator.hpp */ = {isa = PBXFileReference; fileEncoding = 4; lastKnownFileType = sourcecode.cpp.h; path = resourceCoordinator.hpp; sourceTree = "<group>"; };
		56F939D020E84DDC00C0FD9E /* resource.hpp */ = {isa = PBXFileReference; fileEncoding = 4; lastKnownFileType = sourcecode.cpp.h; path = resource.hpp; sourceTree = "<group>"; };
		56F939D120E84DDC00C0FD9E /* config.hpp */ = {isa = PBXFileReference; fileEncoding = 4; lastKnownFileType = sourcecode.cpp.h; path = config.hpp; sourceTree = "<group>"; };
		56F939D320E84DDC00C0FD9E /* loader.hpp */ = {isa = PBXFileReference; fileEncoding = 4; lastKnownFileType = sourcecode.cpp.h; path = loader.hpp; sourceTree = "<group>"; };
		56F939D420E84DDC00C0FD9E /* proxyOGL.cpp */ = {isa = PBXFileReference; fileEncoding = 4; lastKnownFileType = sourcecode.cpp.cpp; path = proxyOGL.cpp; sourceTree = "<group>"; };
		56F939D520E84DDC00C0FD9E /* proxyOGL.hpp */ = {isa = PBXFileReference; fileEncoding = 4; lastKnownFileType = sourcecode.cpp.h; path = proxyOGL.hpp; sourceTree = "<group>"; };
		56F939D620E84DDC00C0FD9E /* utils.hpp */ = {isa = PBXFileReference; fileEncoding = 4; lastKnownFileType = sourcecode.cpp.h; path = utils.hpp; sourceTree = "<group>"; };
		56F939D720E84DDC00C0FD9E /* loader.cpp */ = {isa = PBXFileReference; fileEncoding = 4; lastKnownFileType = sourcecode.cpp.cpp; path = loader.cpp; sourceTree = "<group>"; };
		56F939D820E84DDC00C0FD9E /* umbrellaHeader.hpp */ = {isa = PBXFileReference; fileEncoding = 4; lastKnownFileType = sourcecode.cpp.h; path = umbrellaHeader.hpp; sourceTree = "<group>"; };
		56F939DA20E84DDC00C0FD9E /* constantsDefinitions.glsl */ = {isa = PBXFileReference; fileEncoding = 4; lastKnownFileType = text; path = constantsDefinitions.glsl; sourceTree = "<group>"; };
		56F939DD20E84DDC00C0FD9E /* phong_fshader.glsl */ = {isa = PBXFileReference; fileEncoding = 4; lastKnownFileType = text; path = phong_fshader.glsl; sourceTree = "<group>"; };
		56F939DE20E84DDC00C0FD9E /* phong_vshader.glsl */ = {isa = PBXFileReference; fileEncoding = 4; lastKnownFileType = text; path = phong_vshader.glsl; sourceTree = "<group>"; };
		56F939E020E84DDC00C0FD9E /* light_source_drawer_fshader.glsl */ = {isa = PBXFileReference; fileEncoding = 4; lastKnownFileType = text; path = light_source_drawer_fshader.glsl; sourceTree = "<group>"; };
		56F939E120E84DDC00C0FD9E /* light_source_drawer_vshader.glsl */ = {isa = PBXFileReference; fileEncoding = 4; lastKnownFileType = text; path = light_source_drawer_vshader.glsl; sourceTree = "<group>"; };
		56F939E320E84DDC00C0FD9E /* gouraud_vshader.glsl */ = {isa = PBXFileReference; fileEncoding = 4; lastKnownFileType = text; path = gouraud_vshader.glsl; sourceTree = "<group>"; };
		56F939E420E84DDC00C0FD9E /* gouraud_fshader.glsl */ = {isa = PBXFileReference; fileEncoding = 4; lastKnownFileType = text; path = gouraud_fshader.glsl; sourceTree = "<group>"; };
		56F939E620E84DDC00C0FD9E /* lighting_vshader.glsl */ = {isa = PBXFileReference; fileEncoding = 4; lastKnownFileType = text; path = lighting_vshader.glsl; sourceTree = "<group>"; };
		56F939E720E84DDC00C0FD9E /* g_buf_fshader.glsl */ = {isa = PBXFileReference; fileEncoding = 4; lastKnownFileType = text; path = g_buf_fshader.glsl; sourceTree = "<group>"; };
		56F939E820E84DDC00C0FD9E /* g_buf_vshader.glsl */ = {isa = PBXFileReference; fileEncoding = 4; lastKnownFileType = text; path = g_buf_vshader.glsl; sourceTree = "<group>"; };
		56F939E920E84DDC00C0FD9E /* lighting_fshader.glsl */ = {isa = PBXFileReference; fileEncoding = 4; lastKnownFileType = text; path = lighting_fshader.glsl; sourceTree = "<group>"; };
		56F939EB20E84DDC00C0FD9E /* sm_point_light_vshader.glsl */ = {isa = PBXFileReference; fileEncoding = 4; lastKnownFileType = text; path = sm_point_light_vshader.glsl; sourceTree = "<group>"; };
		56F939EC20E84DDC00C0FD9E /* sm_directional_light_fshader.glsl */ = {isa = PBXFileReference; fileEncoding = 4; lastKnownFileType = text; path = sm_directional_light_fshader.glsl; sourceTree = "<group>"; };
		56F939ED20E84DDC00C0FD9E /* sm_directional_light_vshader.glsl */ = {isa = PBXFileReference; fileEncoding = 4; lastKnownFileType = text; path = sm_directional_light_vshader.glsl; sourceTree = "<group>"; };
		56F939EE20E84DDC00C0FD9E /* sm_point_light_fshader.glsl */ = {isa = PBXFileReference; fileEncoding = 4; lastKnownFileType = text; path = sm_point_light_fshader.glsl; sourceTree = "<group>"; };
		56F939EF20E84DDC00C0FD9E /* shaderHeaders.hpp */ = {isa = PBXFileReference; fileEncoding = 4; lastKnownFileType = sourcecode.cpp.h; path = shaderHeaders.hpp; sourceTree = "<group>"; };
		56F939F120E84DDC00C0FD9E /* scale_fshader.glsl */ = {isa = PBXFileReference; fileEncoding = 4; lastKnownFileType = text; path = scale_fshader.glsl; sourceTree = "<group>"; };
		56F939F320E84DDC00C0FD9E /* hdr_fshader.glsl */ = {isa = PBXFileReference; fileEncoding = 4; lastKnownFileType = text; path = hdr_fshader.glsl; sourceTree = "<group>"; };
		56F939F420E84DDC00C0FD9E /* vignette_fshader.glsl */ = {isa = PBXFileReference; fileEncoding = 4; lastKnownFileType = text; path = vignette_fshader.glsl; sourceTree = "<group>"; };
		56F939F620E84DDC00C0FD9E /* bloom_splitter_fshader.glsl */ = {isa = PBXFileReference; fileEncoding = 4; lastKnownFileType = text; path = bloom_splitter_fshader.glsl; sourceTree = "<group>"; };
		56F939F720E84DDC00C0FD9E /* bloom_merger_fshader.glsl */ = {isa = PBXFileReference; fileEncoding = 4; lastKnownFileType = text; path = bloom_merger_fshader.glsl; sourceTree = "<group>"; };
		56F939F820E84DDC00C0FD9E /* pass_trough_vshader.glsl */ = {isa = PBXFileReference; fileEncoding = 4; lastKnownFileType = text; path = pass_trough_vshader.glsl; sourceTree = "<group>"; };
		56F939FA20E84DDC00C0FD9E /* gaussian_blur_fshader.glsl */ = {isa = PBXFileReference; fileEncoding = 4; lastKnownFileType = text; path = gaussian_blur_fshader.glsl; sourceTree = "<group>"; };
		56F939FB20E84DDC00C0FD9E /* functions.glsl */ = {isa = PBXFileReference; fileEncoding = 4; lastKnownFileType = text; path = functions.glsl; sourceTree = "<group>"; };
		56F939FD20E84DDC00C0FD9E /* render.cpp */ = {isa = PBXFileReference; fileEncoding = 4; lastKnownFileType = sourcecode.cpp.cpp; path = render.cpp; sourceTree = "<group>"; };
		56F939FE20E84DDC00C0FD9E /* reusableGeometry.hpp */ = {isa = PBXFileReference; fileEncoding = 4; lastKnownFileType = sourcecode.cpp.h; path = reusableGeometry.hpp; sourceTree = "<group>"; };
		56F939FF20E84DDC00C0FD9E /* modelRender.hpp */ = {isa = PBXFileReference; fileEncoding = 4; lastKnownFileType = sourcecode.cpp.h; path = modelRender.hpp; sourceTree = "<group>"; };
		56F93A0120E84DDC00C0FD9E /* framebuffer.cpp */ = {isa = PBXFileReference; fileEncoding = 4; lastKnownFileType = sourcecode.cpp.cpp; path = framebuffer.cpp; sourceTree = "<group>"; };
		56F93A0220E84DDC00C0FD9E /* renderbuffer.hpp */ = {isa = PBXFileReference; fileEncoding = 4; lastKnownFileType = sourcecode.cpp.h; path = renderbuffer.hpp; sourceTree = "<group>"; };
		56F93A0320E84DDC00C0FD9E /* framebuffer.hpp */ = {isa = PBXFileReference; fileEncoding = 4; lastKnownFileType = sourcecode.cpp.h; path = framebuffer.hpp; sourceTree = "<group>"; };
		56F93A0420E84DDC00C0FD9E /* renderbuffer.cpp */ = {isa = PBXFileReference; fileEncoding = 4; lastKnownFileType = sourcecode.cpp.cpp; path = renderbuffer.cpp; sourceTree = "<group>"; };
		56F93A0520E84DDC00C0FD9E /* deferredRender.cpp */ = {isa = PBXFileReference; fileEncoding = 4; lastKnownFileType = sourcecode.cpp.cpp; path = deferredRender.cpp; sourceTree = "<group>"; };
		56F93A0620E84DDC00C0FD9E /* forwardRender.hpp */ = {isa = PBXFileReference; fileEncoding = 4; lastKnownFileType = sourcecode.cpp.h; path = forwardRender.hpp; sourceTree = "<group>"; };
		56F93A0720E84DDC00C0FD9E /* lightSourcesRender.cpp */ = {isa = PBXFileReference; fileEncoding = 4; lastKnownFileType = sourcecode.cpp.cpp; path = lightSourcesRender.cpp; sourceTree = "<group>"; };
		56F93A0820E84DDC00C0FD9E /* shadowRender.hpp */ = {isa = PBXFileReference; fileEncoding = 4; lastKnownFileType = sourcecode.cpp.h; path = shadowRender.hpp; sourceTree = "<group>"; };
		56F93A0A20E84DDC00C0FD9E /* postprocessRender.hpp */ = {isa = PBXFileReference; fileEncoding = 4; lastKnownFileType = sourcecode.cpp.h; path = postprocessRender.hpp; sourceTree = "<group>"; };
		56F93A0B20E84DDC00C0FD9E /* gaussianBlurPostprocessRender.hpp */ = {isa = PBXFileReference; fileEncoding = 4; lastKnownFileType = sourcecode.cpp.h; path = gaussianBlurPostprocessRender.hpp; sourceTree = "<group>"; };
		56F93A0C20E84DDC00C0FD9E /* vignettePostprocessRender.cpp */ = {isa = PBXFileReference; fileEncoding = 4; lastKnownFileType = sourcecode.cpp.cpp; path = vignettePostprocessRender.cpp; sourceTree = "<group>"; };
		56F93A0D20E84DDC00C0FD9E /* vignettePostprocessRender.hpp */ = {isa = PBXFileReference; fileEncoding = 4; lastKnownFileType = sourcecode.cpp.h; path = vignettePostprocessRender.hpp; sourceTree = "<group>"; };
		56F93A0E20E84DDC00C0FD9E /* postprocessRender.cpp */ = {isa = PBXFileReference; fileEncoding = 4; lastKnownFileType = sourcecode.cpp.cpp; path = postprocessRender.cpp; sourceTree = "<group>"; };
		56F93A0F20E84DDC00C0FD9E /* gaussianBlurPostprocessRender.cpp */ = {isa = PBXFileReference; fileEncoding = 4; lastKnownFileType = sourcecode.cpp.cpp; path = gaussianBlurPostprocessRender.cpp; sourceTree = "<group>"; };
		56F93A1020E84DDC00C0FD9E /* deferredRender.hpp */ = {isa = PBXFileReference; fileEncoding = 4; lastKnownFileType = sourcecode.cpp.h; path = deferredRender.hpp; sourceTree = "<group>"; };
		56F93A1120E84DDC00C0FD9E /* forwardRender.cpp */ = {isa = PBXFileReference; fileEncoding = 4; lastKnownFileType = sourcecode.cpp.cpp; path = forwardRender.cpp; sourceTree = "<group>"; };
		56F93A1220E84DDC00C0FD9E /* lightSourcesRender.hpp */ = {isa = PBXFileReference; fileEncoding = 4; lastKnownFileType = sourcecode.cpp.h; path = lightSourcesRender.hpp; sourceTree = "<group>"; };
		56F93A1420E84DDC00C0FD9E /* shader.cpp */ = {isa = PBXFileReference; fileEncoding = 4; lastKnownFileType = sourcecode.cpp.cpp; path = shader.cpp; sourceTree = "<group>"; };
		56F93A1520E84DDC00C0FD9E /* shader.hpp */ = {isa = PBXFileReference; fileEncoding = 4; lastKnownFileType = sourcecode.cpp.h; path = shader.hpp; sourceTree = "<group>"; };
		56F93A1620E84DDC00C0FD9E /* shadowRender.cpp */ = {isa = PBXFileReference; fileEncoding = 4; lastKnownFileType = sourcecode.cpp.cpp; path = shadowRender.cpp; sourceTree = "<group>"; };
		56F93A1720E84DDC00C0FD9E /* render.hpp */ = {isa = PBXFileReference; fileEncoding = 4; lastKnownFileType = sourcecode.cpp.h; path = render.hpp; sourceTree = "<group>"; };
		56F93A1820E84DDC00C0FD9E /* modelRender.cpp */ = {isa = PBXFileReference; fileEncoding = 4; lastKnownFileType = sourcecode.cpp.cpp; path = modelRender.cpp; sourceTree = "<group>"; };
		56F93A1A20E84DDC00C0FD9E /* textureUtilities.cpp */ = {isa = PBXFileReference; fileEncoding = 4; lastKnownFileType = sourcecode.cpp.cpp; path = textureUtilities.cpp; sourceTree = "<group>"; };
		56F93A1B20E84DDC00C0FD9E /* geometry.cpp */ = {isa = PBXFileReference; fileEncoding = 4; lastKnownFileType = sourcecode.cpp.cpp; path = geometry.cpp; sourceTree = "<group>"; };
		56F93A1C20E84DDC00C0FD9E /* material.hpp */ = {isa = PBXFileReference; fileEncoding = 4; lastKnownFileType = sourcecode.cpp.h; path = material.hpp; sourceTree = "<group>"; };
		56F93A1D20E84DDC00C0FD9E /* textureArray.cpp */ = {isa = PBXFileReference; fileEncoding = 4; lastKnownFileType = sourcecode.cpp.cpp; path = textureArray.cpp; sourceTree = "<group>"; };
		56F93A1E20E84DDC00C0FD9E /* vertex.hpp */ = {isa = PBXFileReference; fileEncoding = 4; lastKnownFileType = sourcecode.cpp.h; path = vertex.hpp; sourceTree = "<group>"; };
		56F93A1F20E84DDC00C0FD9E /* scene.cpp */ = {isa = PBXFileReference; fileEncoding = 4; lastKnownFileType = sourcecode.cpp.cpp; path = scene.cpp; sourceTree = "<group>"; };
		56F93A2120E84DDC00C0FD9E /* perspectiveCamera.hpp */ = {isa = PBXFileReference; fileEncoding = 4; lastKnownFileType = sourcecode.cpp.h; path = perspectiveCamera.hpp; sourceTree = "<group>"; };
		56F93A2220E84DDC00C0FD9E /* orthographicCamera.cpp */ = {isa = PBXFileReference; fileEncoding = 4; lastKnownFileType = sourcecode.cpp.cpp; path = orthographicCamera.cpp; sourceTree = "<group>"; };
		56F93A2320E84DDC00C0FD9E /* orthographicCamera.hpp */ = {isa = PBXFileReference; fileEncoding = 4; lastKnownFileType = sourcecode.cpp.h; path = orthographicCamera.hpp; sourceTree = "<group>"; };
		56F93A2420E84DDC00C0FD9E /* perspectiveCamera.cpp */ = {isa = PBXFileReference; fileEncoding = 4; lastKnownFileType = sourcecode.cpp.cpp; path = perspectiveCamera.cpp; sourceTree = "<group>"; };
		56F93A2520E84DDC00C0FD9E /* camera.hpp */ = {isa = PBXFileReference; fileEncoding = 4; lastKnownFileType = sourcecode.cpp.h; path = camera.hpp; sourceTree = "<group>"; };
		56F93A2620E84DDC00C0FD9E /* cubemap.cpp */ = {isa = PBXFileReference; fileEncoding = 4; lastKnownFileType = sourcecode.cpp.cpp; path = cubemap.cpp; sourceTree = "<group>"; };
		56F93A2720E84DDC00C0FD9E /* texture.cpp */ = {isa = PBXFileReference; fileEncoding = 4; lastKnownFileType = sourcecode.cpp.cpp; path = texture.cpp; sourceTree = "<group>"; };
		56F93A2820E84DDC00C0FD9E /* cubemapArray.hpp */ = {isa = PBXFileReference; fileEncoding = 4; lastKnownFileType = sourcecode.cpp.h; path = cubemapArray.hpp; sourceTree = "<group>"; };
		56F93A2920E84DDC00C0FD9E /* drawable.cpp */ = {isa = PBXFileReference; fileEncoding = 4; lastKnownFileType = sourcecode.cpp.cpp; path = drawable.cpp; sourceTree = "<group>"; };
		56F93A2A20E84DDC00C0FD9E /* cubemap.hpp */ = {isa = PBXFileReference; fileEncoding = 4; lastKnownFileType = sourcecode.cpp.h; path = cubemap.hpp; sourceTree = "<group>"; };
		56F93A2B20E84DDC00C0FD9E /* cubemapArray.cpp */ = {isa = PBXFileReference; fileEncoding = 4; lastKnownFileType = sourcecode.cpp.cpp; path = cubemapArray.cpp; sourceTree = "<group>"; };
		56F93A2C20E84DDC00C0FD9E /* texture.hpp */ = {isa = PBXFileReference; fileEncoding = 4; lastKnownFileType = sourcecode.cpp.h; path = texture.hpp; sourceTree = "<group>"; };
		56F93A2D20E84DDC00C0FD9E /* drawable.hpp */ = {isa = PBXFileReference; fileEncoding = 4; lastKnownFileType = sourcecode.cpp.h; path = drawable.hpp; sourceTree = "<group>"; };
		56F93A2E20E84DDC00C0FD9E /* textureUtilities.hpp */ = {isa = PBXFileReference; fileEncoding = 4; lastKnownFileType = sourcecode.cpp.h; path = textureUtilities.hpp; sourceTree = "<group>"; };
		56F93A2F20E84DDC00C0FD9E /* geometry.hpp */ = {isa = PBXFileReference; fileEncoding = 4; lastKnownFileType = sourcecode.cpp.h; path = geometry.hpp; sourceTree = "<group>"; };
		56F93A3020E84DDC00C0FD9E /* material.cpp */ = {isa = PBXFileReference; fileEncoding = 4; lastKnownFileType = sourcecode.cpp.cpp; path = material.cpp; sourceTree = "<group>"; };
		56F93A3120E84DDC00C0FD9E /* textureArray.hpp */ = {isa = PBXFileReference; fileEncoding = 4; lastKnownFileType = sourcecode.cpp.h; path = textureArray.hpp; sourceTree = "<group>"; };
		56F93A3320E84DDC00C0FD9E /* directionalLight.cpp */ = {isa = PBXFileReference; fileEncoding = 4; lastKnownFileType = sourcecode.cpp.cpp; path = directionalLight.cpp; sourceTree = "<group>"; };
		56F93A3420E84DDC00C0FD9E /* pointLight.cpp */ = {isa = PBXFileReference; fileEncoding = 4; lastKnownFileType = sourcecode.cpp.cpp; path = pointLight.cpp; sourceTree = "<group>"; };
		56F93A3520E84DDC00C0FD9E /* spotLight.cpp */ = {isa = PBXFileReference; fileEncoding = 4; lastKnownFileType = sourcecode.cpp.cpp; path = spotLight.cpp; sourceTree = "<group>"; };
		56F93A3620E84DDC00C0FD9E /* light.cpp */ = {isa = PBXFileReference; fileEncoding = 4; lastKnownFileType = sourcecode.cpp.cpp; path = light.cpp; sourceTree = "<group>"; };
		56F93A3720E84DDC00C0FD9E /* light.hpp */ = {isa = PBXFileReference; fileEncoding = 4; lastKnownFileType = sourcecode.cpp.h; path = light.hpp; sourceTree = "<group>"; };
		56F93A3820E84DDC00C0FD9E /* directionalLight.hpp */ = {isa = PBXFileReference; fileEncoding = 4; lastKnownFileType = sourcecode.cpp.h; path = directionalLight.hpp; sourceTree = "<group>"; };
		56F93A3920E84DDC00C0FD9E /* pointLight.hpp */ = {isa = PBXFileReference; fileEncoding = 4; lastKnownFileType = sourcecode.cpp.h; path = pointLight.hpp; sourceTree = "<group>"; };
		56F93A3A20E84DDC00C0FD9E /* spotLight.hpp */ = {isa = PBXFileReference; fileEncoding = 4; lastKnownFileType = sourcecode.cpp.h; path = spotLight.hpp; sourceTree = "<group>"; };
		56F93A3B20E84DDC00C0FD9E /* scene.hpp */ = {isa = PBXFileReference; fileEncoding = 4; lastKnownFileType = sourcecode.cpp.h; path = scene.hpp; sourceTree = "<group>"; };
		56F93A3D20E84DDC00C0FD9E /* ngin.cpp */ = {isa = PBXFileReference; fileEncoding = 4; lastKnownFileType = sourcecode.cpp.cpp; path = ngin.cpp; sourceTree = "<group>"; };
		56F93A3E20E84DDC00C0FD9E /* ngin.hpp */ = {isa = PBXFileReference; fileEncoding = 4; lastKnownFileType = sourcecode.cpp.h; path = ngin.hpp; sourceTree = "<group>"; };
/* End PBXFileReference section */

/* Begin PBXFrameworksBuildPhase section */
		568FA86D2048A2E2005BD711 /* Frameworks */ = {
			isa = PBXFrameworksBuildPhase;
			buildActionMask = 2147483647;
			files = (
				56267873204AC01B00A203F2 /* OpenGL.framework in Frameworks */,
			);
			runOnlyForDeploymentPostprocessing = 0;
		};
/* End PBXFrameworksBuildPhase section */

/* Begin PBXGroup section */
		5626786D204AC01000A203F2 /* Frameworks */ = {
			isa = PBXGroup;
			children = (
				56B12337207B7E5F001046CD /* libassimp.a */,
				56BD165E205759D8001B02C5 /* libIrrXML.a */,
				56D29ACB207B8E120080CB3B /* libIrrXML.a */,
				56BD165F205759D8001B02C5 /* libzlibstatic.a */,
				56D29AC9207B8E120080CB3B /* libassimp.a */,
				56D29ACA207B8E120080CB3B /* libzlibstatic.a */,
				56D29ACF207B8E2B0080CB3B /* libassimp.a */,
				56D29AD0207B8E2B0080CB3B /* libIrrXML.a */,
				56D29AD1207B8E2B0080CB3B /* libzlibstatic.a */,
				56BD165720575801001B02C5 /* libIrrXML2.a */,
				56BD1651205757DD001B02C5 /* libIrrXML 2.a */,
				56BD1652205757DD001B02C5 /* libIrrXML.a */,
				56BD1653205757DD001B02C5 /* libzlibstatic.a */,
				56E611BE2057522A0036FA07 /* libassimp-fat.a */,
				56BD164F205757D8001B02C5 /* libassimp-fat.a */,
				56E611BC2057520E0036FA07 /* libassimp.a */,
				56E611B720574FFF0036FA07 /* libassimp-fat.a */,
				56267872204AC01A00A203F2 /* OpenGL.framework */,
				56267870204AC01000A203F2 /* OpenGLES.framework */,
			);
			name = Frameworks;
			sourceTree = "<group>";
		};
		5682C4B220D4739C00D65459 /* Products */ = {
			isa = PBXGroup;
			children = (
				5682C4B620D4739D00D65459 /* tree */,
			);
			name = Products;
			sourceTree = "<group>";
		};
		5682C4B820D473A500D65459 /* Products */ = {
			isa = PBXGroup;
			children = (
				5682C4C020D473A500D65459 /* vector_tests */,
				5682C4C220D473A500D65459 /* matrix_tests */,
				5682C4C420D473A500D65459 /* boundingbox_tests */,
				5682C4C620D473A500D65459 /* plane_tests */,
				5682C4C820D473A500D65459 /* frustum_tests */,
			);
			name = Products;
			sourceTree = "<group>";
		};
		568FA8672048A2E2005BD711 = {
			isa = PBXGroup;
			children = (
				5682C4B720D473A500D65459 /* glMath.xcodeproj */,
				5682C4B120D4739C00D65459 /* tree.xcodeproj */,
				56F939CB20E84DDC00C0FD9E /* ngin */,
				568FA8712048A2E2005BD711 /* Products */,
				5626786D204AC01000A203F2 /* Frameworks */,
			);
			sourceTree = "<group>";
		};
		568FA8712048A2E2005BD711 /* Products */ = {
			isa = PBXGroup;
			children = (
				568FA8702048A2E2005BD711 /* libngin_mac.a */,
			);
			name = Products;
			sourceTree = "<group>";
		};
		56F939CB20E84DDC00C0FD9E /* ngin */ = {
			isa = PBXGroup;
			children = (
				56F939CC20E84DDC00C0FD9E /* resources */,
				56F939D120E84DDC00C0FD9E /* config.hpp */,
				56F939D220E84DDC00C0FD9E /* utils */,
				56F939D820E84DDC00C0FD9E /* umbrellaHeader.hpp */,
				56F939D920E84DDC00C0FD9E /* shaders */,
				56F939FC20E84DDC00C0FD9E /* rendering */,
				56F93A1920E84DDC00C0FD9E /* scene */,
				56F93A3C20E84DDC00C0FD9E /* base */,
			);
			path = ngin;
			sourceTree = "<group>";
		};
		56F939CC20E84DDC00C0FD9E /* resources */ = {
			isa = PBXGroup;
			children = (
				56F939CD20E84DDC00C0FD9E /* resourceCoordinator.cpp */,
				56F939CE20E84DDC00C0FD9E /* resource.cpp */,
				56F939CF20E84DDC00C0FD9E /* resourceCoordinator.hpp */,
				56F939D020E84DDC00C0FD9E /* resource.hpp */,
			);
			path = resources;
			sourceTree = "<group>";
		};
		56F939D220E84DDC00C0FD9E /* utils */ = {
			isa = PBXGroup;
			children = (
				56F939D320E84DDC00C0FD9E /* loader.hpp */,
				56F939D420E84DDC00C0FD9E /* proxyOGL.cpp */,
				56F939D520E84DDC00C0FD9E /* proxyOGL.hpp */,
				56F939D620E84DDC00C0FD9E /* utils.hpp */,
				56F939D720E84DDC00C0FD9E /* loader.cpp */,
			);
			path = utils;
			sourceTree = "<group>";
		};
		56F939D920E84DDC00C0FD9E /* shaders */ = {
			isa = PBXGroup;
			children = (
				56F939DA20E84DDC00C0FD9E /* constantsDefinitions.glsl */,
				56F939DB20E84DDC00C0FD9E /* forward_render */,
				56F939E520E84DDC00C0FD9E /* deferred_render */,
				56F939EA20E84DDC00C0FD9E /* shadow_mapping */,
				56F939EF20E84DDC00C0FD9E /* shaderHeaders.hpp */,
				56F939F020E84DDC00C0FD9E /* postprocess */,
				56F939FB20E84DDC00C0FD9E /* functions.glsl */,
			);
			path = shaders;
			sourceTree = "<group>";
		};
		56F939DB20E84DDC00C0FD9E /* forward_render */ = {
			isa = PBXGroup;
			children = (
				56F939DC20E84DDC00C0FD9E /* phong */,
				56F939DF20E84DDC00C0FD9E /* light_source_drawer */,
				56F939E220E84DDC00C0FD9E /* gouraud */,
			);
			path = forward_render;
			sourceTree = "<group>";
		};
		56F939DC20E84DDC00C0FD9E /* phong */ = {
			isa = PBXGroup;
			children = (
				56F939DD20E84DDC00C0FD9E /* phong_fshader.glsl */,
				56F939DE20E84DDC00C0FD9E /* phong_vshader.glsl */,
			);
			path = phong;
			sourceTree = "<group>";
		};
		56F939DF20E84DDC00C0FD9E /* light_source_drawer */ = {
			isa = PBXGroup;
			children = (
				56F939E020E84DDC00C0FD9E /* light_source_drawer_fshader.glsl */,
				56F939E120E84DDC00C0FD9E /* light_source_drawer_vshader.glsl */,
			);
			path = light_source_drawer;
			sourceTree = "<group>";
		};
		56F939E220E84DDC00C0FD9E /* gouraud */ = {
			isa = PBXGroup;
			children = (
				56F939E320E84DDC00C0FD9E /* gouraud_vshader.glsl */,
				56F939E420E84DDC00C0FD9E /* gouraud_fshader.glsl */,
			);
			path = gouraud;
			sourceTree = "<group>";
		};
		56F939E520E84DDC00C0FD9E /* deferred_render */ = {
			isa = PBXGroup;
			children = (
				56F939E620E84DDC00C0FD9E /* lighting_vshader.glsl */,
				56F939E720E84DDC00C0FD9E /* g_buf_fshader.glsl */,
				56F939E820E84DDC00C0FD9E /* g_buf_vshader.glsl */,
				56F939E920E84DDC00C0FD9E /* lighting_fshader.glsl */,
			);
			path = deferred_render;
			sourceTree = "<group>";
		};
		56F939EA20E84DDC00C0FD9E /* shadow_mapping */ = {
			isa = PBXGroup;
			children = (
				56F939EB20E84DDC00C0FD9E /* sm_point_light_vshader.glsl */,
				56F939EC20E84DDC00C0FD9E /* sm_directional_light_fshader.glsl */,
				56F939ED20E84DDC00C0FD9E /* sm_directional_light_vshader.glsl */,
				56F939EE20E84DDC00C0FD9E /* sm_point_light_fshader.glsl */,
			);
			path = shadow_mapping;
			sourceTree = "<group>";
		};
		56F939F020E84DDC00C0FD9E /* postprocess */ = {
			isa = PBXGroup;
			children = (
				56F939F120E84DDC00C0FD9E /* scale_fshader.glsl */,
				56F939F220E84DDC00C0FD9E /* hdr */,
				56F939F420E84DDC00C0FD9E /* vignette_fshader.glsl */,
				56F939F520E84DDC00C0FD9E /* bloom */,
				56F939F820E84DDC00C0FD9E /* pass_trough_vshader.glsl */,
				56F939F920E84DDC00C0FD9E /* gaussian_blur */,
			);
			path = postprocess;
			sourceTree = "<group>";
		};
		56F939F220E84DDC00C0FD9E /* hdr */ = {
			isa = PBXGroup;
			children = (
				56F939F320E84DDC00C0FD9E /* hdr_fshader.glsl */,
			);
			path = hdr;
			sourceTree = "<group>";
		};
		56F939F520E84DDC00C0FD9E /* bloom */ = {
			isa = PBXGroup;
			children = (
				56F939F620E84DDC00C0FD9E /* bloom_splitter_fshader.glsl */,
				56F939F720E84DDC00C0FD9E /* bloom_merger_fshader.glsl */,
			);
			path = bloom;
			sourceTree = "<group>";
		};
		56F939F920E84DDC00C0FD9E /* gaussian_blur */ = {
			isa = PBXGroup;
			children = (
				56F939FA20E84DDC00C0FD9E /* gaussian_blur_fshader.glsl */,
			);
			path = gaussian_blur;
			sourceTree = "<group>";
		};
		56F939FC20E84DDC00C0FD9E /* rendering */ = {
			isa = PBXGroup;
			children = (
				56F939FD20E84DDC00C0FD9E /* render.cpp */,
				56F939FE20E84DDC00C0FD9E /* reusableGeometry.hpp */,
				56F939FF20E84DDC00C0FD9E /* modelRender.hpp */,
				56F93A0020E84DDC00C0FD9E /* other */,
				56F93A0520E84DDC00C0FD9E /* deferredRender.cpp */,
				56F93A0620E84DDC00C0FD9E /* forwardRender.hpp */,
				56F93A0720E84DDC00C0FD9E /* lightSourcesRender.cpp */,
				56F93A0820E84DDC00C0FD9E /* shadowRender.hpp */,
				56F93A0920E84DDC00C0FD9E /* postprocessing */,
				56F93A1020E84DDC00C0FD9E /* deferredRender.hpp */,
				56F93A1120E84DDC00C0FD9E /* forwardRender.cpp */,
				56F93A1220E84DDC00C0FD9E /* lightSourcesRender.hpp */,
				56F93A1320E84DDC00C0FD9E /* shaders */,
				56F93A1620E84DDC00C0FD9E /* shadowRender.cpp */,
				56F93A1720E84DDC00C0FD9E /* render.hpp */,
				56F93A1820E84DDC00C0FD9E /* modelRender.cpp */,
			);
			path = rendering;
			sourceTree = "<group>";
		};
		56F93A0020E84DDC00C0FD9E /* other */ = {
			isa = PBXGroup;
			children = (
				56F93A0120E84DDC00C0FD9E /* framebuffer.cpp */,
				56F93A0220E84DDC00C0FD9E /* renderbuffer.hpp */,
				56F93A0320E84DDC00C0FD9E /* framebuffer.hpp */,
				56F93A0420E84DDC00C0FD9E /* renderbuffer.cpp */,
			);
			path = other;
			sourceTree = "<group>";
		};
		56F93A0920E84DDC00C0FD9E /* postprocessing */ = {
			isa = PBXGroup;
			children = (
				56F93A0A20E84DDC00C0FD9E /* postprocessRender.hpp */,
				56F93A0B20E84DDC00C0FD9E /* gaussianBlurPostprocessRender.hpp */,
				56F93A0C20E84DDC00C0FD9E /* vignettePostprocessRender.cpp */,
				56F93A0D20E84DDC00C0FD9E /* vignettePostprocessRender.hpp */,
				56F93A0E20E84DDC00C0FD9E /* postprocessRender.cpp */,
				56F93A0F20E84DDC00C0FD9E /* gaussianBlurPostprocessRender.cpp */,
			);
			path = postprocessing;
			sourceTree = "<group>";
		};
		56F93A1320E84DDC00C0FD9E /* shaders */ = {
			isa = PBXGroup;
			children = (
				56F93A1420E84DDC00C0FD9E /* shader.cpp */,
				56F93A1520E84DDC00C0FD9E /* shader.hpp */,
			);
			path = shaders;
			sourceTree = "<group>";
		};
		56F93A1920E84DDC00C0FD9E /* scene */ = {
			isa = PBXGroup;
			children = (
				56F93A1A20E84DDC00C0FD9E /* textureUtilities.cpp */,
				56F93A1B20E84DDC00C0FD9E /* geometry.cpp */,
				56F93A1C20E84DDC00C0FD9E /* material.hpp */,
				56F93A1D20E84DDC00C0FD9E /* textureArray.cpp */,
				56F93A1E20E84DDC00C0FD9E /* vertex.hpp */,
				56F93A1F20E84DDC00C0FD9E /* scene.cpp */,
				56F93A2020E84DDC00C0FD9E /* camera */,
				56F93A2620E84DDC00C0FD9E /* cubemap.cpp */,
				56F93A2720E84DDC00C0FD9E /* texture.cpp */,
				56F93A2820E84DDC00C0FD9E /* cubemapArray.hpp */,
				56F93A2920E84DDC00C0FD9E /* drawable.cpp */,
				56F93A2A20E84DDC00C0FD9E /* cubemap.hpp */,
				56F93A2B20E84DDC00C0FD9E /* cubemapArray.cpp */,
				56F93A2C20E84DDC00C0FD9E /* texture.hpp */,
				56F93A2D20E84DDC00C0FD9E /* drawable.hpp */,
				56F93A2E20E84DDC00C0FD9E /* textureUtilities.hpp */,
				56F93A2F20E84DDC00C0FD9E /* geometry.hpp */,
				56F93A3020E84DDC00C0FD9E /* material.cpp */,
				56F93A3120E84DDC00C0FD9E /* textureArray.hpp */,
				56F93A3220E84DDC00C0FD9E /* lights */,
				56F93A3B20E84DDC00C0FD9E /* scene.hpp */,
			);
			path = scene;
			sourceTree = "<group>";
		};
		56F93A2020E84DDC00C0FD9E /* camera */ = {
			isa = PBXGroup;
			children = (
				56F93A2120E84DDC00C0FD9E /* perspectiveCamera.hpp */,
				56F93A2220E84DDC00C0FD9E /* orthographicCamera.cpp */,
				56F93A2320E84DDC00C0FD9E /* orthographicCamera.hpp */,
				56F93A2420E84DDC00C0FD9E /* perspectiveCamera.cpp */,
				56F93A2520E84DDC00C0FD9E /* camera.hpp */,
			);
			path = camera;
			sourceTree = "<group>";
		};
		56F93A3220E84DDC00C0FD9E /* lights */ = {
			isa = PBXGroup;
			children = (
				56F93A3320E84DDC00C0FD9E /* directionalLight.cpp */,
				56F93A3420E84DDC00C0FD9E /* pointLight.cpp */,
				56F93A3520E84DDC00C0FD9E /* spotLight.cpp */,
				56F93A3620E84DDC00C0FD9E /* light.cpp */,
				56F93A3720E84DDC00C0FD9E /* light.hpp */,
				56F93A3820E84DDC00C0FD9E /* directionalLight.hpp */,
				56F93A3920E84DDC00C0FD9E /* pointLight.hpp */,
				56F93A3A20E84DDC00C0FD9E /* spotLight.hpp */,
			);
			path = lights;
			sourceTree = "<group>";
		};
		56F93A3C20E84DDC00C0FD9E /* base */ = {
			isa = PBXGroup;
			children = (
				56F93A3D20E84DDC00C0FD9E /* ngin.cpp */,
				56F93A3E20E84DDC00C0FD9E /* ngin.hpp */,
			);
			path = base;
			sourceTree = "<group>";
		};
/* End PBXGroup section */

/* Begin PBXHeadersBuildPhase section */
		568FA86E2048A2E2005BD711 /* Headers */ = {
			isa = PBXHeadersBuildPhase;
			buildActionMask = 2147483647;
			files = (
				56F93A6C20E84DDC00C0FD9E /* orthographicCamera.hpp in Headers */,
				56F93A6E20E84DDC00C0FD9E /* camera.hpp in Headers */,
				56F93A6820E84DDC00C0FD9E /* vertex.hpp in Headers */,
				56F93A5620E84DDC00C0FD9E /* postprocessRender.hpp in Headers */,
				56F93A4720E84DDC00C0FD9E /* utils.hpp in Headers */,
				56F93A7F20E84DDC00C0FD9E /* light.hpp in Headers */,
				56F93A5920E84DDC00C0FD9E /* vignettePostprocessRender.hpp in Headers */,
				56F93A8220E84DDC00C0FD9E /* spotLight.hpp in Headers */,
				56F93A5C20E84DDC00C0FD9E /* deferredRender.hpp in Headers */,
				56F93A4920E84DDC00C0FD9E /* umbrellaHeader.hpp in Headers */,
				56F93A4F20E84DDC00C0FD9E /* renderbuffer.hpp in Headers */,
				56F93A5720E84DDC00C0FD9E /* gaussianBlurPostprocessRender.hpp in Headers */,
				56F93A6620E84DDC00C0FD9E /* material.hpp in Headers */,
				56F93A4A20E84DDC00C0FD9E /* shaderHeaders.hpp in Headers */,
				56F93A4320E84DDC00C0FD9E /* config.hpp in Headers */,
				56F93A7520E84DDC00C0FD9E /* texture.hpp in Headers */,
				56F93A7820E84DDC00C0FD9E /* geometry.hpp in Headers */,
				56F93A4220E84DDC00C0FD9E /* resource.hpp in Headers */,
				56F93A7320E84DDC00C0FD9E /* cubemap.hpp in Headers */,
				56F93A8120E84DDC00C0FD9E /* pointLight.hpp in Headers */,
				56F93A8020E84DDC00C0FD9E /* directionalLight.hpp in Headers */,
				56F93A4620E84DDC00C0FD9E /* proxyOGL.hpp in Headers */,
				56F93A4D20E84DDC00C0FD9E /* modelRender.hpp in Headers */,
				56F93A4120E84DDC00C0FD9E /* resourceCoordinator.hpp in Headers */,
				56F93A6220E84DDC00C0FD9E /* render.hpp in Headers */,
				56F93A8320E84DDC00C0FD9E /* scene.hpp in Headers */,
				56F93A7A20E84DDC00C0FD9E /* textureArray.hpp in Headers */,
				56F93A4420E84DDC00C0FD9E /* loader.hpp in Headers */,
				56F93A5520E84DDC00C0FD9E /* shadowRender.hpp in Headers */,
				56F93A7620E84DDC00C0FD9E /* drawable.hpp in Headers */,
				56F93A7720E84DDC00C0FD9E /* textureUtilities.hpp in Headers */,
				56F93A6020E84DDC00C0FD9E /* shader.hpp in Headers */,
				56F93A5320E84DDC00C0FD9E /* forwardRender.hpp in Headers */,
				56F93A5020E84DDC00C0FD9E /* framebuffer.hpp in Headers */,
				56F93A5E20E84DDC00C0FD9E /* lightSourcesRender.hpp in Headers */,
				56F93A6A20E84DDC00C0FD9E /* perspectiveCamera.hpp in Headers */,
				56F93A8520E84DDC00C0FD9E /* ngin.hpp in Headers */,
				56F93A4C20E84DDC00C0FD9E /* reusableGeometry.hpp in Headers */,
				56F93A7120E84DDC00C0FD9E /* cubemapArray.hpp in Headers */,
			);
			runOnlyForDeploymentPostprocessing = 0;
		};
/* End PBXHeadersBuildPhase section */

/* Begin PBXNativeTarget section */
		568FA86F2048A2E2005BD711 /* ngin_mac */ = {
			isa = PBXNativeTarget;
			buildConfigurationList = 568FA87B2048A2E2005BD711 /* Build configuration list for PBXNativeTarget "ngin_mac" */;
			buildPhases = (
				568FA86C2048A2E2005BD711 /* Sources */,
				568FA86D2048A2E2005BD711 /* Frameworks */,
				568FA86E2048A2E2005BD711 /* Headers */,
			);
			buildRules = (
			);
			dependencies = (
			);
			name = ngin_mac;
			productName = ngin;
			productReference = 568FA8702048A2E2005BD711 /* libngin_mac.a */;
			productType = "com.apple.product-type.library.static";
		};
/* End PBXNativeTarget section */

/* Begin PBXProject section */
		568FA8682048A2E2005BD711 /* Project object */ = {
			isa = PBXProject;
			attributes = {
				LastUpgradeCheck = 1000;
				ORGANIZATIONNAME = "Mateusz Stompór";
				TargetAttributes = {
					568FA86F2048A2E2005BD711 = {
						CreatedOnToolsVersion = 9.2;
						ProvisioningStyle = Automatic;
					};
				};
			};
			buildConfigurationList = 568FA86B2048A2E2005BD711 /* Build configuration list for PBXProject "ngin" */;
			compatibilityVersion = "Xcode 8.0";
			developmentRegion = en;
			hasScannedForEncodings = 0;
			knownRegions = (
				en,
			);
			mainGroup = 568FA8672048A2E2005BD711;
			productRefGroup = 568FA8712048A2E2005BD711 /* Products */;
			projectDirPath = "";
			projectReferences = (
				{
					ProductGroup = 5682C4B820D473A500D65459 /* Products */;
					ProjectRef = 5682C4B720D473A500D65459 /* glMath.xcodeproj */;
				},
				{
					ProductGroup = 5682C4B220D4739C00D65459 /* Products */;
					ProjectRef = 5682C4B120D4739C00D65459 /* tree.xcodeproj */;
				},
			);
			projectRoot = "";
			targets = (
				568FA86F2048A2E2005BD711 /* ngin_mac */,
			);
		};
/* End PBXProject section */

/* Begin PBXReferenceProxy section */
		5682C4B620D4739D00D65459 /* tree */ = {
			isa = PBXReferenceProxy;
			fileType = "compiled.mach-o.executable";
			path = tree;
			remoteRef = 5682C4B520D4739D00D65459 /* PBXContainerItemProxy */;
			sourceTree = BUILT_PRODUCTS_DIR;
		};
		5682C4C020D473A500D65459 /* vector_tests */ = {
			isa = PBXReferenceProxy;
			fileType = "compiled.mach-o.executable";
			path = vector_tests;
			remoteRef = 5682C4BF20D473A500D65459 /* PBXContainerItemProxy */;
			sourceTree = BUILT_PRODUCTS_DIR;
		};
		5682C4C220D473A500D65459 /* matrix_tests */ = {
			isa = PBXReferenceProxy;
			fileType = "compiled.mach-o.executable";
			path = matrix_tests;
			remoteRef = 5682C4C120D473A500D65459 /* PBXContainerItemProxy */;
			sourceTree = BUILT_PRODUCTS_DIR;
		};
		5682C4C420D473A500D65459 /* boundingbox_tests */ = {
			isa = PBXReferenceProxy;
			fileType = "compiled.mach-o.executable";
			path = boundingbox_tests;
			remoteRef = 5682C4C320D473A500D65459 /* PBXContainerItemProxy */;
			sourceTree = BUILT_PRODUCTS_DIR;
		};
		5682C4C620D473A500D65459 /* plane_tests */ = {
			isa = PBXReferenceProxy;
			fileType = "compiled.mach-o.executable";
			path = plane_tests;
			remoteRef = 5682C4C520D473A500D65459 /* PBXContainerItemProxy */;
			sourceTree = BUILT_PRODUCTS_DIR;
		};
		5682C4C820D473A500D65459 /* frustum_tests */ = {
			isa = PBXReferenceProxy;
			fileType = "compiled.mach-o.executable";
			path = frustum_tests;
			remoteRef = 5682C4C720D473A500D65459 /* PBXContainerItemProxy */;
			sourceTree = BUILT_PRODUCTS_DIR;
		};
/* End PBXReferenceProxy section */

/* Begin PBXSourcesBuildPhase section */
		568FA86C2048A2E2005BD711 /* Sources */ = {
			isa = PBXSourcesBuildPhase;
			buildActionMask = 2147483647;
			files = (
				56F93A6920E84DDC00C0FD9E /* scene.cpp in Sources */,
				56F93A5F20E84DDC00C0FD9E /* shader.cpp in Sources */,
				56F93A6320E84DDC00C0FD9E /* modelRender.cpp in Sources */,
				56F93A3F20E84DDC00C0FD9E /* resourceCoordinator.cpp in Sources */,
				56F93A6F20E84DDC00C0FD9E /* cubemap.cpp in Sources */,
				56F93A8420E84DDC00C0FD9E /* ngin.cpp in Sources */,
				56F93A4E20E84DDC00C0FD9E /* framebuffer.cpp in Sources */,
				56F93A4520E84DDC00C0FD9E /* proxyOGL.cpp in Sources */,
				56F93A5420E84DDC00C0FD9E /* lightSourcesRender.cpp in Sources */,
				56F93A4820E84DDC00C0FD9E /* loader.cpp in Sources */,
				56F93A5B20E84DDC00C0FD9E /* gaussianBlurPostprocessRender.cpp in Sources */,
				56F93A7C20E84DDC00C0FD9E /* pointLight.cpp in Sources */,
				56F93A5A20E84DDC00C0FD9E /* postprocessRender.cpp in Sources */,
				56F93A5D20E84DDC00C0FD9E /* forwardRender.cpp in Sources */,
				56F93A5220E84DDC00C0FD9E /* deferredRender.cpp in Sources */,
				56F93A6520E84DDC00C0FD9E /* geometry.cpp in Sources */,
				56F93A6120E84DDC00C0FD9E /* shadowRender.cpp in Sources */,
				56F93A7D20E84DDC00C0FD9E /* spotLight.cpp in Sources */,
				56F93A7E20E84DDC00C0FD9E /* light.cpp in Sources */,
				56F93A6720E84DDC00C0FD9E /* textureArray.cpp in Sources */,
				56F93A6D20E84DDC00C0FD9E /* perspectiveCamera.cpp in Sources */,
				56F93A7220E84DDC00C0FD9E /* drawable.cpp in Sources */,
				56F93A6B20E84DDC00C0FD9E /* orthographicCamera.cpp in Sources */,
				56F93A5120E84DDC00C0FD9E /* renderbuffer.cpp in Sources */,
				56F93A6420E84DDC00C0FD9E /* textureUtilities.cpp in Sources */,
				56F93A7920E84DDC00C0FD9E /* material.cpp in Sources */,
				56F93A4020E84DDC00C0FD9E /* resource.cpp in Sources */,
				56F93A7B20E84DDC00C0FD9E /* directionalLight.cpp in Sources */,
				56F93A7020E84DDC00C0FD9E /* texture.cpp in Sources */,
				56F93A7420E84DDC00C0FD9E /* cubemapArray.cpp in Sources */,
				56F93A4B20E84DDC00C0FD9E /* render.cpp in Sources */,
				56F93A5820E84DDC00C0FD9E /* vignettePostprocessRender.cpp in Sources */,
			);
			runOnlyForDeploymentPostprocessing = 0;
		};
/* End PBXSourcesBuildPhase section */

/* Begin XCBuildConfiguration section */
		568FA8792048A2E2005BD711 /* Debug */ = {
			isa = XCBuildConfiguration;
			buildSettings = {
				ALWAYS_SEARCH_USER_PATHS = NO;
				CLANG_ANALYZER_NONNULL = YES;
				CLANG_ANALYZER_NUMBER_OBJECT_CONVERSION = YES_AGGRESSIVE;
				CLANG_ANALYZER_SECURITY_FLOATLOOPCOUNTER = YES;
				CLANG_ANALYZER_SECURITY_INSECUREAPI_RAND = YES;
				CLANG_CXX_LANGUAGE_STANDARD = "c++17";
				CLANG_CXX_LIBRARY = "libc++";
				CLANG_ENABLE_MODULES = YES;
				CLANG_ENABLE_OBJC_ARC = YES;
				CLANG_WARN_BLOCK_CAPTURE_AUTORELEASING = YES;
				CLANG_WARN_BOOL_CONVERSION = YES;
				CLANG_WARN_COMMA = YES;
				CLANG_WARN_CONSTANT_CONVERSION = YES;
				CLANG_WARN_DEPRECATED_OBJC_IMPLEMENTATIONS = YES;
				CLANG_WARN_DIRECT_OBJC_ISA_USAGE = YES_ERROR;
				CLANG_WARN_DOCUMENTATION_COMMENTS = YES;
				CLANG_WARN_EMPTY_BODY = YES;
				CLANG_WARN_ENUM_CONVERSION = YES;
				CLANG_WARN_INFINITE_RECURSION = YES;
				CLANG_WARN_INT_CONVERSION = YES;
				CLANG_WARN_NON_LITERAL_NULL_CONVERSION = YES;
				CLANG_WARN_OBJC_IMPLICIT_RETAIN_SELF = YES;
				CLANG_WARN_OBJC_LITERAL_CONVERSION = YES;
				CLANG_WARN_OBJC_ROOT_CLASS = YES_ERROR;
				CLANG_WARN_RANGE_LOOP_ANALYSIS = YES;
				CLANG_WARN_STRICT_PROTOTYPES = YES;
				CLANG_WARN_SUSPICIOUS_MOVE = YES;
				CLANG_WARN_UNGUARDED_AVAILABILITY = YES_AGGRESSIVE;
				CLANG_WARN_UNREACHABLE_CODE = YES;
				CLANG_WARN__DUPLICATE_METHOD_MATCH = YES;
				CODE_SIGN_IDENTITY = "Mac Developer";
				COPY_PHASE_STRIP = NO;
				DEBUG_INFORMATION_FORMAT = dwarf;
				ENABLE_STRICT_OBJC_MSGSEND = YES;
				ENABLE_TESTABILITY = YES;
				GCC_C_LANGUAGE_STANDARD = gnu11;
				GCC_DYNAMIC_NO_PIC = NO;
				GCC_NO_COMMON_BLOCKS = YES;
				GCC_OPTIMIZATION_LEVEL = 0;
				GCC_PREPROCESSOR_DEFINITIONS = (
					"DEBUG=1",
					"$(inherited)",
				);
				GCC_WARN_64_TO_32_BIT_CONVERSION = YES;
				GCC_WARN_ABOUT_RETURN_TYPE = YES_ERROR;
				GCC_WARN_UNDECLARED_SELECTOR = YES;
				GCC_WARN_UNINITIALIZED_AUTOS = YES_AGGRESSIVE;
				GCC_WARN_UNUSED_FUNCTION = YES;
				GCC_WARN_UNUSED_VARIABLE = YES;
				MACOSX_DEPLOYMENT_TARGET = 10.13;
				MTL_ENABLE_DEBUG_INFO = YES;
				ONLY_ACTIVE_ARCH = YES;
				OTHER_CPLUSPLUSFLAGS = (
					"$(OTHER_CFLAGS)",
					"-I$(PROJECT_DIR)/third-party-libs/glMath",
					"-I$(PROJECT_DIR)/third-party-libs/assimp/include",
					"-I$(PROJECT_DIR)/third-party-libs/GSL/include",
					"-I$(PROJECT_DIR)/third-party-libs/aTree",
					"-I$(PROJECT_DIR)/third-party-libs/glMath",
					"-I/usr/local/include",
					"-I$(PROJECT_DIR)/third-party-libs",
				);
				OTHER_LDFLAGS = (
					"-L/usr/local/Cellar/assimp/4.1.0/lib",
					"-lassimp",
				);
				SDKROOT = macosx;
				USER_HEADER_SEARCH_PATHS = "";
			};
			name = Debug;
		};
		568FA87A2048A2E2005BD711 /* Release */ = {
			isa = XCBuildConfiguration;
			buildSettings = {
				ALWAYS_SEARCH_USER_PATHS = NO;
				CLANG_ANALYZER_NONNULL = YES;
				CLANG_ANALYZER_NUMBER_OBJECT_CONVERSION = YES_AGGRESSIVE;
				CLANG_ANALYZER_SECURITY_FLOATLOOPCOUNTER = YES;
				CLANG_ANALYZER_SECURITY_INSECUREAPI_RAND = YES;
				CLANG_CXX_LANGUAGE_STANDARD = "c++17";
				CLANG_CXX_LIBRARY = "libc++";
				CLANG_ENABLE_MODULES = YES;
				CLANG_ENABLE_OBJC_ARC = YES;
				CLANG_WARN_BLOCK_CAPTURE_AUTORELEASING = YES;
				CLANG_WARN_BOOL_CONVERSION = YES;
				CLANG_WARN_COMMA = YES;
				CLANG_WARN_CONSTANT_CONVERSION = YES;
				CLANG_WARN_DEPRECATED_OBJC_IMPLEMENTATIONS = YES;
				CLANG_WARN_DIRECT_OBJC_ISA_USAGE = YES_ERROR;
				CLANG_WARN_DOCUMENTATION_COMMENTS = YES;
				CLANG_WARN_EMPTY_BODY = YES;
				CLANG_WARN_ENUM_CONVERSION = YES;
				CLANG_WARN_INFINITE_RECURSION = YES;
				CLANG_WARN_INT_CONVERSION = YES;
				CLANG_WARN_NON_LITERAL_NULL_CONVERSION = YES;
				CLANG_WARN_OBJC_IMPLICIT_RETAIN_SELF = YES;
				CLANG_WARN_OBJC_LITERAL_CONVERSION = YES;
				CLANG_WARN_OBJC_ROOT_CLASS = YES_ERROR;
				CLANG_WARN_RANGE_LOOP_ANALYSIS = YES;
				CLANG_WARN_STRICT_PROTOTYPES = YES;
				CLANG_WARN_SUSPICIOUS_MOVE = YES;
				CLANG_WARN_UNGUARDED_AVAILABILITY = YES_AGGRESSIVE;
				CLANG_WARN_UNREACHABLE_CODE = YES;
				CLANG_WARN__DUPLICATE_METHOD_MATCH = YES;
				CODE_SIGN_IDENTITY = "Mac Developer";
				COPY_PHASE_STRIP = NO;
				DEBUG_INFORMATION_FORMAT = "dwarf-with-dsym";
				ENABLE_NS_ASSERTIONS = NO;
				ENABLE_STRICT_OBJC_MSGSEND = YES;
				GCC_C_LANGUAGE_STANDARD = gnu11;
				GCC_NO_COMMON_BLOCKS = YES;
				GCC_WARN_64_TO_32_BIT_CONVERSION = YES;
				GCC_WARN_ABOUT_RETURN_TYPE = YES_ERROR;
				GCC_WARN_UNDECLARED_SELECTOR = YES;
				GCC_WARN_UNINITIALIZED_AUTOS = YES_AGGRESSIVE;
				GCC_WARN_UNUSED_FUNCTION = YES;
				GCC_WARN_UNUSED_VARIABLE = YES;
				MACOSX_DEPLOYMENT_TARGET = 10.13;
				MTL_ENABLE_DEBUG_INFO = NO;
				OTHER_CPLUSPLUSFLAGS = (
					"$(OTHER_CFLAGS)",
					"-I$(PROJECT_DIR)/third-party-libs/glMath",
					"-I$(PROJECT_DIR)/third-party-libs/assimp/include",
					"-I$(PROJECT_DIR)/third-party-libs/GSL/include",
					"-I$(PROJECT_DIR)/third-party-libs/aTree",
					"-I$(PROJECT_DIR)/third-party-libs/glMath",
					"-I/usr/local/include",
					"-I$(PROJECT_DIR)/third-party-libs",
				);
				OTHER_LDFLAGS = (
					"-L/usr/local/Cellar/assimp/4.1.0/lib",
					"-lassimp",
				);
				SDKROOT = macosx;
				USER_HEADER_SEARCH_PATHS = "";
			};
			name = Release;
		};
		568FA87C2048A2E2005BD711 /* Debug */ = {
			isa = XCBuildConfiguration;
			buildSettings = {
				CLANG_ANALYZER_SECURITY_FLOATLOOPCOUNTER = YES;
				CLANG_ANALYZER_SECURITY_INSECUREAPI_RAND = YES;
				CLANG_ANALYZER_SECURITY_INSECUREAPI_STRCPY = YES;
				CODE_SIGN_STYLE = Automatic;
				DEVELOPMENT_TEAM = R78NEXF6E2;
				EXECUTABLE_PREFIX = lib;
				GCC_ENABLE_CPP_EXCEPTIONS = YES;
				GCC_ENABLE_CPP_RTTI = YES;
				GCC_OPTIMIZATION_LEVEL = 0;
				GCC_PREPROCESSOR_DEFINITIONS = (
					"mac_build=1",
					"DEBUG=1",
				);
				LIBRARY_SEARCH_PATHS = "";
				OTHER_CPLUSPLUSFLAGS = "$(inherited)";
				PRODUCT_NAME = "$(TARGET_NAME)";
			};
			name = Debug;
		};
		568FA87D2048A2E2005BD711 /* Release */ = {
			isa = XCBuildConfiguration;
			buildSettings = {
				CLANG_ANALYZER_SECURITY_FLOATLOOPCOUNTER = YES;
				CLANG_ANALYZER_SECURITY_INSECUREAPI_RAND = YES;
				CLANG_ANALYZER_SECURITY_INSECUREAPI_STRCPY = YES;
				CODE_SIGN_STYLE = Automatic;
				DEVELOPMENT_TEAM = R78NEXF6E2;
				EXECUTABLE_PREFIX = lib;
				GCC_ENABLE_CPP_EXCEPTIONS = YES;
				GCC_ENABLE_CPP_RTTI = YES;
				GCC_PREPROCESSOR_DEFINITIONS = "mac_build=1";
				LIBRARY_SEARCH_PATHS = "";
				OTHER_CPLUSPLUSFLAGS = "$(inherited)";
				PRODUCT_NAME = "$(TARGET_NAME)";
			};
			name = Release;
		};
/* End XCBuildConfiguration section */

/* Begin XCConfigurationList section */
		568FA86B2048A2E2005BD711 /* Build configuration list for PBXProject "ngin" */ = {
			isa = XCConfigurationList;
			buildConfigurations = (
				568FA8792048A2E2005BD711 /* Debug */,
				568FA87A2048A2E2005BD711 /* Release */,
			);
			defaultConfigurationIsVisible = 0;
			defaultConfigurationName = Release;
		};
		568FA87B2048A2E2005BD711 /* Build configuration list for PBXNativeTarget "ngin_mac" */ = {
			isa = XCConfigurationList;
			buildConfigurations = (
				568FA87C2048A2E2005BD711 /* Debug */,
				568FA87D2048A2E2005BD711 /* Release */,
			);
			defaultConfigurationIsVisible = 0;
			defaultConfigurationName = Release;
		};
/* End XCConfigurationList section */
	};
	rootObject = 568FA8682048A2E2005BD711 /* Project object */;
}
