// !$*UTF8*$!
{
	archiveVersion = 1;
	classes = {
	};
	objectVersion = 48;
	objects = {

/* Begin PBXBuildFile section */
		5626786C204ABCAA00A203F2 /* libglfw.3.2.dylib in Frameworks */ = {isa = PBXBuildFile; fileRef = 5626786A204ABCAA00A203F2 /* libglfw.3.2.dylib */; };
		56329ED4204ABC0600AF29CA /* main.cpp in Sources */ = {isa = PBXBuildFile; fileRef = 56329ED3204ABC0600AF29CA /* main.cpp */; };
		56329EE2204ABC1D00AF29CA /* libngin_mac.a in Frameworks */ = {isa = PBXBuildFile; fileRef = 56329EDC204ABC0C00AF29CA /* libngin_mac.a */; };
		5640FED0204AE52D00512938 /* OpenGL.framework in Frameworks */ = {isa = PBXBuildFile; fileRef = 5640FECE204AE52D00512938 /* OpenGL.framework */; };
		56D39929206AFB2A00E71A59 /* controlls.cpp in Sources */ = {isa = PBXBuildFile; fileRef = 56D39927206AFB2A00E71A59 /* controlls.cpp */; };
		56D3992C206B014700E71A59 /* utils.cpp in Sources */ = {isa = PBXBuildFile; fileRef = 56D3992A206B014700E71A59 /* utils.cpp */; };
/* End PBXBuildFile section */

/* Begin PBXContainerItemProxy section */
		560313EF207FA8EE00C37C68 /* PBXContainerItemProxy */ = {
			isa = PBXContainerItemProxy;
			containerPortal = 56329ED5204ABC0C00AF29CA /* ngin.xcodeproj */;
			proxyType = 2;
			remoteGlobalIDString = 56D29AC8207B8DED0080CB3B;
			remoteInfo = ngin_ios_x86_64;
		};
		56329EDB204ABC0C00AF29CA /* PBXContainerItemProxy */ = {
			isa = PBXContainerItemProxy;
			containerPortal = 56329ED5204ABC0C00AF29CA /* ngin.xcodeproj */;
			proxyType = 2;
			remoteGlobalIDString = 568FA8702048A2E2005BD711;
			remoteInfo = ngin_mac;
		};
		56329EDD204ABC0C00AF29CA /* PBXContainerItemProxy */ = {
			isa = PBXContainerItemProxy;
			containerPortal = 56329ED5204ABC0C00AF29CA /* ngin.xcodeproj */;
			proxyType = 2;
			remoteGlobalIDString = 568A18A22049846C0017B5CF;
			remoteInfo = ngin_ios;
		};
		56329EDF204ABC1800AF29CA /* PBXContainerItemProxy */ = {
			isa = PBXContainerItemProxy;
			containerPortal = 56329ED5204ABC0C00AF29CA /* ngin.xcodeproj */;
			proxyType = 1;
			remoteGlobalIDString = 568FA86F2048A2E2005BD711;
			remoteInfo = ngin_mac;
		};
/* End PBXContainerItemProxy section */

/* Begin PBXCopyFilesBuildPhase section */
		56329EC7204ABBEA00AF29CA /* CopyFiles */ = {
			isa = PBXCopyFilesBuildPhase;
			buildActionMask = 2147483647;
			dstPath = /usr/share/man/man1/;
			dstSubfolderSpec = 0;
			files = (
			);
			runOnlyForDeploymentPostprocessing = 1;
		};
/* End PBXCopyFilesBuildPhase section */

/* Begin PBXFileReference section */
		5626786A204ABCAA00A203F2 /* libglfw.3.2.dylib */ = {isa = PBXFileReference; lastKnownFileType = "compiled.mach-o.dylib"; name = libglfw.3.2.dylib; path = ../../../../../../usr/local/Cellar/glfw/3.2.1/lib/libglfw.3.2.dylib; sourceTree = "<group>"; };
		56329EC9204ABBEA00AF29CA /* ngin_mac */ = {isa = PBXFileReference; explicitFileType = "compiled.mach-o.executable"; includeInIndex = 0; path = ngin_mac; sourceTree = BUILT_PRODUCTS_DIR; };
		56329ED3204ABC0600AF29CA /* main.cpp */ = {isa = PBXFileReference; fileEncoding = 4; lastKnownFileType = sourcecode.cpp.cpp; path = main.cpp; sourceTree = "<group>"; };
		56329ED5204ABC0C00AF29CA /* ngin.xcodeproj */ = {isa = PBXFileReference; lastKnownFileType = "wrapper.pb-project"; name = ngin.xcodeproj; path = ../../ngin.xcodeproj; sourceTree = "<group>"; };
		5640FECE204AE52D00512938 /* OpenGL.framework */ = {isa = PBXFileReference; lastKnownFileType = wrapper.framework; name = OpenGL.framework; path = System/Library/Frameworks/OpenGL.framework; sourceTree = SDKROOT; };
		56D39927206AFB2A00E71A59 /* controlls.cpp */ = {isa = PBXFileReference; lastKnownFileType = sourcecode.cpp.cpp; path = controlls.cpp; sourceTree = "<group>"; };
		56D39928206AFB2A00E71A59 /* controlls.hpp */ = {isa = PBXFileReference; lastKnownFileType = sourcecode.cpp.h; path = controlls.hpp; sourceTree = "<group>"; };
		56D3992A206B014700E71A59 /* utils.cpp */ = {isa = PBXFileReference; lastKnownFileType = sourcecode.cpp.cpp; path = utils.cpp; sourceTree = "<group>"; };
		56D3992B206B014700E71A59 /* utils.hpp */ = {isa = PBXFileReference; lastKnownFileType = sourcecode.cpp.h; path = utils.hpp; sourceTree = "<group>"; };
/* End PBXFileReference section */

/* Begin PBXFrameworksBuildPhase section */
		56329EC6204ABBEA00AF29CA /* Frameworks */ = {
			isa = PBXFrameworksBuildPhase;
			buildActionMask = 2147483647;
			files = (
				5640FED0204AE52D00512938 /* OpenGL.framework in Frameworks */,
				5626786C204ABCAA00A203F2 /* libglfw.3.2.dylib in Frameworks */,
				56329EE2204ABC1D00AF29CA /* libngin_mac.a in Frameworks */,
			);
			runOnlyForDeploymentPostprocessing = 0;
		};
/* End PBXFrameworksBuildPhase section */

/* Begin PBXGroup section */
		56329EC0204ABBEA00AF29CA = {
			isa = PBXGroup;
			children = (
				56329ED5204ABC0C00AF29CA /* ngin.xcodeproj */,
				56329ED3204ABC0600AF29CA /* main.cpp */,
				56D3992A206B014700E71A59 /* utils.cpp */,
				56D3992B206B014700E71A59 /* utils.hpp */,
				56D39927206AFB2A00E71A59 /* controlls.cpp */,
				56D39928206AFB2A00E71A59 /* controlls.hpp */,
				56329ECA204ABBEA00AF29CA /* Products */,
				56329EE1204ABC1D00AF29CA /* Frameworks */,
			);
			sourceTree = "<group>";
		};
		56329ECA204ABBEA00AF29CA /* Products */ = {
			isa = PBXGroup;
			children = (
				56329EC9204ABBEA00AF29CA /* ngin_mac */,
			);
			name = Products;
			sourceTree = "<group>";
		};
		56329ED6204ABC0C00AF29CA /* Products */ = {
			isa = PBXGroup;
			children = (
				56329EDC204ABC0C00AF29CA /* libngin_mac.a */,
				56329EDE204ABC0C00AF29CA /* libngin_ios_arm64.a */,
				560313F0207FA8EE00C37C68 /* libngin_ios_x86_64.a */,
			);
			name = Products;
			sourceTree = "<group>";
		};
		56329EE1204ABC1D00AF29CA /* Frameworks */ = {
			isa = PBXGroup;
			children = (
				5640FECE204AE52D00512938 /* OpenGL.framework */,
				5626786A204ABCAA00A203F2 /* libglfw.3.2.dylib */,
			);
			name = Frameworks;
			sourceTree = "<group>";
		};
/* End PBXGroup section */

/* Begin PBXNativeTarget section */
		56329EC8204ABBEA00AF29CA /* ngin_mac */ = {
			isa = PBXNativeTarget;
			buildConfigurationList = 56329ED0204ABBEA00AF29CA /* Build configuration list for PBXNativeTarget "ngin_mac" */;
			buildPhases = (
				56329EC5204ABBEA00AF29CA /* Sources */,
				56329EC6204ABBEA00AF29CA /* Frameworks */,
				56329EC7204ABBEA00AF29CA /* CopyFiles */,
			);
			buildRules = (
			);
			dependencies = (
				56329EE0204ABC1800AF29CA /* PBXTargetDependency */,
			);
			name = ngin_mac;
			productName = ngin_mac;
			productReference = 56329EC9204ABBEA00AF29CA /* ngin_mac */;
			productType = "com.apple.product-type.tool";
		};
/* End PBXNativeTarget section */

/* Begin PBXProject section */
		56329EC1204ABBEA00AF29CA /* Project object */ = {
			isa = PBXProject;
			attributes = {
				LastUpgradeCheck = 0920;
				ORGANIZATIONNAME = "Mateusz Stompór";
				TargetAttributes = {
					56329EC8204ABBEA00AF29CA = {
						CreatedOnToolsVersion = 9.2;
						ProvisioningStyle = Automatic;
					};
				};
			};
			buildConfigurationList = 56329EC4204ABBEA00AF29CA /* Build configuration list for PBXProject "ngin_mac" */;
			compatibilityVersion = "Xcode 8.0";
			developmentRegion = en;
			hasScannedForEncodings = 0;
			knownRegions = (
				en,
			);
			mainGroup = 56329EC0204ABBEA00AF29CA;
			productRefGroup = 56329ECA204ABBEA00AF29CA /* Products */;
			projectDirPath = "";
			projectReferences = (
				{
					ProductGroup = 56329ED6204ABC0C00AF29CA /* Products */;
					ProjectRef = 56329ED5204ABC0C00AF29CA /* ngin.xcodeproj */;
				},
			);
			projectRoot = "";
			targets = (
				56329EC8204ABBEA00AF29CA /* ngin_mac */,
			);
		};
/* End PBXProject section */

/* Begin PBXReferenceProxy section */
		560313F0207FA8EE00C37C68 /* libngin_ios_x86_64.a */ = {
			isa = PBXReferenceProxy;
			fileType = archive.ar;
			path = libngin_ios_x86_64.a;
			remoteRef = 560313EF207FA8EE00C37C68 /* PBXContainerItemProxy */;
			sourceTree = BUILT_PRODUCTS_DIR;
		};
		56329EDC204ABC0C00AF29CA /* libngin_mac.a */ = {
			isa = PBXReferenceProxy;
			fileType = archive.ar;
			path = libngin_mac.a;
			remoteRef = 56329EDB204ABC0C00AF29CA /* PBXContainerItemProxy */;
			sourceTree = BUILT_PRODUCTS_DIR;
		};
		56329EDE204ABC0C00AF29CA /* libngin_ios_arm64.a */ = {
			isa = PBXReferenceProxy;
			fileType = archive.ar;
			path = libngin_ios_arm64.a;
			remoteRef = 56329EDD204ABC0C00AF29CA /* PBXContainerItemProxy */;
			sourceTree = BUILT_PRODUCTS_DIR;
		};
/* End PBXReferenceProxy section */

/* Begin PBXSourcesBuildPhase section */
		56329EC5204ABBEA00AF29CA /* Sources */ = {
			isa = PBXSourcesBuildPhase;
			buildActionMask = 2147483647;
			files = (
				56D3992C206B014700E71A59 /* utils.cpp in Sources */,
				56D39929206AFB2A00E71A59 /* controlls.cpp in Sources */,
				56329ED4204ABC0600AF29CA /* main.cpp in Sources */,
			);
			runOnlyForDeploymentPostprocessing = 0;
		};
/* End PBXSourcesBuildPhase section */

/* Begin PBXTargetDependency section */
		56329EE0204ABC1800AF29CA /* PBXTargetDependency */ = {
			isa = PBXTargetDependency;
			name = ngin_mac;
			targetProxy = 56329EDF204ABC1800AF29CA /* PBXContainerItemProxy */;
		};
/* End PBXTargetDependency section */

/* Begin XCBuildConfiguration section */
		56329ECE204ABBEA00AF29CA /* Debug */ = {
			isa = XCBuildConfiguration;
			buildSettings = {
				ALWAYS_SEARCH_USER_PATHS = NO;
				CLANG_ANALYZER_NONNULL = YES;
				CLANG_ANALYZER_NUMBER_OBJECT_CONVERSION = YES_AGGRESSIVE;
				CLANG_CXX_LANGUAGE_STANDARD = "c++17";
				CLANG_CXX_LIBRARY = "libc++";
				CLANG_ENABLE_MODULES = YES;
				CLANG_ENABLE_OBJC_ARC = YES;
				CLANG_WARN_BLOCK_CAPTURE_AUTORELEASING = YES;
				CLANG_WARN_BOOL_CONVERSION = YES;
				CLANG_WARN_COMMA = YES;
				CLANG_WARN_CONSTANT_CONVERSION = YES;
				CLANG_WARN_DIRECT_OBJC_ISA_USAGE = YES_ERROR;
				CLANG_WARN_DOCUMENTATION_COMMENTS = YES;
				CLANG_WARN_EMPTY_BODY = YES;
				CLANG_WARN_ENUM_CONVERSION = YES;
				CLANG_WARN_INFINITE_RECURSION = YES;
				CLANG_WARN_INT_CONVERSION = YES;
				CLANG_WARN_NON_LITERAL_NULL_CONVERSION = YES;
				CLANG_WARN_OBJC_LITERAL_CONVERSION = YES;
				CLANG_WARN_OBJC_ROOT_CLASS = YES_ERROR;
				CLANG_WARN_RANGE_LOOP_ANALYSIS = YES;
				CLANG_WARN_STRICT_PROTOTYPES = YES;
				CLANG_WARN_SUSPICIOUS_MOVE = YES;
				CLANG_WARN_UNGUARDED_AVAILABILITY = YES_AGGRESSIVE;
				CLANG_WARN_UNREACHABLE_CODE = YES;
				CLANG_WARN__DUPLICATE_METHOD_MATCH = YES;
				CODE_SIGN_IDENTITY = "Mac Developer";
				COPY_PHASE_STRIP = NO;
				DEBUG_INFORMATION_FORMAT = dwarf;
				ENABLE_STRICT_OBJC_MSGSEND = YES;
				ENABLE_TESTABILITY = YES;
				GCC_C_LANGUAGE_STANDARD = gnu11;
				GCC_DYNAMIC_NO_PIC = NO;
				GCC_NO_COMMON_BLOCKS = YES;
				GCC_OPTIMIZATION_LEVEL = 0;
				GCC_PREPROCESSOR_DEFINITIONS = (
					"DEBUG=1",
					"$(inherited)",
				);
				GCC_WARN_64_TO_32_BIT_CONVERSION = YES;
				GCC_WARN_ABOUT_RETURN_TYPE = YES_ERROR;
				GCC_WARN_UNDECLARED_SELECTOR = YES;
				GCC_WARN_UNINITIALIZED_AUTOS = YES_AGGRESSIVE;
				GCC_WARN_UNUSED_FUNCTION = YES;
				GCC_WARN_UNUSED_VARIABLE = YES;
				MACOSX_DEPLOYMENT_TARGET = 10.13;
				MTL_ENABLE_DEBUG_INFO = YES;
				ONLY_ACTIVE_ARCH = YES;
				SDKROOT = macosx;
			};
			name = Debug;
		};
		56329ECF204ABBEA00AF29CA /* Release */ = {
			isa = XCBuildConfiguration;
			buildSettings = {
				ALWAYS_SEARCH_USER_PATHS = NO;
				CLANG_ANALYZER_NONNULL = YES;
				CLANG_ANALYZER_NUMBER_OBJECT_CONVERSION = YES_AGGRESSIVE;
				CLANG_CXX_LANGUAGE_STANDARD = "c++17";
				CLANG_CXX_LIBRARY = "libc++";
				CLANG_ENABLE_MODULES = YES;
				CLANG_ENABLE_OBJC_ARC = YES;
				CLANG_WARN_BLOCK_CAPTURE_AUTORELEASING = YES;
				CLANG_WARN_BOOL_CONVERSION = YES;
				CLANG_WARN_COMMA = YES;
				CLANG_WARN_CONSTANT_CONVERSION = YES;
				CLANG_WARN_DIRECT_OBJC_ISA_USAGE = YES_ERROR;
				CLANG_WARN_DOCUMENTATION_COMMENTS = YES;
				CLANG_WARN_EMPTY_BODY = YES;
				CLANG_WARN_ENUM_CONVERSION = YES;
				CLANG_WARN_INFINITE_RECURSION = YES;
				CLANG_WARN_INT_CONVERSION = YES;
				CLANG_WARN_NON_LITERAL_NULL_CONVERSION = YES;
				CLANG_WARN_OBJC_LITERAL_CONVERSION = YES;
				CLANG_WARN_OBJC_ROOT_CLASS = YES_ERROR;
				CLANG_WARN_RANGE_LOOP_ANALYSIS = YES;
				CLANG_WARN_STRICT_PROTOTYPES = YES;
				CLANG_WARN_SUSPICIOUS_MOVE = YES;
				CLANG_WARN_UNGUARDED_AVAILABILITY = YES_AGGRESSIVE;
				CLANG_WARN_UNREACHABLE_CODE = YES;
				CLANG_WARN__DUPLICATE_METHOD_MATCH = YES;
				CODE_SIGN_IDENTITY = "Mac Developer";
				COPY_PHASE_STRIP = NO;
				DEBUG_INFORMATION_FORMAT = "dwarf-with-dsym";
				ENABLE_NS_ASSERTIONS = NO;
				ENABLE_STRICT_OBJC_MSGSEND = YES;
				GCC_C_LANGUAGE_STANDARD = gnu11;
				GCC_NO_COMMON_BLOCKS = YES;
				GCC_WARN_64_TO_32_BIT_CONVERSION = YES;
				GCC_WARN_ABOUT_RETURN_TYPE = YES_ERROR;
				GCC_WARN_UNDECLARED_SELECTOR = YES;
				GCC_WARN_UNINITIALIZED_AUTOS = YES_AGGRESSIVE;
				GCC_WARN_UNUSED_FUNCTION = YES;
				GCC_WARN_UNUSED_VARIABLE = YES;
				MACOSX_DEPLOYMENT_TARGET = 10.13;
				MTL_ENABLE_DEBUG_INFO = NO;
				SDKROOT = macosx;
			};
			name = Release;
		};
		56329ED1204ABBEA00AF29CA /* Debug */ = {
			isa = XCBuildConfiguration;
			buildSettings = {
				CLANG_CXX_LANGUAGE_STANDARD = "c++17";
				CODE_SIGN_STYLE = Automatic;
				DEVELOPMENT_TEAM = R78NEXF6E2;
				GCC_OPTIMIZATION_LEVEL = 3;
				HEADER_SEARCH_PATHS = /usr/local/Cellar/glfw/3.2.1/include;
				LIBRARY_SEARCH_PATHS = (
					"$(inherited)",
					/usr/local/Cellar/glfw/3.2.1/lib,
				);
				OTHER_CPLUSPLUSFLAGS = (
					"$(OTHER_CFLAGS)",
					"-I/usr/local/Cellar/assimp/4.1.0/include\n",
				);
				OTHER_LDFLAGS = (
					"-L/usr/local/Cellar/assimp/4.1.0/lib",
					"-lassimp",
				);
				PRODUCT_NAME = "$(TARGET_NAME)";
			};
			name = Debug;
		};
		56329ED2204ABBEA00AF29CA /* Release */ = {
			isa = XCBuildConfiguration;
			buildSettings = {
				CLANG_CXX_LANGUAGE_STANDARD = "c++17";
				CODE_SIGN_STYLE = Automatic;
				DEVELOPMENT_TEAM = R78NEXF6E2;
				HEADER_SEARCH_PATHS = /usr/local/Cellar/glfw/3.2.1/include;
				LIBRARY_SEARCH_PATHS = (
					"$(inherited)",
					/usr/local/Cellar/glfw/3.2.1/lib,
				);
				OTHER_CPLUSPLUSFLAGS = (
					"$(OTHER_CFLAGS)",
					"-I/usr/local/Cellar/assimp/4.1.0/include\n",
				);
				OTHER_LDFLAGS = (
					"-L/usr/local/Cellar/assimp/4.1.0/lib",
					"-lassimp",
				);
				PRODUCT_NAME = "$(TARGET_NAME)";
			};
			name = Release;
		};
/* End XCBuildConfiguration section */

/* Begin XCConfigurationList section */
		56329EC4204ABBEA00AF29CA /* Build configuration list for PBXProject "ngin_mac" */ = {
			isa = XCConfigurationList;
			buildConfigurations = (
				56329ECE204ABBEA00AF29CA /* Debug */,
				56329ECF204ABBEA00AF29CA /* Release */,
			);
			defaultConfigurationIsVisible = 0;
			defaultConfigurationName = Release;
		};
		56329ED0204ABBEA00AF29CA /* Build configuration list for PBXNativeTarget "ngin_mac" */ = {
			isa = XCConfigurationList;
			buildConfigurations = (
				56329ED1204ABBEA00AF29CA /* Debug */,
				56329ED2204ABBEA00AF29CA /* Release */,
			);
			defaultConfigurationIsVisible = 0;
			defaultConfigurationName = Release;
		};
/* End XCConfigurationList section */
	};
	rootObject = 56329EC1204ABBEA00AF29CA /* Project object */;
}
